{
  "version": 4,
  "terraform_version": "1.8.5",
  "serial": 152,
  "lineage": "65570001-15e3-dfbf-2fd1-635eb3e0bafe",
  "outputs": {},
  "resources": [
    {
      "mode": "data",
      "type": "aws_caller_identity",
      "name": "this",
      "provider": "provider[\"registry.terraform.io/hashicorp/aws\"]",
      "instances": [
        {
          "schema_version": 0,
          "attributes": {
            "account_id": "845524701534",
            "arn": "arn:aws:sts::845524701534:assumed-role/admin/oyanli-Isengard",
            "id": "845524701534",
            "user_id": "AROA4JXJTCFPOY4JRI553:oyanli-Isengard"
          },
          "sensitive_attributes": []
        }
      ]
    },
    {
      "mode": "data",
      "type": "aws_ecr_authorization_token",
      "name": "token",
      "provider": "provider[\"registry.terraform.io/hashicorp/aws\"]",
      "instances": [
        {
          "schema_version": 0,
          "attributes": {
            "authorization_token": "QVdTOmV5SndZWGxzYjJGa0lqb2lNVkFySzJsNFFsaDVhbnBGV2preVNYbExWbTkwTm1OMWVrSXdObmxUVTJrelNUSlBXbGhTWXpWMWRYbFljV1FyWm10emREVkZZM1l3Tm5NdlYweE1VbTh3U0hKbFQwOWFhR0o1YzNvNUwyTjNabmxUUVdrd05uRkdMMHgzTVdOYVprTjJXRVowV1VwaVNETnJNSFpQV1ZkeVYydGxZMmhEU2xoeVQyaE9aekI0U0RVeFF6UlRNMDQyZURaSVYzaHVhMHBJU0dkd1FrcENNa1JGTTBzMFZIWTFaRTlLZWxodFJtWnVNWGs1WkRaNmMzUk5hMEZFVkdadWIwTkxlamxLU0M5dldsZE9MMUYxUjNaWVUxTm1kVXBDT1RaM2IzbHlabkJaVEZaVlJFeExWMHRuVkhKWFpsTk5OemRUUm1WTGJYRlpXa2t5ZVdFclNXMTJNV294V1hsRlVsVTFLM1Y0T0haU09FYzFkME16ZDJSR09UWjVXV1phYW5CMmRDOXhaVUY1ZEd4Q1kzSlBRWGhZUTNoTk0zaE1LMFZQTlRKbVVuWm5kblJIYUdJMFlpdHdlbFZHUTFSbWQwOVlRVkY0VjA1U09FZ3hZbGhEVDNGME16RkpSelZqV20wNVVsWm1LMlJIV2xsaGVFeEpTRTV3Vm0xTE5XbENkakI0YWtseFNGQk9kR1p5TTFCbmFETlVWRWt6YWtrM1JHTlliWFJDUjFGek5UVTFVSEJ2TWt0SlFYTnVLME56VEdsNFZVNWpiVXhTYmt3eE9IQTRWbEJYYVc5aU9EUnZPVEE1TlVKRlZYWnhRbXhTU1VwWVMwUTBiVTk0V2tSNlIxaHhTR2hqTXl0WmQxcGlUSHAzTUVkR1FUZDZWelJLT1daRmQzbGtORWw1ZFdoWVdrZFVUMVZCWkhCdmJsZ3laMGhqZURaWGVrMXlZbVJJWm5kTllXeHhWbVoyVWt4blpWWmFTVE16VVZoclltcHBPVTVHZGpFdmNXTmhVVmxVWVd4elEzcGtiR1F3UlhOWlYxSk1SbU5vVm1GemVVSnpTbGxvUkRsNk5ubDROWHBMUjFZemVtZGFXVlZZVlhwUFdWcDFNSFY1VGxaSllXRXhMM0poYzNCeE9FSnRaR2RRYm1SVE5qQmtTREVyWlhWeVNsSmhaMkl4VlVsdFpVMDVkMjkzYVVSMk5IbFFaVU5EU2s5RmFXSm1NbWd5VmtGd1VVVldOVWd5ZUc1d1FURjRhSE4wYjA5NWN6UnJNa2RVVFM5aVpISXJlV0pYT0hWeFpFUk5NbUpHU21WYVNFNTJNakprZFhoRk5rZDJWV0VyZWxaMk4yMWhTRTlRYm5ScmJtVlhWVlo1SzBSTE5uQTFXSEpLWm5sdllXSnNiRXBhTkROTk1VeExZeXRJUlhoeU4wcEtTMnBLVlZNNU1GazVOWE0yYzBaVkt5OVlWbmRVZW1SNFNFbEpSRkZoYWpoblZuRnJaVVpRY2xSck4zQjJZWEZSVGpkMVNERTNNbVo1Y1hRM2FsY3hlR1ZyTm5wWmJURmpURWQ1THpFeE4yRnBSRVpxVGtoUE9HTkhVMlZXU1ZwQ1oyUkRTR2QyVjNOVWFrdDZkakJ2YlVRMFMwaGxlbFpGY1U1eVpWZFVTRTV4TjNwUFVtdGFWMjQzZEdjeFJ6RnNZbXhwU1RWRU1ta3dkbXR4VVhKWU1qSkZhVWhSU1VsMk9VdDVjeTg1UTBocldVSmFVMHBaZHpKRlJtRlZTaXN4YUVWR00zRTVkblV4TkVsbmJqWTBVRU52UTA5VVUzVlplVU01YjBOalJFWnZhWFZXYWpCcFRtTlZTbTFrTURWQ2FUSmpNMlJuVlZWR1RXaFFiMUI0ZVVwR1oySmFiR3BqZDNKS1prVk9XWEJrZUdkSmJrWjJRMDUwU1RCdFRGUk9TV1JoZVRWQlluQkNXRUVyWWxKRVNFY3hheXMxVEVOMlZucHNVazVMYmpKRWJsVktTRW95V2tGNk1Ua3piV3h6TmxSSFdWbzFiVlZtUW1ablJHMUVaM00zUTFWTlNYVjVSMmMwZVdOM1dqSlVjMlE1S3pKcmEwOXNlaTh2WkdVemNVTnVjM1pVWVhCTlJqWXhRMEZ6UW1KdlVIbGtXa1JzTURVd056TlNWa3RrZW10bFVqaHdkVW92U0cxSlIzQnBlSE5IY1U5WGEweDVkMkpvVDA5SFRteHRha1JhVWtkUldteFhXRVJrYTFsaGNWUnlRM2t2ZDB0dlZDOVRNMnh1TnpGRVJXdDNiRTVhTVdGM04xSTBiWGM5UFNJc0ltUmhkR0ZyWlhraU9pSkJVVVZDUVVob2QyMHdXV0ZKVTBwbFVuUktiVFZ1TVVjMmRYRmxaV3RZZFc5WVdGQmxOVlZHWTJVNVVuRTRMekUwZDBGQlFVZzBkMlpCV1VwTGIxcEphSFpqVGtGUlkwZHZSemgzWWxGSlFrRkVRbTlDWjJ0eGFHdHBSemwzTUVKQ2QwVjNTR2RaU2xsSldrbEJWMVZFUWtGRmRVMUNSVVZFVURreVNUSkNlWGg1UkZjelFqWnJjV2RKUWtWSlFUYzNPSGRrWWk4MlprOTNWSEF4V0VRclNUWmhOMjl6UldOMVoxbEJhbkJYZFdOWFJYaFJObFphWmxWMmRFcDBZMXA2YW5jNWFYRnViUzl6ZG5BelRucFZPSEpPV0cxU09FNXVVV2RsYjBGalBTSXNJblpsY25OcGIyNGlPaUl5SWl3aWRIbHdaU0k2SWtSQlZFRmZTMFZaSWl3aVpYaHdhWEpoZEdsdmJpSTZNVGN5TURVek9UZ3lPSDA9",
            "expires_at": "2024-07-09T15:43:48Z",
            "id": "us-east-1",
            "password": "eyJwYXlsb2FkIjoiMVArK2l4Qlh5anpFWjkySXlLVm90NmN1ekIwNnlTU2kzSTJPWlhSYzV1dXlYcWQrZmtzdDVFY3YwNnMvV0xMUm8wSHJlT09aaGJ5c3o5L2N3ZnlTQWkwNnFGL0x3MWNaZkN2WEZ0WUpiSDNrMHZPWVdyV2tlY2hDSlhyT2hOZzB4SDUxQzRTM042eDZIV3hua0pISGdwQkpCMkRFM0s0VHY1ZE9KelhtRmZuMXk5ZDZ6c3RNa0FEVGZub0NLejlKSC9vWldOL1F1R3ZYU1NmdUpCOTZ3b3lyZnBZTFZVRExLV0tnVHJXZlNNNzdTRmVLbXFZWkkyeWErSW12MWoxWXlFUlU1K3V4OHZSOEc1d0Mzd2RGOTZ5WWZaanB2dC9xZUF5dGxCY3JPQXhYQ3hNM3hMK0VPNTJmUnZndnRHaGI0YitwelVGQ1Rmd09YQVF4V05SOEgxYlhDT3F0MzFJRzVjWm05UlZmK2RHWllheExJSE5wVm1LNWlCdjB4aklxSFBOdGZyM1BnaDNUVEkzakk3RGNYbXRCR1FzNTU1UHBvMktJQXNuK0NzTGl4VU5jbUxSbkwxOHA4VlBXaW9iODRvOTA5NUJFVXZxQmxSSUpYS0Q0bU94WkR6R1hxSGhjMytZd1piTHp3MEdGQTd6VzRKOWZFd3lkNEl5dWhYWkdUT1VBZHBvblgyZ0hjeDZXek1yYmRIZndNYWxxVmZ2UkxnZVZaSTMzUVhrYmppOU5GdjEvcWNhUVlUYWxzQ3pkbGQwRXNZV1JMRmNoVmFzeUJzSlloRDl6Nnl4NXpLR1YzemdaWVVYVXpPWVp1MHV5TlZJYWExL3Jhc3BxOEJtZGdQbmRTNjBkSDErZXVySlJhZ2IxVUltZU05d293aUR2NHlQZUNDSk9FaWJmMmgyVkFwUUVWNUgyeG5wQTF4aHN0b095czRrMkdUTS9iZHIreWJXOHVxZERNMmJGSmVaSE52MjJkdXhFNkd2VWErelZ2N21hSE9QbnRrbmVXVVZ5K0RLNnA1WHJKZnlvYWJsbEpaNDNNMUxLYytIRXhyN0pKS2pKVVM5MFk5NXM2c0ZVKy9YVndUemR4SElJRFFhajhnVnFrZUZQclRrN3B2YXFRTjd1SDE3MmZ5cXQ3alcxeGVrNnpZbTFjTEd5LzExN2FpREZqTkhPOGNHU2VWSVpCZ2RDSGd2V3NUakt6djBvbUQ0S0hlelZFcU5yZVdUSE5xN3pPUmtaV243dGcxRzFsYmxpSTVEMmkwdmtxUXJYMjJFaUhRSUl2OUt5cy85Q0hrWUJaU0pZdzJFRmFVSisxaEVGM3E5dnUxNElnbjY0UENvQ09UU3VZeUM5b0NjREZvaXVWajBpTmNVSm1kMDVCaTJjM2RnVVVGTWhQb1B4eUpGZ2JabGpjd3JKZkVOWXBkeGdJbkZ2Q050STBtTFROSWRheTVBYnBCWEErYlJESEcxays1TEN2VnpsUk5LbjJEblVKSEoyWkF6MTkzbWxzNlRHWVo1bVVmQmZnRG1EZ3M3Q1VNSXV5R2c0eWN3WjJUc2Q5KzJra09sei8vZGUzcUNuc3ZUYXBNRjYxQ0FzQmJvUHlkWkRsMDUwNzNSVktkemtlUjhwdUovSG1JR3BpeHNHcU9Xa0x5d2JoT09HTmxtakRaUkdRWmxXWERka1lhcVRyQ3kvd0tvVC9TM2xuNzFERWt3bE5aMWF3N1I0bXc9PSIsImRhdGFrZXkiOiJBUUVCQUhod20wWWFJU0plUnRKbTVuMUc2dXFlZWtYdW9YWFBlNVVGY2U5UnE4LzE0d0FBQUg0d2ZBWUpLb1pJaHZjTkFRY0dvRzh3YlFJQkFEQm9CZ2txaGtpRzl3MEJCd0V3SGdZSllJWklBV1VEQkFFdU1CRUVEUDkySTJCeXh5RFczQjZrcWdJQkVJQTc3OHdkYi82Zk93VHAxWEQrSTZhN29zRWN1Z1lBanBXdWNXRXhRNlZaZlV2dEp0Y1p6anc5aXFubS9zdnAzTnpVOHJOWG1SOE5uUWdlb0FjPSIsInZlcnNpb24iOiIyIiwidHlwZSI6IkRBVEFfS0VZIiwiZXhwaXJhdGlvbiI6MTcyMDUzOTgyOH0=",
            "proxy_endpoint": "https://845524701534.dkr.ecr.us-east-1.amazonaws.com",
            "registry_id": null,
            "user_name": "AWS"
          },
          "sensitive_attributes": [
            [
              {
                "type": "get_attr",
                "value": "authorization_token"
              }
            ],
            [
              {
                "type": "get_attr",
                "value": "password"
              }
            ]
          ]
        }
      ]
    },
    {
      "mode": "data",
      "type": "aws_iam_policy_document",
      "name": "assume_role",
      "provider": "provider[\"registry.terraform.io/hashicorp/aws\"]",
      "instances": [
        {
          "schema_version": 0,
          "attributes": {
            "id": "2690255455",
            "json": "{\n  \"Version\": \"2012-10-17\",\n  \"Statement\": [\n    {\n      \"Effect\": \"Allow\",\n      \"Action\": \"sts:AssumeRole\",\n      \"Principal\": {\n        \"Service\": \"lambda.amazonaws.com\"\n      }\n    }\n  ]\n}",
            "minified_json": "{\"Version\":\"2012-10-17\",\"Statement\":[{\"Effect\":\"Allow\",\"Action\":\"sts:AssumeRole\",\"Principal\":{\"Service\":\"lambda.amazonaws.com\"}}]}",
            "override_json": null,
            "override_policy_documents": null,
            "policy_id": null,
            "source_json": null,
            "source_policy_documents": null,
            "statement": [
              {
                "actions": [
                  "sts:AssumeRole"
                ],
                "condition": [],
                "effect": "Allow",
                "not_actions": [],
                "not_principals": [],
                "not_resources": [],
                "principals": [
                  {
                    "identifiers": [
                      "lambda.amazonaws.com"
                    ],
                    "type": "Service"
                  }
                ],
                "resources": [],
                "sid": ""
              }
            ],
            "version": "2012-10-17"
          },
          "sensitive_attributes": []
        }
      ]
    },
    {
      "mode": "data",
      "type": "aws_iam_policy_document",
      "name": "online_processor_policy_doc",
      "provider": "provider[\"registry.terraform.io/hashicorp/aws\"]",
      "instances": [
        {
          "schema_version": 0,
          "attributes": {
            "id": "3449761933",
            "json": "{\n  \"Version\": \"2012-10-17\",\n  \"Statement\": [\n    {\n      \"Effect\": \"Allow\",\n      \"Action\": [\n        \"s3:Put*\",\n        \"s3:List*\",\n        \"s3:Get*\",\n        \"ec2:DescribeNetworkInterfaces\",\n        \"ec2:DeleteNetworkInterface\",\n        \"ec2:CreateNetworkInterface\",\n        \"dynamodb:*\",\n        \"bedrock:*\"\n      ],\n      \"Resource\": \"*\"\n    },\n    {\n      \"Effect\": \"Allow\",\n      \"Action\": [\n        \"s3:PutObject\",\n        \"s3:GetObject\",\n        \"s3:DeleteObject\"\n      ],\n      \"Resource\": \"arn:aws:s3:::docupload-845524701534-upright-dinosaur/*\"\n    },\n    {\n      \"Effect\": \"Allow\",\n      \"Action\": [\n        \"logs:PutLogEvents\",\n        \"logs:CreateLogStream\",\n        \"logs:CreateLogGroup\"\n      ],\n      \"Resource\": \"arn:aws:logs:*:*:*\"\n    }\n  ]\n}",
            "minified_json": "{\"Version\":\"2012-10-17\",\"Statement\":[{\"Effect\":\"Allow\",\"Action\":[\"s3:Put*\",\"s3:List*\",\"s3:Get*\",\"ec2:DescribeNetworkInterfaces\",\"ec2:DeleteNetworkInterface\",\"ec2:CreateNetworkInterface\",\"dynamodb:*\",\"bedrock:*\"],\"Resource\":\"*\"},{\"Effect\":\"Allow\",\"Action\":[\"s3:PutObject\",\"s3:GetObject\",\"s3:DeleteObject\"],\"Resource\":\"arn:aws:s3:::docupload-845524701534-upright-dinosaur/*\"},{\"Effect\":\"Allow\",\"Action\":[\"logs:PutLogEvents\",\"logs:CreateLogStream\",\"logs:CreateLogGroup\"],\"Resource\":\"arn:aws:logs:*:*:*\"}]}",
            "override_json": null,
            "override_policy_documents": null,
            "policy_id": null,
            "source_json": null,
            "source_policy_documents": null,
            "statement": [
              {
                "actions": [
                  "bedrock:*",
                  "dynamodb:*",
                  "ec2:CreateNetworkInterface",
                  "ec2:DeleteNetworkInterface",
                  "ec2:DescribeNetworkInterfaces",
                  "s3:Get*",
                  "s3:List*",
                  "s3:Put*"
                ],
                "condition": [],
                "effect": "Allow",
                "not_actions": [],
                "not_principals": [],
                "not_resources": [],
                "principals": [],
                "resources": [
                  "*"
                ],
                "sid": ""
              },
              {
                "actions": [
                  "s3:DeleteObject",
                  "s3:GetObject",
                  "s3:PutObject"
                ],
                "condition": [],
                "effect": "Allow",
                "not_actions": [],
                "not_principals": [],
                "not_resources": [],
                "principals": [],
                "resources": [
                  "arn:aws:s3:::docupload-845524701534-upright-dinosaur/*"
                ],
                "sid": ""
              },
              {
                "actions": [
                  "logs:CreateLogGroup",
                  "logs:CreateLogStream",
                  "logs:PutLogEvents"
                ],
                "condition": [],
                "effect": "Allow",
                "not_actions": [],
                "not_principals": [],
                "not_resources": [],
                "principals": [],
                "resources": [
                  "arn:aws:logs:*:*:*"
                ],
                "sid": ""
              }
            ],
            "version": "2012-10-17"
          },
          "sensitive_attributes": []
        }
      ]
    },
    {
      "mode": "data",
      "type": "aws_region",
      "name": "current",
      "provider": "provider[\"registry.terraform.io/hashicorp/aws\"]",
      "instances": [
        {
          "schema_version": 0,
          "attributes": {
            "description": "US East (N. Virginia)",
            "endpoint": "ec2.us-east-1.amazonaws.com",
            "id": "us-east-1",
            "name": "us-east-1"
          },
          "sensitive_attributes": []
        }
      ]
    },
    {
      "mode": "data",
      "type": "aws_subnet",
      "name": "selected",
      "provider": "provider[\"registry.terraform.io/hashicorp/aws\"]",
      "instances": [
        {
          "schema_version": 0,
          "attributes": {
            "arn": "arn:aws:ec2:us-east-1:845524701534:subnet/subnet-0eaba87d1758b13c7",
            "assign_ipv6_address_on_creation": false,
            "availability_zone": "us-east-1b",
            "availability_zone_id": "use1-az6",
            "available_ip_address_count": 250,
            "cidr_block": "10.0.1.0/24",
            "customer_owned_ipv4_pool": "",
            "default_for_az": false,
            "enable_dns64": false,
            "enable_lni_at_device_index": 0,
            "enable_resource_name_dns_a_record_on_launch": false,
            "enable_resource_name_dns_aaaa_record_on_launch": false,
            "filter": null,
            "id": "subnet-0eaba87d1758b13c7",
            "ipv6_cidr_block": "",
            "ipv6_cidr_block_association_id": "",
            "ipv6_native": false,
            "map_customer_owned_ip_on_launch": false,
            "map_public_ip_on_launch": false,
            "outpost_arn": "",
            "owner_id": "845524701534",
            "private_dns_hostname_type_on_launch": "ip-name",
            "state": "available",
            "tags": {
              "Name": "private_subnet_1b"
            },
            "timeouts": null,
            "vpc_id": "vpc-08c27a6f28c385fd6"
          },
          "sensitive_attributes": []
        }
      ]
    },
    {
      "mode": "managed",
      "type": "aws_cloudwatch_log_group",
      "name": "glue_python_job",
      "provider": "provider[\"registry.terraform.io/hashicorp/aws\"]",
      "instances": [
        {
          "schema_version": 0,
          "attributes": {
            "arn": "arn:aws:logs:us-east-1:845524701534:log-group:glue_python_job",
            "id": "glue_python_job",
            "kms_key_id": "",
            "log_group_class": "STANDARD",
            "name": "glue_python_job",
            "name_prefix": "",
            "retention_in_days": 14,
            "skip_destroy": false,
            "tags": {},
            "tags_all": {}
          },
          "sensitive_attributes": [],
          "private": "bnVsbA=="
        }
      ]
    },
    {
      "mode": "managed",
      "type": "aws_cloudwatch_log_group",
      "name": "online_processor",
      "provider": "provider[\"registry.terraform.io/hashicorp/aws\"]",
      "instances": [
        {
          "schema_version": 0,
          "attributes": {
            "arn": "arn:aws:logs:us-east-1:845524701534:log-group:/aws/lambda/translate_tool",
            "id": "/aws/lambda/translate_tool",
            "kms_key_id": "",
            "log_group_class": "STANDARD",
            "name": "/aws/lambda/translate_tool",
            "name_prefix": "",
            "retention_in_days": 30,
            "skip_destroy": false,
            "tags": {},
            "tags_all": {}
          },
          "sensitive_attributes": [],
          "private": "bnVsbA=="
        }
      ]
    },
    {
      "mode": "managed",
      "type": "aws_glue_connection",
      "name": "glue_job_conn",
      "provider": "provider[\"registry.terraform.io/hashicorp/aws\"]",
      "instances": [
        {
          "schema_version": 0,
          "attributes": {
            "arn": "arn:aws:glue:us-east-1:845524701534:connection/glue-job-connection",
            "catalog_id": "845524701534",
            "connection_properties": {},
            "connection_type": "NETWORK",
            "description": "",
            "id": "845524701534:glue-job-connection",
            "match_criteria": [],
            "name": "glue-job-connection",
            "physical_connection_requirements": [
              {
                "availability_zone": "us-east-1b",
                "security_group_id_list": [
                  "sg-09a747fc4d84ca6ff"
                ],
                "subnet_id": "subnet-0eaba87d1758b13c7"
              }
            ],
            "tags": {},
            "tags_all": {}
          },
          "sensitive_attributes": [
            [
              {
                "type": "get_attr",
                "value": "connection_properties"
              }
            ]
          ],
          "private": "bnVsbA==",
          "dependencies": [
            "data.aws_subnet.selected"
          ]
        }
      ]
    },
    {
      "mode": "managed",
      "type": "aws_glue_job",
      "name": "ingest_ddb_job",
      "provider": "provider[\"registry.terraform.io/hashicorp/aws\"]",
      "instances": [
        {
          "schema_version": 0,
          "attributes": {
            "arn": "arn:aws:glue:us-east-1:845524701534:job/ingest_knowledge2ddb",
            "command": [
              {
                "name": "pythonshell",
                "python_version": "3.9",
                "runtime": "",
                "script_location": "s3://docupload-845524701534-upright-dinosaur/ddb_write_job.py"
              }
            ],
            "connections": [
              "glue-job-connection"
            ],
            "default_arguments": {
              "--REGION": "us-east-1",
              "--additional-python-modules": "boto3\u003e=1.28.52,botocore\u003e=1.31.52",
              "--bucket": "docupload-845524701534-upright-dinosaur",
              "--continuous-log-logGroup": "glue_python_job",
              "--dictionary_name": "dictionary_1",
              "--dynamodb_table_name": "rag-translate-table",
              "--enable-continuous-cloudwatch-log": "true",
              "--enable-continuous-log-filter": "true",
              "--object_key": "translate/dictionary_1/dictionary_1_part_a.json"
            },
            "description": "",
            "execution_class": "",
            "execution_property": [
              {
                "max_concurrent_runs": 1
              }
            ],
            "glue_version": "1.0",
            "id": "ingest_knowledge2ddb",
            "maintenance_window": "",
            "max_capacity": 1,
            "max_retries": 0,
            "name": "ingest_knowledge2ddb",
            "non_overridable_arguments": {},
            "notification_property": [],
            "number_of_workers": 0,
            "role_arn": "arn:aws:iam::845524701534:role/glue_job_role",
            "security_configuration": "",
            "tags": {},
            "tags_all": {},
            "timeout": 2880,
            "worker_type": ""
          },
          "sensitive_attributes": [],
          "private": "bnVsbA==",
          "dependencies": [
            "aws_cloudwatch_log_group.glue_python_job",
            "aws_glue_connection.glue_job_conn",
            "aws_iam_role.glue_job_role",
            "aws_s3_bucket.doc_upload_bucket",
            "aws_s3_bucket_object.ddb_write_script",
            "data.aws_caller_identity.this",
            "data.aws_subnet.selected",
            "random_pet.this"
          ]
        }
      ]
    },
    {
      "mode": "managed",
      "type": "aws_iam_policy",
      "name": "glue_job_policy",
      "provider": "provider[\"registry.terraform.io/hashicorp/aws\"]",
      "instances": [
        {
          "schema_version": 0,
          "attributes": {
            "arn": "arn:aws:iam::845524701534:policy/glue_job_policy",
            "attachment_count": 1,
            "description": "Policy for Glue jobs",
            "id": "arn:aws:iam::845524701534:policy/glue_job_policy",
            "name": "glue_job_policy",
            "name_prefix": "",
            "path": "/",
            "policy": "{\"Statement\":[{\"Action\":[\"s3:List*\",\"s3:Get*\",\"s3:Put*\",\"dynamodb:*\",\"glue:*\",\"ec2:*\",\"logs:CreateLogGroup\",\"logs:CreateLogStream\",\"logs:PutLogEvents\"],\"Effect\":\"Allow\",\"Resource\":\"*\"}],\"Version\":\"2012-10-17\"}",
            "policy_id": "ANPA4JXJTCFPPSQGZNQDN",
            "tags": {},
            "tags_all": {}
          },
          "sensitive_attributes": [],
          "private": "bnVsbA=="
        }
      ]
    },
    {
      "mode": "managed",
      "type": "aws_iam_role",
      "name": "glue_job_role",
      "provider": "provider[\"registry.terraform.io/hashicorp/aws\"]",
      "instances": [
        {
          "schema_version": 0,
          "attributes": {
            "arn": "arn:aws:iam::845524701534:role/glue_job_role",
            "assume_role_policy": "{\"Statement\":[{\"Action\":\"sts:AssumeRole\",\"Effect\":\"Allow\",\"Principal\":{\"Service\":\"glue.amazonaws.com\"},\"Sid\":\"\"}],\"Version\":\"2012-10-17\"}",
            "create_date": "2024-07-09T02:50:51Z",
            "description": "",
            "force_detach_policies": false,
            "id": "glue_job_role",
            "inline_policy": [],
            "managed_policy_arns": [
              "arn:aws:iam::845524701534:policy/glue_job_policy"
            ],
            "max_session_duration": 3600,
            "name": "glue_job_role",
            "name_prefix": "",
            "path": "/",
            "permissions_boundary": "",
            "tags": {},
            "tags_all": {},
            "unique_id": "AROA4JXJTCFPJ7SWCJEKR"
          },
          "sensitive_attributes": [],
          "private": "bnVsbA=="
        }
      ]
    },
    {
      "mode": "managed",
      "type": "aws_iam_role",
      "name": "iam_for_lambda",
      "provider": "provider[\"registry.terraform.io/hashicorp/aws\"]",
      "instances": [
        {
          "schema_version": 0,
          "attributes": {
            "arn": "arn:aws:iam::845524701534:role/iam_for_lambda",
            "assume_role_policy": "{\"Statement\":[{\"Action\":\"sts:AssumeRole\",\"Effect\":\"Allow\",\"Principal\":{\"Service\":\"lambda.amazonaws.com\"}}],\"Version\":\"2012-10-17\"}",
            "create_date": "2024-07-09T02:50:51Z",
            "description": "",
            "force_detach_policies": false,
            "id": "iam_for_lambda",
            "inline_policy": [
              {
                "name": "online_processor_policy",
                "policy": "{\"Version\":\"2012-10-17\",\"Statement\":[{\"Action\":[\"s3:Put*\",\"s3:List*\",\"s3:Get*\",\"ec2:DescribeNetworkInterfaces\",\"ec2:DeleteNetworkInterface\",\"ec2:CreateNetworkInterface\",\"dynamodb:*\",\"bedrock:*\"],\"Effect\":\"Allow\",\"Resource\":\"*\"},{\"Action\":[\"s3:PutObject\",\"s3:GetObject\",\"s3:DeleteObject\"],\"Effect\":\"Allow\",\"Resource\":\"arn:aws:s3:::docupload-845524701534-upright-dinosaur/*\"},{\"Action\":[\"logs:PutLogEvents\",\"logs:CreateLogStream\",\"logs:CreateLogGroup\"],\"Effect\":\"Allow\",\"Resource\":\"arn:aws:logs:*:*:*\"}]}"
              }
            ],
            "managed_policy_arns": [],
            "max_session_duration": 3600,
            "name": "iam_for_lambda",
            "name_prefix": "",
            "path": "/",
            "permissions_boundary": "",
            "tags": {},
            "tags_all": {},
            "unique_id": "AROA4JXJTCFPPYYURV74L"
          },
          "sensitive_attributes": [],
          "private": "bnVsbA==",
          "dependencies": [
            "data.aws_iam_policy_document.assume_role"
          ]
        }
      ]
    },
    {
      "mode": "managed",
      "type": "aws_iam_role_policy",
      "name": "online_processor_policy",
      "provider": "provider[\"registry.terraform.io/hashicorp/aws\"]",
      "instances": [
        {
          "schema_version": 0,
          "attributes": {
            "id": "iam_for_lambda:online_processor_policy",
            "name": "online_processor_policy",
            "name_prefix": "",
            "policy": "{\"Version\":\"2012-10-17\",\"Statement\":[{\"Action\":[\"s3:Put*\",\"s3:List*\",\"s3:Get*\",\"ec2:DescribeNetworkInterfaces\",\"ec2:DeleteNetworkInterface\",\"ec2:CreateNetworkInterface\",\"dynamodb:*\",\"bedrock:*\"],\"Effect\":\"Allow\",\"Resource\":\"*\"},{\"Action\":[\"s3:PutObject\",\"s3:GetObject\",\"s3:DeleteObject\"],\"Effect\":\"Allow\",\"Resource\":\"arn:aws:s3:::docupload-845524701534-upright-dinosaur/*\"},{\"Action\":[\"logs:PutLogEvents\",\"logs:CreateLogStream\",\"logs:CreateLogGroup\"],\"Effect\":\"Allow\",\"Resource\":\"arn:aws:logs:*:*:*\"}]}",
            "role": "iam_for_lambda"
          },
          "sensitive_attributes": [],
          "private": "bnVsbA==",
          "dependencies": [
            "aws_s3_bucket.doc_upload_bucket",
            "data.aws_caller_identity.this",
            "data.aws_iam_policy_document.online_processor_policy_doc",
            "random_pet.this"
          ]
        }
      ]
    },
    {
      "mode": "managed",
      "type": "aws_iam_role_policy_attachment",
      "name": "glue_job_policy_attach",
      "provider": "provider[\"registry.terraform.io/hashicorp/aws\"]",
      "instances": [
        {
          "schema_version": 0,
          "attributes": {
            "id": "glue_job_role-20240709025053569400000001",
            "policy_arn": "arn:aws:iam::845524701534:policy/glue_job_policy",
            "role": "glue_job_role"
          },
          "sensitive_attributes": [],
          "private": "bnVsbA==",
          "dependencies": [
            "aws_iam_policy.glue_job_policy",
            "aws_iam_role.glue_job_role"
          ]
        }
      ]
    },
    {
      "mode": "managed",
      "type": "aws_lambda_function",
      "name": "online_processor",
      "provider": "provider[\"registry.terraform.io/hashicorp/aws\"]",
      "instances": [
        {
          "schema_version": 0,
          "attributes": {
            "architectures": [
              "x86_64"
            ],
            "arn": "arn:aws:lambda:us-east-1:845524701534:function:translate_tool",
            "code_sha256": "853163344b7e0cb1fb2b907343612b78e8fa581d08d2efc1f9f7472ddccc6dc5",
            "code_signing_config_arn": "",
            "dead_letter_config": [],
            "description": "",
            "environment": [
              {
                "variables": {
                  "user_dict_bucket": "docupload-845524701534-upright-dinosaur",
                  "user_dict_prefix": "translate/"
                }
              }
            ],
            "ephemeral_storage": [
              {
                "size": 512
              }
            ],
            "file_system_config": [],
            "filename": null,
            "function_name": "translate_tool",
            "handler": "",
            "id": "translate_tool",
            "image_config": [],
            "image_uri": "845524701534.dkr.ecr.us-east-1.amazonaws.com/upright-dinosaur@sha256:853163344b7e0cb1fb2b907343612b78e8fa581d08d2efc1f9f7472ddccc6dc5",
            "invoke_arn": "arn:aws:apigateway:us-east-1:lambda:path/2015-03-31/functions/arn:aws:lambda:us-east-1:845524701534:function:translate_tool/invocations",
            "kms_key_arn": "",
            "last_modified": "2024-07-09T03:43:59.000+0000",
            "layers": [],
            "logging_config": [
              {
                "application_log_level": "",
                "log_format": "Text",
                "log_group": "/aws/lambda/translate_tool",
                "system_log_level": ""
              }
            ],
            "memory_size": 1024,
            "package_type": "Image",
            "publish": false,
            "qualified_arn": "arn:aws:lambda:us-east-1:845524701534:function:translate_tool:$LATEST",
            "qualified_invoke_arn": "arn:aws:apigateway:us-east-1:lambda:path/2015-03-31/functions/arn:aws:lambda:us-east-1:845524701534:function:translate_tool:$LATEST/invocations",
            "replace_security_groups_on_destroy": null,
            "replacement_security_group_ids": null,
            "reserved_concurrent_executions": -1,
            "role": "arn:aws:iam::845524701534:role/iam_for_lambda",
            "runtime": "",
            "s3_bucket": null,
            "s3_key": null,
            "s3_object_version": null,
            "signing_job_arn": "",
            "signing_profile_version_arn": "",
            "skip_destroy": false,
            "snap_start": [],
            "source_code_hash": "",
            "source_code_size": 0,
            "tags": {},
            "tags_all": {},
            "timeout": 900,
            "timeouts": null,
            "tracing_config": [
              {
                "mode": "PassThrough"
              }
            ],
            "version": "$LATEST",
            "vpc_config": [
              {
                "ipv6_allowed_for_dual_stack": false,
                "security_group_ids": [
                  "sg-09a747fc4d84ca6ff"
                ],
                "subnet_ids": [
                  "subnet-041a3e85013396830",
                  "subnet-0eaba87d1758b13c7"
                ],
                "vpc_id": "vpc-08c27a6f28c385fd6"
              }
            ]
          },
          "sensitive_attributes": [],
          "private": "eyJlMmJmYjczMC1lY2FhLTExZTYtOGY4OC0zNDM2M2JjN2M0YzAiOnsiY3JlYXRlIjo2MDAwMDAwMDAwMDAsImRlbGV0ZSI6NjAwMDAwMDAwMDAwLCJ1cGRhdGUiOjYwMDAwMDAwMDAwMH19",
          "dependencies": [
            "aws_cloudwatch_log_group.online_processor",
            "aws_iam_role.iam_for_lambda",
            "aws_s3_bucket.doc_upload_bucket",
            "data.aws_caller_identity.this",
            "data.aws_ecr_authorization_token.token",
            "data.aws_iam_policy_document.assume_role",
            "data.aws_region.current",
            "module.docker_build.aws_ecr_repository.this",
            "module.docker_build.data.aws_caller_identity.this",
            "module.docker_build.data.aws_region.current",
            "module.docker_build.docker_image.this",
            "module.docker_build.docker_registry_image.this",
            "random_pet.this"
          ]
        }
      ]
    },
    {
      "mode": "managed",
      "type": "aws_s3_bucket",
      "name": "doc_upload_bucket",
      "provider": "provider[\"registry.terraform.io/hashicorp/aws\"]",
      "instances": [
        {
          "schema_version": 0,
          "attributes": {
            "acceleration_status": "",
            "acl": null,
            "arn": "arn:aws:s3:::docupload-845524701534-upright-dinosaur",
            "bucket": "docupload-845524701534-upright-dinosaur",
            "bucket_domain_name": "docupload-845524701534-upright-dinosaur.s3.amazonaws.com",
            "bucket_prefix": "",
            "bucket_regional_domain_name": "docupload-845524701534-upright-dinosaur.s3.us-east-1.amazonaws.com",
            "cors_rule": [
              {
                "allowed_headers": [
                  "*"
                ],
                "allowed_methods": [
                  "GET",
                  "POST",
                  "PUT"
                ],
                "allowed_origins": [
                  "*"
                ],
                "expose_headers": [],
                "max_age_seconds": 0
              }
            ],
            "force_destroy": true,
            "grant": [
              {
                "id": "1c82da473f0186857f04674689d65d66ca8c2b922feb79af08bc0ae1d598b39a",
                "permissions": [
                  "FULL_CONTROL"
                ],
                "type": "CanonicalUser",
                "uri": ""
              }
            ],
            "hosted_zone_id": "Z3AQBSTGFYJSTF",
            "id": "docupload-845524701534-upright-dinosaur",
            "lifecycle_rule": [],
            "logging": [],
            "object_lock_configuration": [],
            "object_lock_enabled": false,
            "policy": "",
            "region": "us-east-1",
            "replication_configuration": [],
            "request_payer": "BucketOwner",
            "server_side_encryption_configuration": [
              {
                "rule": [
                  {
                    "apply_server_side_encryption_by_default": [
                      {
                        "kms_master_key_id": "",
                        "sse_algorithm": "AES256"
                      }
                    ],
                    "bucket_key_enabled": false
                  }
                ]
              }
            ],
            "tags": {},
            "tags_all": {},
            "timeouts": null,
            "versioning": [
              {
                "enabled": false,
                "mfa_delete": false
              }
            ],
            "website": [],
            "website_domain": null,
            "website_endpoint": null
          },
          "sensitive_attributes": [],
          "private": "eyJlMmJmYjczMC1lY2FhLTExZTYtOGY4OC0zNDM2M2JjN2M0YzAiOnsiY3JlYXRlIjoxMjAwMDAwMDAwMDAwLCJkZWxldGUiOjM2MDAwMDAwMDAwMDAsInJlYWQiOjEyMDAwMDAwMDAwMDAsInVwZGF0ZSI6MTIwMDAwMDAwMDAwMH19",
          "dependencies": [
            "data.aws_caller_identity.this",
            "random_pet.this"
          ]
        }
      ]
    },
    {
      "mode": "managed",
      "type": "aws_s3_bucket_object",
      "name": "ddb_write_script",
      "provider": "provider[\"registry.terraform.io/hashicorp/aws\"]",
      "instances": [
        {
          "schema_version": 0,
          "attributes": {
            "acl": "private",
            "arn": "arn:aws:s3:::docupload-845524701534-upright-dinosaur/ddb_write_job.py",
            "bucket": "docupload-845524701534-upright-dinosaur",
            "bucket_key_enabled": false,
            "cache_control": "",
            "content": null,
            "content_base64": null,
            "content_disposition": "",
            "content_encoding": "",
            "content_language": "",
            "content_type": "application/octet-stream",
            "etag": "657bc2856be4612375f058c082e1c583",
            "force_destroy": false,
            "id": "ddb_write_job.py",
            "key": "ddb_write_job.py",
            "kms_key_id": null,
            "metadata": {},
            "object_lock_legal_hold_status": "",
            "object_lock_mode": "",
            "object_lock_retain_until_date": "",
            "server_side_encryption": "AES256",
            "source": "./code/offline_process/ddb_write_job.py",
            "source_hash": null,
            "storage_class": "STANDARD",
            "tags": {},
            "tags_all": {},
            "version_id": "",
            "website_redirect": ""
          },
          "sensitive_attributes": [],
          "private": "bnVsbA==",
          "dependencies": [
            "aws_s3_bucket.doc_upload_bucket",
            "data.aws_caller_identity.this",
            "random_pet.this"
          ]
        }
      ]
    },
    {
      "mode": "managed",
      "type": "random_pet",
      "name": "this",
      "provider": "provider[\"registry.terraform.io/hashicorp/random\"]",
      "instances": [
        {
          "schema_version": 0,
          "attributes": {
            "id": "upright-dinosaur",
            "keepers": null,
            "length": 2,
            "prefix": null,
            "separator": "-"
          },
          "sensitive_attributes": []
        }
      ]
    },
    {
      "module": "module.docker_build",
      "mode": "data",
      "type": "aws_caller_identity",
      "name": "this",
      "provider": "provider[\"registry.terraform.io/hashicorp/aws\"]",
      "instances": [
        {
          "schema_version": 0,
          "attributes": {
            "account_id": "845524701534",
            "arn": "arn:aws:sts::845524701534:assumed-role/admin/oyanli-Isengard",
            "id": "845524701534",
            "user_id": "AROA4JXJTCFPOY4JRI553:oyanli-Isengard"
          },
          "sensitive_attributes": []
        }
      ]
    },
    {
      "module": "module.docker_build",
      "mode": "data",
      "type": "aws_region",
      "name": "current",
      "provider": "provider[\"registry.terraform.io/hashicorp/aws\"]",
      "instances": [
        {
          "schema_version": 0,
          "attributes": {
            "description": "US East (N. Virginia)",
            "endpoint": "ec2.us-east-1.amazonaws.com",
            "id": "us-east-1",
            "name": "us-east-1"
          },
          "sensitive_attributes": []
        }
      ]
    },
    {
      "module": "module.docker_build",
      "mode": "managed",
      "type": "aws_ecr_lifecycle_policy",
      "name": "this",
      "provider": "provider[\"registry.terraform.io/hashicorp/aws\"]",
      "instances": [
        {
          "index_key": 0,
          "schema_version": 0,
          "attributes": {
            "id": "upright-dinosaur",
            "policy": "{\"rules\":[{\"action\":{\"type\":\"expire\"},\"description\":\"Keep only the last 2 images\",\"rulePriority\":1,\"selection\":{\"countNumber\":2,\"countType\":\"imageCountMoreThan\",\"tagStatus\":\"any\"}}]}",
            "registry_id": "845524701534",
            "repository": "upright-dinosaur"
          },
          "sensitive_attributes": [],
          "private": "bnVsbA==",
          "dependencies": [
            "module.docker_build.aws_ecr_repository.this",
            "random_pet.this"
          ]
        }
      ]
    },
    {
      "module": "module.docker_build",
      "mode": "managed",
      "type": "aws_ecr_repository",
      "name": "this",
      "provider": "provider[\"registry.terraform.io/hashicorp/aws\"]",
      "instances": [
        {
          "index_key": 0,
          "schema_version": 0,
          "attributes": {
            "arn": "arn:aws:ecr:us-east-1:845524701534:repository/upright-dinosaur",
            "encryption_configuration": [
              {
                "encryption_type": "AES256",
                "kms_key": ""
              }
            ],
            "force_delete": true,
            "id": "upright-dinosaur",
            "image_scanning_configuration": [
              {
                "scan_on_push": false
              }
            ],
            "image_tag_mutability": "MUTABLE",
            "name": "upright-dinosaur",
            "registry_id": "845524701534",
            "repository_url": "845524701534.dkr.ecr.us-east-1.amazonaws.com/upright-dinosaur",
            "tags": {},
            "tags_all": {},
            "timeouts": null
          },
          "sensitive_attributes": [],
          "private": "eyJlMmJmYjczMC1lY2FhLTExZTYtOGY4OC0zNDM2M2JjN2M0YzAiOnsiZGVsZXRlIjoxMjAwMDAwMDAwMDAwfX0=",
          "dependencies": [
            "random_pet.this"
          ]
        }
      ]
    },
    {
      "module": "module.docker_build",
      "mode": "managed",
      "type": "docker_image",
      "name": "this",
      "provider": "provider[\"registry.terraform.io/kreuzwerker/docker\"]",
      "instances": [
        {
          "schema_version": 0,
          "attributes": {
            "build": [
              {
                "auth_config": [],
                "build_arg": {},
                "build_args": {
                  "FOO": "bar"
                },
                "build_id": "",
                "cache_from": [],
                "cgroup_parent": "",
                "context": "code/online_process",
                "cpu_period": 0,
                "cpu_quota": 0,
                "cpu_set_cpus": "",
                "cpu_set_mems": "",
                "cpu_shares": 0,
                "dockerfile": "Dockerfile",
                "extra_hosts": [],
                "force_remove": false,
                "isolation": "",
                "label": {},
                "labels": {},
                "memory": 0,
                "memory_swap": 0,
                "network_mode": "",
                "no_cache": false,
                "platform": "linux/amd64",
                "pull_parent": false,
                "remote_context": "",
                "remove": true,
                "security_opt": [],
                "session_id": "",
                "shm_size": 0,
                "squash": false,
                "suppress_output": false,
                "tag": [],
                "target": "",
                "ulimit": [],
                "version": ""
              }
            ],
            "force_remove": false,
            "id": "sha256:03a3cb49e177da9652396f4becc543d646dde1ccf2042c344e2f2dbf586108d9845524701534.dkr.ecr.us-east-1.amazonaws.com/upright-dinosaur",
            "image_id": "sha256:03a3cb49e177da9652396f4becc543d646dde1ccf2042c344e2f2dbf586108d9",
            "keep_locally": false,
            "name": "845524701534.dkr.ecr.us-east-1.amazonaws.com/upright-dinosaur",
            "platform": null,
            "pull_triggers": null,
            "repo_digest": "845524701534.dkr.ecr.us-east-1.amazonaws.com/upright-dinosaur@sha256:853163344b7e0cb1fb2b907343612b78e8fa581d08d2efc1f9f7472ddccc6dc5",
            "triggers": {
              "dir_sha": "216f58941f700782d9f6421784f540dc1babc7fb"
            }
          },
          "sensitive_attributes": [],
          "private": "bnVsbA==",
          "dependencies": [
            "data.aws_caller_identity.this",
            "data.aws_ecr_authorization_token.token",
            "data.aws_region.current",
            "module.docker_build.aws_ecr_repository.this",
            "module.docker_build.data.aws_caller_identity.this",
            "module.docker_build.data.aws_region.current",
            "random_pet.this"
          ]
        }
      ]
    },
    {
      "module": "module.docker_build",
      "mode": "managed",
      "type": "docker_registry_image",
      "name": "this",
      "provider": "provider[\"registry.terraform.io/kreuzwerker/docker\"]",
      "instances": [
        {
          "schema_version": 0,
          "attributes": {
            "id": "sha256:853163344b7e0cb1fb2b907343612b78e8fa581d08d2efc1f9f7472ddccc6dc5",
            "insecure_skip_verify": false,
            "keep_remotely": false,
            "name": "845524701534.dkr.ecr.us-east-1.amazonaws.com/upright-dinosaur",
            "sha256_digest": "sha256:853163344b7e0cb1fb2b907343612b78e8fa581d08d2efc1f9f7472ddccc6dc5",
            "triggers": {
              "dir_sha": "216f58941f700782d9f6421784f540dc1babc7fb"
            }
          },
          "sensitive_attributes": [],
          "private": "bnVsbA==",
          "dependencies": [
            "data.aws_caller_identity.this",
            "data.aws_ecr_authorization_token.token",
            "data.aws_region.current",
            "module.docker_build.aws_ecr_repository.this",
            "module.docker_build.data.aws_caller_identity.this",
            "module.docker_build.data.aws_region.current",
            "module.docker_build.docker_image.this",
            "random_pet.this"
          ]
        }
      ]
    }
  ],
  "check_results": null
}
