{
  "version": 4,
  "terraform_version": "1.8.5",
  "serial": 78,
  "lineage": "65570001-15e3-dfbf-2fd1-635eb3e0bafe",
  "outputs": {},
  "resources": [
    {
      "mode": "data",
      "type": "aws_caller_identity",
      "name": "this",
      "provider": "provider[\"registry.terraform.io/hashicorp/aws\"]",
      "instances": [
        {
          "schema_version": 0,
          "attributes": {
            "account_id": "845524701534",
            "arn": "arn:aws:sts::845524701534:assumed-role/admin/oyanli-Isengard",
            "id": "845524701534",
            "user_id": "AROA4JXJTCFPOY4JRI553:oyanli-Isengard"
          },
          "sensitive_attributes": []
        }
      ]
    },
    {
      "mode": "data",
      "type": "aws_ecr_authorization_token",
      "name": "token",
      "provider": "provider[\"registry.terraform.io/hashicorp/aws\"]",
      "instances": [
        {
          "schema_version": 0,
          "attributes": {
            "authorization_token": "QVdTOmV5SndZWGxzYjJGa0lqb2lZVmhwY0RCNGFISTFUVm9yUm04MFVGcG1kME5rYTJWcVRHMWpUVXByWlRCUE5IVTRSRmRaUW1KeGFFa3hURXcwTm5FMmJqUk1ia0ZYVWtkUFpYTkNWVzVJUms0NE5XUTRWMXBoZGs0NGVrZGFRbWhUYkUxcFJGcDJRbnBNWVN0NVYyZHZXa2xQTUdOaWVrRkphMUZFUTJweFYzVjZjM1Y2SzFSNlpqWkJTM0ZEY0ZZeWRHczJRbVowYTJsNE1WaHZhbEJ6VG1kdFkzWTJkRU12TlRBeWIxTjZRVTUzTUc1MlpqTmxjVEZYTHpRNVJHSktNWGhUUjAxc1ltSjRSVVkyVUZoemRIaG5ja0lyWVhweFJEZGlNSFJaUldKT1VIZ3ZLMUo1TVZsdVZFRmhhSGRDYVdsMGEyZHdaVk5YVDNGUlVEUlNORXRWZFdGQlp6QlhXakEwT0M5UVZVdzBOMWcxTTFwV2JHeGtNR2R0UTNSMVdIWkdNR3BUWlNzNVVHcG5iU3Q0Wm5CU1JHWm1VSGwwYkZOaGRVdFNiR05VYVVKMmNEQlNkV295Tkd4cVZFRnNkMnB6TWsxckwycE5ORzlUV2tacWNFVnRNRWQyUmtkRVZWUktLeTh3T1Uxb1NEbFNaVXMyV0ZOaFRUZHhXRXQzZFVoNmFDdHJielIxVXpKTFFVZ3dNVkZoWms5RFpUZ3libEZuWWtsU1dXRmxRamRVYm0xalZWQkhPVlZNTDFkVlNERmhWVU5pVjNFeFpYRlRTbFYwTkdodVpGVk1PSEZTUlZoWk1FNXVLekJpV25GdmIwWnhiamwyTkVoSVdIWlhRelV3UjBReFUwNVhRMXB5UWtvdk5reFZkemxpZDBkWWEwcFRjMFpWVDFsVk0xbHdWa2d3TUZGa1VHTmhUSFJvZUVwR1pFTlRhbmN5TjJselpERTRlaXR3UlZSVFlVWkRNVFZuYW1KSU5EQlZUbW96VlRCT01WWnJSa0pFYjFwM09YbE1ZWEJ2TkROeVptNVRWVVYzT1dseWVGa3pOSGRaU1ZoWmNWWlJUazA1ZDBSb1RHeEhkMU5EZFdGaVNFVkRkM2RIZDI5MlMwaDNMMUJvS3pnNGQyaEhPVUZWVml0UFRubEhiV3BtZFRaM2FXbHNOa3N5TjJVeE1saFZWSHAyUTNWVWJXb3dSVk5GWmtaRGVVZDJhazlYS3pjMGIwWTJZM1p2YVdOelltNVlUWHBJYUdGckt6UlZLekZVY2pGVVZuaEViRUY1ZEUxQ1pHVjNSMEZETW05eVlVRlVkbkoyU1ZFdmRIUkhRalVySzNJMmIzTllPWEphY1hoUlFYSnlTVlkzYUhaTWNVZEdiWEpYV21oR1ZuQkxRVzh2VjBkM1NEUnJXa1IyWWk5TmNuTmlhMEZsTUcxT2FGVlFhakU1Uld0aU1EYzJaM2xhVHpWemNqTXhiR2RDYVcxMU5rRnplWE5uUmsxT1pEbFJNbTl0TVhseVZtRlZVMFIwYzA1U2VFTXpWMlYwVWxOc1NGaHBkekJxWTBwMVNtbFhjMWQ2U1ZWYWRWQXlXRWxUV0VaMFlXTnFLM0JqVUV0bmRtNTFlSE5tYkhGdWMzRmphVFJLUTI5VE4xUm9VWEpHUlRsVVUwZHlaSGhGTlZCcmMyb3pRa28xVVRseEwwZFdUbTltZFcxUFpVMVlWa012VHpjd1J6aG5iaTlLZDJjMVZWVnlhU3Q0U0RGNk1GTXZWemR3YlZrd1dHRXhZbU1yYVhsbFZFWnFNVE16YXk5bGFFWnFTREYwV2pkTmNYaHhkRTlPV1hnclVWZFNaRlUxYjFaU1drbHVLemcwUzFVelZTOURhek5NUVROemJHNXRlRUUzTm5oblpFTkVNMlZVYVRaek0wOUxZa2t5UXpBck1USlBRM2xhWXpZdlNpczRlbGx0Vm01VFduSlJTazFNY1VOMWQwWjJkbFpRVm1nMVJXeHlVWGhsTW5sdVJtbFNkVWhqZWt4VEszUXliV1ZuU2tsaWVXbE5lRGR2ZFc5cFdtbElOVEZzZGtoVFJGUndTM2xYWkcxa1FURkZkamRCUzB0M1pIUlBaRmcyTlhCNFptWk9VekZOT0UxWVlUTkVNMkZoY2lzeFNUaGtNMWxWV1cxTmQxZEpZa1YwTVhkR1YyeFJhMXBSWW05VWNUbDVlbFpzTWxsT09XdEpWMXB6YUV0WVVWUXhhMU5GVFRCdE9IaEVlbVZ2V21VdmVUWkRUMjQwT1doaVJUSktablpMYW1oMVFrc3hWVXd4VFdOS05rSm5SMEU5UFNJc0ltUmhkR0ZyWlhraU9pSkJVVVZDUVVob2QyMHdXV0ZKVTBwbFVuUktiVFZ1TVVjMmRYRmxaV3RZZFc5WVdGQmxOVlZHWTJVNVVuRTRMekUwZDBGQlFVZzBkMlpCV1VwTGIxcEphSFpqVGtGUlkwZHZSemgzWWxGSlFrRkVRbTlDWjJ0eGFHdHBSemwzTUVKQ2QwVjNTR2RaU2xsSldrbEJWMVZFUWtGRmRVMUNSVVZFVGpoaE9VMXZWM0ZvUVZwcmFIRlllR2RKUWtWSlFUZFJNWFJCYTJkcWRqWk9lblJ3UjBwa2JUVTFjV3BMTWxRMlJuY3JURzVLUWpONVdVa3ZhRkk0VUhkSFNUTTBlR1UxTkdzeE1IZFZjMHcyVGtnM1VubzJObFpVZWxGdVR6Um1OR2wxYW05WlBTSXNJblpsY25OcGIyNGlPaUl5SWl3aWRIbHdaU0k2SWtSQlZFRmZTMFZaSWl3aVpYaHdhWEpoZEdsdmJpSTZNVGN5TURNek1ERTFPSDA9",
            "expires_at": "2024-07-07T05:29:18Z",
            "id": "us-east-1",
            "password": "eyJwYXlsb2FkIjoiYVhpcDB4aHI1TVorRm80UFpmd0Nka2VqTG1jTUprZTBPNHU4RFdZQmJxaEkxTEw0NnE2bjRMbkFXUkdPZXNCVW5IRk44NWQ4V1phdk44ekdaQmhTbE1pRFp2QnpMYSt5V2dvWklPMGNiekFJa1FEQ2pxV3V6c3V6K1R6ZjZBS3FDcFYydGs2QmZ0a2l4MVhvalBzTmdtY3Y2dEMvNTAyb1N6QU53MG52ZjNlcTFXLzQ5RGJKMXhTR01sYmJ4RUY2UFhzdHhnckIrYXpxRDdiMHRZRWJOUHgvK1J5MVluVEFhaHdCaWl0a2dwZVNXT3FRUDRSNEtVdWFBZzBXWjA0OC9QVUw0N1g1M1pWbGxkMGdtQ3R1WHZGMGpTZSs5UGpnbSt4ZnBSRGZmUHl0bFNhdUtSbGNUaUJ2cDBSdWoyNGxqVEFsd2pzMk1rL2pNNG9TWkZqcEVtMEd2RkdEVVRKKy8wOU1oSDlSZUs2WFNhTTdxWEt3dUh6aCtrbzR1UzJLQUgwMVFhZk9DZTgyblFnYklSWWFlQjdUbm1jVVBHOVVML1dVSDFhVUNiV3ExZXFTSlV0NGhuZFVMOHFSRVhZME5uKzBiWnFvb0Zxbjl2NEhIWHZXQzUwR0QxU05XQ1pyQkovNkxVdzlid0dYa0pTc0ZVT1lVM1lwVkgwMFFkUGNhTHRoeEpGZENTancyN2lzZDE4eitwRVRTYUZDMTVnamJINDBVTmozVTBOMVZrRkJEb1p3OXlMYXBvNDNyZm5TVUV3OWlyeFkzNHdZSVhZcVZRTk05d0RoTGxHd1NDdWFiSEVDd3dHd292S0h3L1BoKzg4d2hHOUFVVitPTnlHbWpmdTZ3aWlsNksyN2UxMlhVVHp2Q3VUbWowRVNFZkZDeUd2ak9XKzc0b0Y2Y3ZvaWNzYm5YTXpIaGFrKzRVKzFUcjFUVnhEbEF5dE1CZGV3R0FDMm9yYUFUdnJ2SVEvdHRHQjUrK3I2b3NYOXJacXhRQXJySVY3aHZMcUdGbXJXWmhGVnBLQW8vV0d3SDRrWkR2Yi9NcnNia0FlMG1OaFVQajE5RWtiMDc2Z3laTzVzcjMxbGdCaW11NkFzeXNnRk1OZDlRMm9tMXlyVmFVU0R0c05SeEMzV2V0UlNsSFhpdzBqY0p1SmlXc1d6SVVadVAyWElTWEZ0YWNqK3BjUEtndm51eHNmbHFuc3FjaTRKQ29TN1RoUXJGRTlUU0dyZHhFNVBrc2ozQko1UTlxL0dWTm9mdW1PZU1YVkMvTzcwRzhnbi9Kd2c1VVVyaSt4SDF6MFMvVzdwbVkwWGExYmMraXllVEZqMTMzay9laEZqSDF0WjdNcXhxdE9OWXgrUVdSZFU1b1ZSWkluKzg0S1UzVS9DazNMQTNzbG5teEE3NnhnZENEM2VUaTZzM09LYkkyQzArMTJPQ3laYzYvSis4elltVm5TWnJRSk1McUN1d0Z2dlZQVmg1RWxyUXhlMnluRmlSdUhjekxTK3QybWVnSklieWlNeDdvdW9pWmlINTFsdkhTRFRwS3lXZG1kQTFFdjdBS0t3ZHRPZFg2NXB4ZmZOUzFNOE1YYTNEM2FhcisxSThkM1lVWW1Nd1dJYkV0MXdGV2xRa1pRYm9UcTl5elZsMllOOWtJV1pzaEtYUVQxa1NFTTBtOHhEemVvWmUveTZDT240OWhiRTJKZnZLamh1QksxVUwxTWNKNkJnR0E9PSIsImRhdGFrZXkiOiJBUUVCQUhod20wWWFJU0plUnRKbTVuMUc2dXFlZWtYdW9YWFBlNVVGY2U5UnE4LzE0d0FBQUg0d2ZBWUpLb1pJaHZjTkFRY0dvRzh3YlFJQkFEQm9CZ2txaGtpRzl3MEJCd0V3SGdZSllJWklBV1VEQkFFdU1CRUVETjhhOU1vV3FoQVpraHFYeGdJQkVJQTdRMXRBa2dqdjZOenRwR0pkbTU1cWpLMlQ2RncrTG5KQjN5WUkvaFI4UHdHSTM0eGU1NGsxMHdVc0w2Tkg3Uno2NlZUelFuTzRmNGl1am9ZPSIsInZlcnNpb24iOiIyIiwidHlwZSI6IkRBVEFfS0VZIiwiZXhwaXJhdGlvbiI6MTcyMDMzMDE1OH0=",
            "proxy_endpoint": "https://845524701534.dkr.ecr.us-east-1.amazonaws.com",
            "registry_id": null,
            "user_name": "AWS"
          },
          "sensitive_attributes": [
            [
              {
                "type": "get_attr",
                "value": "authorization_token"
              }
            ],
            [
              {
                "type": "get_attr",
                "value": "password"
              }
            ]
          ]
        }
      ]
    },
    {
      "mode": "data",
      "type": "aws_iam_policy_document",
      "name": "assume_role",
      "provider": "provider[\"registry.terraform.io/hashicorp/aws\"]",
      "instances": [
        {
          "schema_version": 0,
          "attributes": {
            "id": "2690255455",
            "json": "{\n  \"Version\": \"2012-10-17\",\n  \"Statement\": [\n    {\n      \"Effect\": \"Allow\",\n      \"Action\": \"sts:AssumeRole\",\n      \"Principal\": {\n        \"Service\": \"lambda.amazonaws.com\"\n      }\n    }\n  ]\n}",
            "minified_json": "{\"Version\":\"2012-10-17\",\"Statement\":[{\"Effect\":\"Allow\",\"Action\":\"sts:AssumeRole\",\"Principal\":{\"Service\":\"lambda.amazonaws.com\"}}]}",
            "override_json": null,
            "override_policy_documents": null,
            "policy_id": null,
            "source_json": null,
            "source_policy_documents": null,
            "statement": [
              {
                "actions": [
                  "sts:AssumeRole"
                ],
                "condition": [],
                "effect": "Allow",
                "not_actions": [],
                "not_principals": [],
                "not_resources": [],
                "principals": [
                  {
                    "identifiers": [
                      "lambda.amazonaws.com"
                    ],
                    "type": "Service"
                  }
                ],
                "resources": [],
                "sid": ""
              }
            ],
            "version": "2012-10-17"
          },
          "sensitive_attributes": []
        }
      ]
    },
    {
      "mode": "data",
      "type": "aws_iam_policy_document",
      "name": "online_processor_policy_doc",
      "provider": "provider[\"registry.terraform.io/hashicorp/aws\"]",
      "instances": [
        {
          "schema_version": 0,
          "attributes": {
            "id": "3906318023",
            "json": "{\n  \"Version\": \"2012-10-17\",\n  \"Statement\": [\n    {\n      \"Effect\": \"Allow\",\n      \"Action\": [\n        \"s3:Put*\",\n        \"s3:List*\",\n        \"s3:Get*\",\n        \"ec2:DescribeNetworkInterfaces\",\n        \"ec2:DeleteNetworkInterface\",\n        \"ec2:CreateNetworkInterface\",\n        \"bedrock:*\"\n      ],\n      \"Resource\": \"*\"\n    },\n    {\n      \"Effect\": \"Allow\",\n      \"Action\": [\n        \"s3:PutObject\",\n        \"s3:GetObject\",\n        \"s3:DeleteObject\"\n      ],\n      \"Resource\": \"arn:aws:s3:::docupload-845524701534-musical-sheep/*\"\n    },\n    {\n      \"Effect\": \"Allow\",\n      \"Action\": [\n        \"logs:PutLogEvents\",\n        \"logs:CreateLogStream\",\n        \"logs:CreateLogGroup\"\n      ],\n      \"Resource\": \"arn:aws:logs:*:*:*\"\n    }\n  ]\n}",
            "minified_json": "{\"Version\":\"2012-10-17\",\"Statement\":[{\"Effect\":\"Allow\",\"Action\":[\"s3:Put*\",\"s3:List*\",\"s3:Get*\",\"ec2:DescribeNetworkInterfaces\",\"ec2:DeleteNetworkInterface\",\"ec2:CreateNetworkInterface\",\"bedrock:*\"],\"Resource\":\"*\"},{\"Effect\":\"Allow\",\"Action\":[\"s3:PutObject\",\"s3:GetObject\",\"s3:DeleteObject\"],\"Resource\":\"arn:aws:s3:::docupload-845524701534-musical-sheep/*\"},{\"Effect\":\"Allow\",\"Action\":[\"logs:PutLogEvents\",\"logs:CreateLogStream\",\"logs:CreateLogGroup\"],\"Resource\":\"arn:aws:logs:*:*:*\"}]}",
            "override_json": null,
            "override_policy_documents": null,
            "policy_id": null,
            "source_json": null,
            "source_policy_documents": null,
            "statement": [
              {
                "actions": [
                  "bedrock:*",
                  "ec2:CreateNetworkInterface",
                  "ec2:DeleteNetworkInterface",
                  "ec2:DescribeNetworkInterfaces",
                  "s3:Get*",
                  "s3:List*",
                  "s3:Put*"
                ],
                "condition": [],
                "effect": "Allow",
                "not_actions": [],
                "not_principals": [],
                "not_resources": [],
                "principals": [],
                "resources": [
                  "*"
                ],
                "sid": ""
              },
              {
                "actions": [
                  "s3:DeleteObject",
                  "s3:GetObject",
                  "s3:PutObject"
                ],
                "condition": [],
                "effect": "Allow",
                "not_actions": [],
                "not_principals": [],
                "not_resources": [],
                "principals": [],
                "resources": [
                  "arn:aws:s3:::docupload-845524701534-musical-sheep/*"
                ],
                "sid": ""
              },
              {
                "actions": [
                  "logs:CreateLogGroup",
                  "logs:CreateLogStream",
                  "logs:PutLogEvents"
                ],
                "condition": [],
                "effect": "Allow",
                "not_actions": [],
                "not_principals": [],
                "not_resources": [],
                "principals": [],
                "resources": [
                  "arn:aws:logs:*:*:*"
                ],
                "sid": ""
              }
            ],
            "version": "2012-10-17"
          },
          "sensitive_attributes": []
        }
      ]
    },
    {
      "mode": "data",
      "type": "aws_region",
      "name": "current",
      "provider": "provider[\"registry.terraform.io/hashicorp/aws\"]",
      "instances": [
        {
          "schema_version": 0,
          "attributes": {
            "description": "US East (N. Virginia)",
            "endpoint": "ec2.us-east-1.amazonaws.com",
            "id": "us-east-1",
            "name": "us-east-1"
          },
          "sensitive_attributes": []
        }
      ]
    },
    {
      "mode": "managed",
      "type": "aws_cloudwatch_log_group",
      "name": "glue_python_job",
      "provider": "provider[\"registry.terraform.io/hashicorp/aws\"]",
      "instances": [
        {
          "schema_version": 0,
          "attributes": {
            "arn": "arn:aws:logs:us-east-1:845524701534:log-group:glue_python_job",
            "id": "glue_python_job",
            "kms_key_id": "",
            "log_group_class": "STANDARD",
            "name": "glue_python_job",
            "name_prefix": "",
            "retention_in_days": 14,
            "skip_destroy": false,
            "tags": {},
            "tags_all": {}
          },
          "sensitive_attributes": [],
          "private": "bnVsbA=="
        }
      ]
    },
    {
      "mode": "managed",
      "type": "aws_cloudwatch_log_group",
      "name": "online_processor",
      "provider": "provider[\"registry.terraform.io/hashicorp/aws\"]",
      "instances": [
        {
          "schema_version": 0,
          "attributes": {
            "arn": "arn:aws:logs:us-east-1:845524701534:log-group:/aws/lambda/translate_tool",
            "id": "/aws/lambda/translate_tool",
            "kms_key_id": "",
            "log_group_class": "STANDARD",
            "name": "/aws/lambda/translate_tool",
            "name_prefix": "",
            "retention_in_days": 14,
            "skip_destroy": false,
            "tags": {},
            "tags_all": {}
          },
          "sensitive_attributes": [],
          "private": "bnVsbA=="
        }
      ]
    },
    {
      "mode": "managed",
      "type": "aws_dynamodb_table",
      "name": "rag_meta_chs_table",
      "provider": "provider[\"registry.terraform.io/hashicorp/aws\"]",
      "instances": [
        {
          "schema_version": 1,
          "attributes": {
            "arn": "arn:aws:dynamodb:us-east-1:845524701534:table/rag_translate_chs_table",
            "attribute": [
              {
                "name": "term",
                "type": "S"
              }
            ],
            "billing_mode": "PAY_PER_REQUEST",
            "deletion_protection_enabled": false,
            "global_secondary_index": [],
            "hash_key": "term",
            "id": "rag_translate_chs_table",
            "import_table": [],
            "local_secondary_index": [],
            "name": "rag_translate_chs_table",
            "point_in_time_recovery": [
              {
                "enabled": false
              }
            ],
            "range_key": null,
            "read_capacity": 0,
            "replica": [],
            "restore_date_time": null,
            "restore_source_name": null,
            "restore_to_latest_time": null,
            "server_side_encryption": [],
            "stream_arn": "",
            "stream_enabled": false,
            "stream_label": "",
            "stream_view_type": "",
            "table_class": "STANDARD",
            "tags": {},
            "tags_all": {},
            "timeouts": null,
            "ttl": [
              {
                "attribute_name": "",
                "enabled": false
              }
            ],
            "write_capacity": 0
          },
          "sensitive_attributes": [],
          "private": "eyJlMmJmYjczMC1lY2FhLTExZTYtOGY4OC0zNDM2M2JjN2M0YzAiOnsiY3JlYXRlIjoxODAwMDAwMDAwMDAwLCJkZWxldGUiOjYwMDAwMDAwMDAwMCwidXBkYXRlIjozNjAwMDAwMDAwMDAwfSwic2NoZW1hX3ZlcnNpb24iOiIxIn0="
        }
      ]
    },
    {
      "mode": "managed",
      "type": "aws_dynamodb_table",
      "name": "rag_meta_en_table",
      "provider": "provider[\"registry.terraform.io/hashicorp/aws\"]",
      "instances": [
        {
          "schema_version": 1,
          "attributes": {
            "arn": "arn:aws:dynamodb:us-east-1:845524701534:table/rag_translate_en_table",
            "attribute": [
              {
                "name": "term",
                "type": "S"
              }
            ],
            "billing_mode": "PAY_PER_REQUEST",
            "deletion_protection_enabled": false,
            "global_secondary_index": [],
            "hash_key": "term",
            "id": "rag_translate_en_table",
            "import_table": [],
            "local_secondary_index": [],
            "name": "rag_translate_en_table",
            "point_in_time_recovery": [
              {
                "enabled": false
              }
            ],
            "range_key": null,
            "read_capacity": 0,
            "replica": [],
            "restore_date_time": null,
            "restore_source_name": null,
            "restore_to_latest_time": null,
            "server_side_encryption": [],
            "stream_arn": "",
            "stream_enabled": false,
            "stream_label": "",
            "stream_view_type": "",
            "table_class": "STANDARD",
            "tags": {},
            "tags_all": {},
            "timeouts": null,
            "ttl": [
              {
                "attribute_name": "",
                "enabled": false
              }
            ],
            "write_capacity": 0
          },
          "sensitive_attributes": [],
          "private": "eyJlMmJmYjczMC1lY2FhLTExZTYtOGY4OC0zNDM2M2JjN2M0YzAiOnsiY3JlYXRlIjoxODAwMDAwMDAwMDAwLCJkZWxldGUiOjYwMDAwMDAwMDAwMCwidXBkYXRlIjozNjAwMDAwMDAwMDAwfSwic2NoZW1hX3ZlcnNpb24iOiIxIn0="
        }
      ]
    },
    {
      "mode": "managed",
      "type": "aws_glue_connection",
      "name": "glue_job_conn",
      "provider": "provider[\"registry.terraform.io/hashicorp/aws\"]",
      "instances": [
        {
          "schema_version": 0,
          "attributes": {
            "arn": "arn:aws:glue:us-east-1:845524701534:connection/glue-job-connection",
            "catalog_id": "845524701534",
            "connection_properties": {},
            "connection_type": "NETWORK",
            "description": "",
            "id": "845524701534:glue-job-connection",
            "match_criteria": [],
            "name": "glue-job-connection",
            "physical_connection_requirements": [
              {
                "availability_zone": "us-east-1",
                "security_group_id_list": [
                  "sg-09a747fc4d84ca6ff"
                ],
                "subnet_id": "subnet-041a3e85013396830"
              }
            ],
            "tags": {},
            "tags_all": {}
          },
          "sensitive_attributes": [
            [
              {
                "type": "get_attr",
                "value": "connection_properties"
              }
            ]
          ],
          "private": "bnVsbA=="
        }
      ]
    },
    {
      "mode": "managed",
      "type": "aws_glue_job",
      "name": "ingest_ddb_job",
      "provider": "provider[\"registry.terraform.io/hashicorp/aws\"]",
      "instances": [
        {
          "schema_version": 0,
          "attributes": {
            "arn": "arn:aws:glue:us-east-1:845524701534:job/ingest_knowledge2ddb",
            "command": [
              {
                "name": "pythonshell",
                "python_version": "3.9",
                "runtime": "",
                "script_location": "s3://docupload-845524701534-musical-sheep/ddb_write_job.py"
              }
            ],
            "connections": [
              "glue-job-connection"
            ],
            "default_arguments": {
              "--REGION": "us-east-1",
              "--additional-python-modules": "boto3\u003e=1.28.52,botocore\u003e=1.31.52",
              "--bucket": "docupload-845524701534-musical-sheep",
              "--continuous-log-logGroup": "glue_python_job",
              "--dynamodb_table_name": "rag-translate-table",
              "--enable-continuous-cloudwatch-log": "true",
              "--enable-continuous-log-filter": "true",
              "--object_key": "kb/multilingual_terminology.json"
            },
            "description": "",
            "execution_class": "",
            "execution_property": [
              {
                "max_concurrent_runs": 1
              }
            ],
            "glue_version": "1.0",
            "id": "ingest_knowledge2ddb",
            "maintenance_window": "",
            "max_capacity": 1,
            "max_retries": 0,
            "name": "ingest_knowledge2ddb",
            "non_overridable_arguments": {},
            "notification_property": [],
            "number_of_workers": 0,
            "role_arn": "arn:aws:iam::845524701534:role/glue_job_role",
            "security_configuration": "",
            "tags": {},
            "tags_all": {},
            "timeout": 2880,
            "worker_type": ""
          },
          "sensitive_attributes": [],
          "private": "bnVsbA==",
          "dependencies": [
            "aws_cloudwatch_log_group.glue_python_job",
            "aws_glue_connection.glue_job_conn",
            "aws_iam_role.glue_job_role",
            "aws_s3_bucket.doc_upload_bucket",
            "aws_s3_bucket_object.ddb_write_script",
            "data.aws_caller_identity.this",
            "random_pet.this"
          ]
        }
      ]
    },
    {
      "mode": "managed",
      "type": "aws_iam_policy",
      "name": "glue_job_policy",
      "provider": "provider[\"registry.terraform.io/hashicorp/aws\"]",
      "instances": [
        {
          "schema_version": 0,
          "attributes": {
            "arn": "arn:aws:iam::845524701534:policy/glue_job_policy",
            "attachment_count": 1,
            "description": "Policy for Glue jobs",
            "id": "arn:aws:iam::845524701534:policy/glue_job_policy",
            "name": "glue_job_policy",
            "name_prefix": "",
            "path": "/",
            "policy": "{\"Statement\":[{\"Action\":[\"s3:List*\",\"s3:Get*\",\"s3:Put*\",\"dynamodb:*\",\"glue:*\",\"ec2:*\"],\"Effect\":\"Allow\",\"Resource\":\"*\"}],\"Version\":\"2012-10-17\"}",
            "policy_id": "ANPA4JXJTCFPA53Z6J3VY",
            "tags": {},
            "tags_all": {}
          },
          "sensitive_attributes": [],
          "private": "bnVsbA=="
        }
      ]
    },
    {
      "mode": "managed",
      "type": "aws_iam_role",
      "name": "glue_job_role",
      "provider": "provider[\"registry.terraform.io/hashicorp/aws\"]",
      "instances": [
        {
          "schema_version": 0,
          "attributes": {
            "arn": "arn:aws:iam::845524701534:role/glue_job_role",
            "assume_role_policy": "{\"Statement\":[{\"Action\":\"sts:AssumeRole\",\"Effect\":\"Allow\",\"Principal\":{\"Service\":\"glue.amazonaws.com\"},\"Sid\":\"\"}],\"Version\":\"2012-10-17\"}",
            "create_date": "2024-06-27T12:54:27Z",
            "description": "",
            "force_detach_policies": false,
            "id": "glue_job_role",
            "inline_policy": [],
            "managed_policy_arns": [
              "arn:aws:iam::845524701534:policy/glue_job_policy"
            ],
            "max_session_duration": 3600,
            "name": "glue_job_role",
            "name_prefix": "",
            "path": "/",
            "permissions_boundary": "",
            "tags": {},
            "tags_all": {},
            "unique_id": "AROA4JXJTCFPPSTP6GO62"
          },
          "sensitive_attributes": [],
          "private": "bnVsbA=="
        }
      ]
    },
    {
      "mode": "managed",
      "type": "aws_iam_role",
      "name": "iam_for_lambda",
      "provider": "provider[\"registry.terraform.io/hashicorp/aws\"]",
      "instances": [
        {
          "schema_version": 0,
          "attributes": {
            "arn": "arn:aws:iam::845524701534:role/iam_for_lambda",
            "assume_role_policy": "{\"Statement\":[{\"Action\":\"sts:AssumeRole\",\"Effect\":\"Allow\",\"Principal\":{\"Service\":\"lambda.amazonaws.com\"}}],\"Version\":\"2012-10-17\"}",
            "create_date": "2024-06-27T12:54:27Z",
            "description": "",
            "force_detach_policies": false,
            "id": "iam_for_lambda",
            "inline_policy": [
              {
                "name": "online_processor_policy",
                "policy": "{\"Version\":\"2012-10-17\",\"Statement\":[{\"Action\":[\"s3:Put*\",\"s3:List*\",\"s3:Get*\",\"ec2:DescribeNetworkInterfaces\",\"ec2:DeleteNetworkInterface\",\"ec2:CreateNetworkInterface\",\"bedrock:*\"],\"Effect\":\"Allow\",\"Resource\":\"*\"},{\"Action\":[\"s3:PutObject\",\"s3:GetObject\",\"s3:DeleteObject\"],\"Effect\":\"Allow\",\"Resource\":\"arn:aws:s3:::docupload-845524701534-musical-sheep/*\"},{\"Action\":[\"logs:PutLogEvents\",\"logs:CreateLogStream\",\"logs:CreateLogGroup\"],\"Effect\":\"Allow\",\"Resource\":\"arn:aws:logs:*:*:*\"}]}"
              }
            ],
            "managed_policy_arns": [],
            "max_session_duration": 3600,
            "name": "iam_for_lambda",
            "name_prefix": "",
            "path": "/",
            "permissions_boundary": "",
            "tags": {},
            "tags_all": {},
            "unique_id": "AROA4JXJTCFPANJN4GEW6"
          },
          "sensitive_attributes": [],
          "private": "bnVsbA==",
          "dependencies": [
            "data.aws_iam_policy_document.assume_role"
          ]
        }
      ]
    },
    {
      "mode": "managed",
      "type": "aws_iam_role_policy",
      "name": "online_processor_policy",
      "provider": "provider[\"registry.terraform.io/hashicorp/aws\"]",
      "instances": [
        {
          "schema_version": 0,
          "attributes": {
            "id": "iam_for_lambda:online_processor_policy",
            "name": "online_processor_policy",
            "name_prefix": "",
            "policy": "{\"Version\":\"2012-10-17\",\"Statement\":[{\"Action\":[\"s3:Put*\",\"s3:List*\",\"s3:Get*\",\"ec2:DescribeNetworkInterfaces\",\"ec2:DeleteNetworkInterface\",\"ec2:CreateNetworkInterface\",\"bedrock:*\"],\"Effect\":\"Allow\",\"Resource\":\"*\"},{\"Action\":[\"s3:PutObject\",\"s3:GetObject\",\"s3:DeleteObject\"],\"Effect\":\"Allow\",\"Resource\":\"arn:aws:s3:::docupload-845524701534-musical-sheep/*\"},{\"Action\":[\"logs:PutLogEvents\",\"logs:CreateLogStream\",\"logs:CreateLogGroup\"],\"Effect\":\"Allow\",\"Resource\":\"arn:aws:logs:*:*:*\"}]}",
            "role": "iam_for_lambda"
          },
          "sensitive_attributes": [],
          "private": "bnVsbA==",
          "dependencies": [
            "aws_s3_bucket.doc_upload_bucket",
            "data.aws_caller_identity.this",
            "data.aws_iam_policy_document.online_processor_policy_doc",
            "random_pet.this"
          ]
        }
      ]
    },
    {
      "mode": "managed",
      "type": "aws_iam_role_policy_attachment",
      "name": "glue_job_policy_attach",
      "provider": "provider[\"registry.terraform.io/hashicorp/aws\"]",
      "instances": [
        {
          "schema_version": 0,
          "attributes": {
            "id": "glue_job_role-20240627125428947300000001",
            "policy_arn": "arn:aws:iam::845524701534:policy/glue_job_policy",
            "role": "glue_job_role"
          },
          "sensitive_attributes": [],
          "private": "bnVsbA==",
          "dependencies": [
            "aws_iam_policy.glue_job_policy",
            "aws_iam_role.glue_job_role"
          ]
        }
      ]
    },
    {
      "mode": "managed",
      "type": "aws_lambda_function",
      "name": "online_processor",
      "provider": "provider[\"registry.terraform.io/hashicorp/aws\"]",
      "instances": [
        {
          "schema_version": 0,
          "attributes": {
            "architectures": [
              "x86_64"
            ],
            "arn": "arn:aws:lambda:us-east-1:845524701534:function:translate_tool",
            "code_sha256": "9d6e119b6829385ecb2f017e174ce25a1201a7076b22cd7cb1de6d9fd94ca49a",
            "code_signing_config_arn": "",
            "dead_letter_config": [],
            "description": "",
            "environment": [
              {
                "variables": {
                  "user_dict_bucket": "docupload-845524701534-musical-sheep",
                  "user_dict_path": "user_dict/user_dict.txt"
                }
              }
            ],
            "ephemeral_storage": [
              {
                "size": 512
              }
            ],
            "file_system_config": [],
            "filename": null,
            "function_name": "translate_tool",
            "handler": "",
            "id": "translate_tool",
            "image_config": [],
            "image_uri": "845524701534.dkr.ecr.us-east-1.amazonaws.com/musical-sheep@sha256:9d6e119b6829385ecb2f017e174ce25a1201a7076b22cd7cb1de6d9fd94ca49a",
            "invoke_arn": "arn:aws:apigateway:us-east-1:lambda:path/2015-03-31/functions/arn:aws:lambda:us-east-1:845524701534:function:translate_tool/invocations",
            "kms_key_arn": "",
            "last_modified": "2024-07-06T16:34:35.000+0000",
            "layers": [],
            "logging_config": [
              {
                "application_log_level": "",
                "log_format": "Text",
                "log_group": "/aws/lambda/translate_tool",
                "system_log_level": ""
              }
            ],
            "memory_size": 1024,
            "package_type": "Image",
            "publish": false,
            "qualified_arn": "arn:aws:lambda:us-east-1:845524701534:function:translate_tool:$LATEST",
            "qualified_invoke_arn": "arn:aws:apigateway:us-east-1:lambda:path/2015-03-31/functions/arn:aws:lambda:us-east-1:845524701534:function:translate_tool:$LATEST/invocations",
            "replace_security_groups_on_destroy": null,
            "replacement_security_group_ids": null,
            "reserved_concurrent_executions": -1,
            "role": "arn:aws:iam::845524701534:role/iam_for_lambda",
            "runtime": "",
            "s3_bucket": null,
            "s3_key": null,
            "s3_object_version": null,
            "signing_job_arn": "",
            "signing_profile_version_arn": "",
            "skip_destroy": false,
            "snap_start": [],
            "source_code_hash": "",
            "source_code_size": 0,
            "tags": {},
            "tags_all": {},
            "timeout": 900,
            "timeouts": null,
            "tracing_config": [
              {
                "mode": "PassThrough"
              }
            ],
            "version": "$LATEST",
            "vpc_config": [
              {
                "ipv6_allowed_for_dual_stack": false,
                "security_group_ids": [
                  "sg-09a747fc4d84ca6ff"
                ],
                "subnet_ids": [
                  "subnet-041a3e85013396830",
                  "subnet-0eaba87d1758b13c7"
                ],
                "vpc_id": "vpc-08c27a6f28c385fd6"
              }
            ]
          },
          "sensitive_attributes": [],
          "private": "eyJlMmJmYjczMC1lY2FhLTExZTYtOGY4OC0zNDM2M2JjN2M0YzAiOnsiY3JlYXRlIjo2MDAwMDAwMDAwMDAsImRlbGV0ZSI6NjAwMDAwMDAwMDAwLCJ1cGRhdGUiOjYwMDAwMDAwMDAwMH19",
          "dependencies": [
            "aws_cloudwatch_log_group.online_processor",
            "aws_iam_role.iam_for_lambda",
            "aws_s3_bucket.doc_upload_bucket",
            "data.aws_caller_identity.this",
            "data.aws_ecr_authorization_token.token",
            "data.aws_iam_policy_document.assume_role",
            "data.aws_region.current",
            "module.docker_build.aws_ecr_repository.this",
            "module.docker_build.data.aws_caller_identity.this",
            "module.docker_build.data.aws_region.current",
            "module.docker_build.docker_image.this",
            "module.docker_build.docker_registry_image.this",
            "random_pet.this"
          ]
        }
      ]
    },
    {
      "mode": "managed",
      "type": "aws_s3_bucket",
      "name": "doc_upload_bucket",
      "provider": "provider[\"registry.terraform.io/hashicorp/aws\"]",
      "instances": [
        {
          "schema_version": 0,
          "attributes": {
            "acceleration_status": "",
            "acl": null,
            "arn": "arn:aws:s3:::docupload-845524701534-musical-sheep",
            "bucket": "docupload-845524701534-musical-sheep",
            "bucket_domain_name": "docupload-845524701534-musical-sheep.s3.amazonaws.com",
            "bucket_prefix": "",
            "bucket_regional_domain_name": "docupload-845524701534-musical-sheep.s3.us-east-1.amazonaws.com",
            "cors_rule": [
              {
                "allowed_headers": [
                  "*"
                ],
                "allowed_methods": [
                  "GET",
                  "POST",
                  "PUT"
                ],
                "allowed_origins": [
                  "*"
                ],
                "expose_headers": [],
                "max_age_seconds": 0
              }
            ],
            "force_destroy": true,
            "grant": [
              {
                "id": "1c82da473f0186857f04674689d65d66ca8c2b922feb79af08bc0ae1d598b39a",
                "permissions": [
                  "FULL_CONTROL"
                ],
                "type": "CanonicalUser",
                "uri": ""
              }
            ],
            "hosted_zone_id": "Z3AQBSTGFYJSTF",
            "id": "docupload-845524701534-musical-sheep",
            "lifecycle_rule": [],
            "logging": [],
            "object_lock_configuration": [],
            "object_lock_enabled": false,
            "policy": "",
            "region": "us-east-1",
            "replication_configuration": [],
            "request_payer": "BucketOwner",
            "server_side_encryption_configuration": [
              {
                "rule": [
                  {
                    "apply_server_side_encryption_by_default": [
                      {
                        "kms_master_key_id": "",
                        "sse_algorithm": "AES256"
                      }
                    ],
                    "bucket_key_enabled": false
                  }
                ]
              }
            ],
            "tags": {},
            "tags_all": {},
            "timeouts": null,
            "versioning": [
              {
                "enabled": false,
                "mfa_delete": false
              }
            ],
            "website": [],
            "website_domain": null,
            "website_endpoint": null
          },
          "sensitive_attributes": [],
          "private": "eyJlMmJmYjczMC1lY2FhLTExZTYtOGY4OC0zNDM2M2JjN2M0YzAiOnsiY3JlYXRlIjoxMjAwMDAwMDAwMDAwLCJkZWxldGUiOjM2MDAwMDAwMDAwMDAsInJlYWQiOjEyMDAwMDAwMDAwMDAsInVwZGF0ZSI6MTIwMDAwMDAwMDAwMH19",
          "dependencies": [
            "data.aws_caller_identity.this",
            "random_pet.this"
          ]
        }
      ]
    },
    {
      "mode": "managed",
      "type": "aws_s3_bucket_object",
      "name": "ddb_write_script",
      "provider": "provider[\"registry.terraform.io/hashicorp/aws\"]",
      "instances": [
        {
          "schema_version": 0,
          "attributes": {
            "acl": "private",
            "arn": "arn:aws:s3:::docupload-845524701534-musical-sheep/ddb_write_job.py",
            "bucket": "docupload-845524701534-musical-sheep",
            "bucket_key_enabled": false,
            "cache_control": "",
            "content": null,
            "content_base64": null,
            "content_disposition": "",
            "content_encoding": "",
            "content_language": "",
            "content_type": "application/octet-stream; charset=UTF-8",
            "etag": "ba21a26d57bcb1308b4d9408699f872d",
            "force_destroy": false,
            "id": "ddb_write_job.py",
            "key": "ddb_write_job.py",
            "kms_key_id": null,
            "metadata": {},
            "object_lock_legal_hold_status": "",
            "object_lock_mode": "",
            "object_lock_retain_until_date": "",
            "server_side_encryption": "AES256",
            "source": "./code/offline_process/ddb_write_job.py",
            "source_hash": null,
            "storage_class": "STANDARD",
            "tags": {},
            "tags_all": {},
            "version_id": "",
            "website_redirect": ""
          },
          "sensitive_attributes": [],
          "private": "bnVsbA==",
          "dependencies": [
            "aws_s3_bucket.doc_upload_bucket",
            "data.aws_caller_identity.this",
            "random_pet.this"
          ]
        }
      ]
    },
    {
      "mode": "managed",
      "type": "random_pet",
      "name": "this",
      "provider": "provider[\"registry.terraform.io/hashicorp/random\"]",
      "instances": [
        {
          "schema_version": 0,
          "attributes": {
            "id": "musical-sheep",
            "keepers": null,
            "length": 2,
            "prefix": null,
            "separator": "-"
          },
          "sensitive_attributes": []
        }
      ]
    },
    {
      "module": "module.docker_build",
      "mode": "data",
      "type": "aws_caller_identity",
      "name": "this",
      "provider": "provider[\"registry.terraform.io/hashicorp/aws\"]",
      "instances": [
        {
          "schema_version": 0,
          "attributes": {
            "account_id": "845524701534",
            "arn": "arn:aws:sts::845524701534:assumed-role/admin/oyanli-Isengard",
            "id": "845524701534",
            "user_id": "AROA4JXJTCFPOY4JRI553:oyanli-Isengard"
          },
          "sensitive_attributes": []
        }
      ]
    },
    {
      "module": "module.docker_build",
      "mode": "data",
      "type": "aws_region",
      "name": "current",
      "provider": "provider[\"registry.terraform.io/hashicorp/aws\"]",
      "instances": [
        {
          "schema_version": 0,
          "attributes": {
            "description": "US East (N. Virginia)",
            "endpoint": "ec2.us-east-1.amazonaws.com",
            "id": "us-east-1",
            "name": "us-east-1"
          },
          "sensitive_attributes": []
        }
      ]
    },
    {
      "module": "module.docker_build",
      "mode": "managed",
      "type": "aws_ecr_lifecycle_policy",
      "name": "this",
      "provider": "provider[\"registry.terraform.io/hashicorp/aws\"]",
      "instances": [
        {
          "index_key": 0,
          "schema_version": 0,
          "attributes": {
            "id": "musical-sheep",
            "policy": "{\"rules\":[{\"action\":{\"type\":\"expire\"},\"description\":\"Keep only the last 2 images\",\"rulePriority\":1,\"selection\":{\"countNumber\":2,\"countType\":\"imageCountMoreThan\",\"tagStatus\":\"any\"}}]}",
            "registry_id": "845524701534",
            "repository": "musical-sheep"
          },
          "sensitive_attributes": [],
          "private": "bnVsbA==",
          "dependencies": [
            "module.docker_build.aws_ecr_repository.this",
            "random_pet.this"
          ]
        }
      ]
    },
    {
      "module": "module.docker_build",
      "mode": "managed",
      "type": "aws_ecr_repository",
      "name": "this",
      "provider": "provider[\"registry.terraform.io/hashicorp/aws\"]",
      "instances": [
        {
          "index_key": 0,
          "schema_version": 0,
          "attributes": {
            "arn": "arn:aws:ecr:us-east-1:845524701534:repository/musical-sheep",
            "encryption_configuration": [
              {
                "encryption_type": "AES256",
                "kms_key": ""
              }
            ],
            "force_delete": true,
            "id": "musical-sheep",
            "image_scanning_configuration": [
              {
                "scan_on_push": false
              }
            ],
            "image_tag_mutability": "MUTABLE",
            "name": "musical-sheep",
            "registry_id": "845524701534",
            "repository_url": "845524701534.dkr.ecr.us-east-1.amazonaws.com/musical-sheep",
            "tags": {},
            "tags_all": {},
            "timeouts": null
          },
          "sensitive_attributes": [],
          "private": "eyJlMmJmYjczMC1lY2FhLTExZTYtOGY4OC0zNDM2M2JjN2M0YzAiOnsiZGVsZXRlIjoxMjAwMDAwMDAwMDAwfX0=",
          "dependencies": [
            "random_pet.this"
          ]
        }
      ]
    },
    {
      "module": "module.docker_build",
      "mode": "managed",
      "type": "docker_image",
      "name": "this",
      "provider": "provider[\"registry.terraform.io/kreuzwerker/docker\"]",
      "instances": [
        {
          "schema_version": 0,
          "attributes": {
            "build": [
              {
                "auth_config": [],
                "build_arg": {},
                "build_args": {
                  "FOO": "bar"
                },
                "build_id": "",
                "cache_from": [],
                "cgroup_parent": "",
                "context": "code/online_process",
                "cpu_period": 0,
                "cpu_quota": 0,
                "cpu_set_cpus": "",
                "cpu_set_mems": "",
                "cpu_shares": 0,
                "dockerfile": "Dockerfile",
                "extra_hosts": [],
                "force_remove": false,
                "isolation": "",
                "label": {},
                "labels": {},
                "memory": 0,
                "memory_swap": 0,
                "network_mode": "",
                "no_cache": false,
                "platform": "linux/amd64",
                "pull_parent": false,
                "remote_context": "",
                "remove": true,
                "security_opt": [],
                "session_id": "",
                "shm_size": 0,
                "squash": false,
                "suppress_output": false,
                "tag": [],
                "target": "",
                "ulimit": [],
                "version": ""
              }
            ],
            "force_remove": false,
            "id": "sha256:d607af350a441889074633840f6f4d7dc5af0144705ef47b75d114261d932ccc845524701534.dkr.ecr.us-east-1.amazonaws.com/musical-sheep",
            "image_id": "sha256:d607af350a441889074633840f6f4d7dc5af0144705ef47b75d114261d932ccc",
            "keep_locally": false,
            "name": "845524701534.dkr.ecr.us-east-1.amazonaws.com/musical-sheep",
            "platform": null,
            "pull_triggers": null,
            "repo_digest": "845524701534.dkr.ecr.us-east-1.amazonaws.com/musical-sheep@sha256:9d6e119b6829385ecb2f017e174ce25a1201a7076b22cd7cb1de6d9fd94ca49a",
            "triggers": {
              "dir_sha": "9ca27496a797472b3eaab3d5331bd36e7bb58e46"
            }
          },
          "sensitive_attributes": [],
          "private": "bnVsbA==",
          "dependencies": [
            "data.aws_caller_identity.this",
            "data.aws_ecr_authorization_token.token",
            "data.aws_region.current",
            "module.docker_build.aws_ecr_repository.this",
            "module.docker_build.data.aws_caller_identity.this",
            "module.docker_build.data.aws_region.current",
            "random_pet.this"
          ]
        }
      ]
    },
    {
      "module": "module.docker_build",
      "mode": "managed",
      "type": "docker_registry_image",
      "name": "this",
      "provider": "provider[\"registry.terraform.io/kreuzwerker/docker\"]",
      "instances": [
        {
          "schema_version": 0,
          "attributes": {
            "id": "sha256:9d6e119b6829385ecb2f017e174ce25a1201a7076b22cd7cb1de6d9fd94ca49a",
            "insecure_skip_verify": false,
            "keep_remotely": false,
            "name": "845524701534.dkr.ecr.us-east-1.amazonaws.com/musical-sheep",
            "sha256_digest": "sha256:9d6e119b6829385ecb2f017e174ce25a1201a7076b22cd7cb1de6d9fd94ca49a",
            "triggers": {
              "dir_sha": "9ca27496a797472b3eaab3d5331bd36e7bb58e46"
            }
          },
          "sensitive_attributes": [],
          "private": "bnVsbA==",
          "dependencies": [
            "data.aws_caller_identity.this",
            "data.aws_ecr_authorization_token.token",
            "data.aws_region.current",
            "module.docker_build.aws_ecr_repository.this",
            "module.docker_build.data.aws_caller_identity.this",
            "module.docker_build.data.aws_region.current",
            "module.docker_build.docker_image.this",
            "random_pet.this"
          ]
        }
      ]
    }
  ],
  "check_results": null
}
