{
  "version": 4,
  "terraform_version": "1.8.5",
  "serial": 96,
  "lineage": "65570001-15e3-dfbf-2fd1-635eb3e0bafe",
  "outputs": {},
  "resources": [
    {
      "mode": "data",
      "type": "aws_caller_identity",
      "name": "this",
      "provider": "provider[\"registry.terraform.io/hashicorp/aws\"]",
      "instances": [
        {
          "schema_version": 0,
          "attributes": {
            "account_id": "845524701534",
            "arn": "arn:aws:sts::845524701534:assumed-role/admin/oyanli-Isengard",
            "id": "845524701534",
            "user_id": "AROA4JXJTCFPOY4JRI553:oyanli-Isengard"
          },
          "sensitive_attributes": []
        }
      ]
    },
    {
      "mode": "data",
      "type": "aws_ecr_authorization_token",
      "name": "token",
      "provider": "provider[\"registry.terraform.io/hashicorp/aws\"]",
      "instances": [
        {
          "schema_version": 0,
          "attributes": {
            "authorization_token": "QVdTOmV5SndZWGxzYjJGa0lqb2lNMGRsYW10YVRrTXhTVloxTTBSRWMxQkRSbEJyYW5KRk1VbEhZa3R4Y0dOU2IwaElUR1JHTkRsRFYwTjNkMmRWT0ZkdFYxa3dkbEl6TkVaSlZXVk1aR2hWTkROblNqVnliRnBHZVhCM2VWb3dTVUpyTkZwMk5WQmFTbGNyTjFwNWNWbE1PV1puYkRKREwyTlNZMHRTVTJ0NFoxWnVUVlZGWjJ4dldraG9aVUZXVTNONlVIWjNOVlIyWlRoaFMwVkRkVEJXTldzNFJIRXpSbGwxT0ZaNVExaFdZVmxEUVVabWRqVnhkRkZWU1RKelZEWjBXVzVtVjNCemNIQkVlVEZaVjA5MVlrVTFSSGQwWlZkTmJreGhWVkZEVW1wU1V6QndTbXRoWWxoSlNHRnFlRzFKVWtacllsWlJXRVU0VGpCUVlUTkxUV2xhZFhwVlNGaFFSVXhYTkhSS1lVczJSVTQxUWxsRk1qQjNUVXRzVDA5c2NuSkpabWRqYlVwUVdEVlJabU53TlRCQmVGbzNLMFI2Ylc1bGFHVnpNM0EzVkRodmFHTkNUMloxTTBZdmEweDZRMFUxYnpCSVYwRndiazV3VWpCS2JIRjFNVXhLV1VaMlUwc3Zha3RSTUhBeFVHRlVkVlp0WVRNM2VIb3hlVmxzV1RRMWFraE5PV29yZEhFMmJtNVBRa3hwWldaSlZYWjRObnB2YTAxUE5VcHFWMGg2ZW10SFVYUktabmN6Y1VsbFYzTm5hV1oyV0UxSFZ5OUtNWE12Y0U1eE1tcGhZeTlYUVRoS1FXTjVLM2RMVTJGdGRXY3lZMmQzZG5KR1JWSnZPREZxT1N0cFQzQkVVRUZEVDFCSVluRndhMlZwVTNaVk9IUm1NbVIyTTBOWk4zcFBjVWhLWWt0M1VucE5TVTl0VUd3emIxUk1Wa1JqZUdoQ1ZEbExRVFlyTmxGak1rdEZNbXBsVnl0b1NtWXlOMmhzV1ZCeWFuZElTbkZMYUVZMGJHNTRSM2hPUjJkUGFXWmxMMkpXTTJ4cFlqVkVMemRqWkVkWWQxRkVPVkpxWm05RFkyOVBlVkpEWWxsV055dFVMMGRHZFRGcGVtdE9ZemhHYjBsaFExVktXbEppVlcxcU4weEVOSEJHWlVZMU1FczJSMUV3ZDI0eFJUZDNNekpEY2xkSVJVczVhMEU1UmpCaVlraDBkM0ZtZFhsNlZ6aHFjMlp0YURKamMwVm1ha2h6ZGtSYWNtWTVWRXRCTlhGek5tMXhZbFZEZUV4SFEzVm5lakIwVjI5TFozVTJVRlJaUTFSM1ZYbDRNM3B0VWtSVVdGTm5kVEo2VGpkMFVVaFlObVYyUTBSb1pUaFVaMU5sTkN0RmFXTkxaSHBCUzJFdldqUldhamRrU0dWWmIzWktRbXhpUlZWa1JUWlNXWEZ5U0VSdGVFUTJTRmd5UVdKRVVscG1ja1o2VEVadWFVOVJPRXRJYzBsbGQyUnhkREl2ZEZOd1dXaGpPWEk1Y2toUldFWmFVM1IxUVdScFlVNDJjazF6ZVZKR2MyUmhjRTVZUzBsWmJXeHNOWEpyWjBrNFFVMVRWV0YyV0ZOaldVaG1abGRIVWxOa1prUm9RMHhsVGxkdWQwMW9ZV0Z6Yms5YVZubDRWV3R4U1hobGJubG1PU3QyZGpoUVFXSktkWE0xVjFJeGJucE9WbUZ5WWpoVksyeFBXa2xKWW1oMVZIZ3liamg0UlUxSE9WQTRkR1EyVkhCdVpWb3ZlRWxOZEd0T2FVcE1LMmhRYTBOYU4xWldMemNyY0VaWk5XeGtSSHB0Y21nM01HaFRSa2xNZUhOT1lXazVZWGhoVDBScVZtZ3JUMnhxYUZCNk0yaDNUMnhOSzI1T1Mza3JkSFJ4VEVvNFVrSnNiSEJqTXpkM2IyNDFWV0oxUWpSQmJtdERZakZJUXpoUVdtSjROWEl6YTB3eVprTlhTRXBvYTFvNWNtcFRXRmRQVEhSYWJpdFBTbXBVZHpWNmJqVnNaVzlKVm5WWllVNVRXbk5MUlZGelVsRXpZako2UW01bmNXa3pVRFpSUjFGb1MxbDJhbWcxTnpFMFFVTjBVbkJ6UjFkUGRsaFdlSE5rZVZRek9YWnRTMnBWU25OV1owOXVlbEZuUjFOT2JVdElZazVoVTAxbFNHNVhSMUpFTjBkMlJrZFpNRU41YVU5c1YxZHFSRWhQUzFCb1psRlFVa1V6WkhWVk1VSmFRWFZhTkd4VVVYbFlWbXBNTUZwM2REZzRiakIyWmxsUGVYWmpORzVIVjBocE5sTkVTVkU5UFNJc0ltUmhkR0ZyWlhraU9pSkJVVVZDUVVob2QyMHdXV0ZKVTBwbFVuUktiVFZ1TVVjMmRYRmxaV3RZZFc5WVdGQmxOVlZHWTJVNVVuRTRMekUwZDBGQlFVZzBkMlpCV1VwTGIxcEphSFpqVGtGUlkwZHZSemgzWWxGSlFrRkVRbTlDWjJ0eGFHdHBSemwzTUVKQ2QwVjNTR2RaU2xsSldrbEJWMVZFUWtGRmRVMUNSVVZFVUd4M1JEZGpaVmR2YldnelZUUllVVUZKUWtWSlFUZFNXbTV6Tkc4MlRpOVNZamMzVTJ0SFJFczViVTV1Tms5SVNHSnhVblY2UmpSQ1dWcFpWSGxYUjFSaGIyOU9Za2hJUjNSeVIyeENiazl1UVZwaU5reFVRV2RvUm1aemQwNXBUa1Z4VW0wd1BTSXNJblpsY25OcGIyNGlPaUl5SWl3aWRIbHdaU0k2SWtSQlZFRmZTMFZaSWl3aVpYaHdhWEpoZEdsdmJpSTZNVGN5TURRMk16STROWDA9",
            "expires_at": "2024-07-08T18:28:05Z",
            "id": "us-east-1",
            "password": "eyJwYXlsb2FkIjoiM0dlamtaTkMxSVZ1M0REc1BDRlBranJFMUlHYktxcGNSb0hITGRGNDlDV0N3d2dVOFdtV1kwdlIzNEZJVWVMZGhVNDNnSjVybFpGeXB3eVowSUJrNFp2NVBaSlcrN1p5cVlMOWZnbDJDL2NSY0tSU2t4Z1ZuTVVFZ2xvWkhoZUFWU3N6UHZ3NVR2ZThhS0VDdTBWNWs4RHEzRll1OFZ5Q1hWYVlDQUZmdjVxdFFVSTJzVDZ0WW5mV3BzcHBEeTFZV091YkU1RHd0ZVdNbkxhVVFDUmpSUzBwSmthYlhJSGFqeG1JUkZrYlZRWEU4TjBQYTNLTWladXpVSFhQRUxXNHRKYUs2RU41QllFMjB3TUtsT09scnJJZmdjbUpQWDVRZmNwNTBBeFo3K0R6bW5laGVzM3A3VDhvaGNCT2Z1M0Yva0x6Q0U1bzBIV0Fwbk5wUjBKbHF1MUxKWUZ2U0svaktRMHAxUGFUdVZtYTM3eHoxeVlsWTQ1akhNOWordHE2bm5PQkxpZWZJVXZ4Nnpva01PNUpqV0h6emtHUXRKZnczcUllV3NnaWZ2WE1HVy9KMXMvcE5xMmphYy9XQThKQWN5K3dLU2FtdWcyY2d3dnJGRVJvODFqOStpT3BEUEFDT1BIYnFwa2VpU3ZVOHRmMmR2M0NZN3pPcUhKYkt3UnpNSU9tUGwzb1RMVkRjeGhCVDlLQTYrNlFjMktFMmplVytoSmYyN2hsWVByandISnFLaEY0bG54R3hOR2dPaWZlL2JWM2xpYjVELzdjZEdYd1FEOVJqZm9DY29PeVJDYllWNytUL0dGdTFpemtOYzhGb0lhQ1VKWlJiVW1qN0xENHBGZUY1MEs2R1Ewd24xRTd3MzJDcldIRUs5a0E5RjBiYkh0d3FmdXl6Vzhqc2ZtaDJjc0VmakhzdkRacmY5VEtBNXFzNm1xYlVDeExHQ3VnejB0V29LZ3U2UFRZQ1R3VXl4M3ptUkRUWFNndTJ6Tjd0UUhYNmV2Q0RoZThUZ1NlNCtFaWNLZHpBS2EvWjRWajdkSGVZb3ZKQmxiRVVkRTZSWXFySERteEQ2SFgyQWJEUlpmckZ6TEZuaU9ROEtIc0lld2RxdDIvdFNwWWhjOXI5ckhRWEZaU3R1QWRpYU42ck1zeVJGc2RhcE5YS0lZbWxsNXJrZ0k4QU1TVWF2WFNjWUhmZldHUlNkZkRoQ0xlTldud01oYWFzbk9aVnl4VWtxSXhlbnlmOSt2djhQQWJKdXM1V1IxbnpOVmFyYjhVK2xPWklJYmh1VHgybjh4RU1HOVA4dGQ2VHBuZVoveElNdGtOaUpMK2hQa0NaN1ZWLzcrcEZZNWxkRHptcmg3MGhTRklMeHNOYWk5YXhhT0RqVmgrT2xqaFB6M2h3T2xNK25OS3krdHRxTEo4UkJsbHBjMzd3b241VWJ1QjRBbmtDYjFIQzhQWmJ4NXIza0wyZkNXSEpoa1o5cmpTWFdPTHRabitPSmpUdzV6bjVsZW9JVnVZYU5TWnNLRVFzUlEzYjJ6Qm5ncWkzUDZRR1FoS1l2amg1NzE0QUN0UnBzR1dPdlhWeHNkeVQzOXZtS2pVSnNWZ09uelFnR1NObUtIYk5hU01lSG5XR1JEN0d2RkdZMEN5aU9sV1dqREhPS1BoZlFQUkUzZHVVMUJaQXVaNGxUUXlYVmpMMFp3dDg4bjB2ZllPeXZjNG5HV0hpNlNESVE9PSIsImRhdGFrZXkiOiJBUUVCQUhod20wWWFJU0plUnRKbTVuMUc2dXFlZWtYdW9YWFBlNVVGY2U5UnE4LzE0d0FBQUg0d2ZBWUpLb1pJaHZjTkFRY0dvRzh3YlFJQkFEQm9CZ2txaGtpRzl3MEJCd0V3SGdZSllJWklBV1VEQkFFdU1CRUVEUGx3RDdjZVdvbWgzVTRYUUFJQkVJQTdSWm5zNG82Ti9SYjc3U2tHREs5bU5uNk9ISGJxUnV6RjRCWVpZVHlXR1Rhb29OYkhIR3RyR2xCbk9uQVpiNkxUQWdoRmZzd05pTkVxUm0wPSIsInZlcnNpb24iOiIyIiwidHlwZSI6IkRBVEFfS0VZIiwiZXhwaXJhdGlvbiI6MTcyMDQ2MzI4NX0=",
            "proxy_endpoint": "https://845524701534.dkr.ecr.us-east-1.amazonaws.com",
            "registry_id": null,
            "user_name": "AWS"
          },
          "sensitive_attributes": [
            [
              {
                "type": "get_attr",
                "value": "authorization_token"
              }
            ],
            [
              {
                "type": "get_attr",
                "value": "password"
              }
            ]
          ]
        }
      ]
    },
    {
      "mode": "data",
      "type": "aws_iam_policy_document",
      "name": "assume_role",
      "provider": "provider[\"registry.terraform.io/hashicorp/aws\"]",
      "instances": [
        {
          "schema_version": 0,
          "attributes": {
            "id": "2690255455",
            "json": "{\n  \"Version\": \"2012-10-17\",\n  \"Statement\": [\n    {\n      \"Effect\": \"Allow\",\n      \"Action\": \"sts:AssumeRole\",\n      \"Principal\": {\n        \"Service\": \"lambda.amazonaws.com\"\n      }\n    }\n  ]\n}",
            "minified_json": "{\"Version\":\"2012-10-17\",\"Statement\":[{\"Effect\":\"Allow\",\"Action\":\"sts:AssumeRole\",\"Principal\":{\"Service\":\"lambda.amazonaws.com\"}}]}",
            "override_json": null,
            "override_policy_documents": null,
            "policy_id": null,
            "source_json": null,
            "source_policy_documents": null,
            "statement": [
              {
                "actions": [
                  "sts:AssumeRole"
                ],
                "condition": [],
                "effect": "Allow",
                "not_actions": [],
                "not_principals": [],
                "not_resources": [],
                "principals": [
                  {
                    "identifiers": [
                      "lambda.amazonaws.com"
                    ],
                    "type": "Service"
                  }
                ],
                "resources": [],
                "sid": ""
              }
            ],
            "version": "2012-10-17"
          },
          "sensitive_attributes": []
        }
      ]
    },
    {
      "mode": "data",
      "type": "aws_iam_policy_document",
      "name": "online_processor_policy_doc",
      "provider": "provider[\"registry.terraform.io/hashicorp/aws\"]",
      "instances": [
        {
          "schema_version": 0,
          "attributes": {
            "id": "2326687065",
            "json": "{\n  \"Version\": \"2012-10-17\",\n  \"Statement\": [\n    {\n      \"Effect\": \"Allow\",\n      \"Action\": [\n        \"s3:Put*\",\n        \"s3:List*\",\n        \"s3:Get*\",\n        \"ec2:DescribeNetworkInterfaces\",\n        \"ec2:DeleteNetworkInterface\",\n        \"ec2:CreateNetworkInterface\",\n        \"dynamodb:*\",\n        \"bedrock:*\"\n      ],\n      \"Resource\": \"*\"\n    },\n    {\n      \"Effect\": \"Allow\",\n      \"Action\": [\n        \"s3:PutObject\",\n        \"s3:GetObject\",\n        \"s3:DeleteObject\"\n      ],\n      \"Resource\": \"arn:aws:s3:::docupload-845524701534-musical-sheep/*\"\n    },\n    {\n      \"Effect\": \"Allow\",\n      \"Action\": [\n        \"logs:PutLogEvents\",\n        \"logs:CreateLogStream\",\n        \"logs:CreateLogGroup\"\n      ],\n      \"Resource\": \"arn:aws:logs:*:*:*\"\n    }\n  ]\n}",
            "minified_json": "{\"Version\":\"2012-10-17\",\"Statement\":[{\"Effect\":\"Allow\",\"Action\":[\"s3:Put*\",\"s3:List*\",\"s3:Get*\",\"ec2:DescribeNetworkInterfaces\",\"ec2:DeleteNetworkInterface\",\"ec2:CreateNetworkInterface\",\"dynamodb:*\",\"bedrock:*\"],\"Resource\":\"*\"},{\"Effect\":\"Allow\",\"Action\":[\"s3:PutObject\",\"s3:GetObject\",\"s3:DeleteObject\"],\"Resource\":\"arn:aws:s3:::docupload-845524701534-musical-sheep/*\"},{\"Effect\":\"Allow\",\"Action\":[\"logs:PutLogEvents\",\"logs:CreateLogStream\",\"logs:CreateLogGroup\"],\"Resource\":\"arn:aws:logs:*:*:*\"}]}",
            "override_json": null,
            "override_policy_documents": null,
            "policy_id": null,
            "source_json": null,
            "source_policy_documents": null,
            "statement": [
              {
                "actions": [
                  "bedrock:*",
                  "dynamodb:*",
                  "ec2:CreateNetworkInterface",
                  "ec2:DeleteNetworkInterface",
                  "ec2:DescribeNetworkInterfaces",
                  "s3:Get*",
                  "s3:List*",
                  "s3:Put*"
                ],
                "condition": [],
                "effect": "Allow",
                "not_actions": [],
                "not_principals": [],
                "not_resources": [],
                "principals": [],
                "resources": [
                  "*"
                ],
                "sid": ""
              },
              {
                "actions": [
                  "s3:DeleteObject",
                  "s3:GetObject",
                  "s3:PutObject"
                ],
                "condition": [],
                "effect": "Allow",
                "not_actions": [],
                "not_principals": [],
                "not_resources": [],
                "principals": [],
                "resources": [
                  "arn:aws:s3:::docupload-845524701534-musical-sheep/*"
                ],
                "sid": ""
              },
              {
                "actions": [
                  "logs:CreateLogGroup",
                  "logs:CreateLogStream",
                  "logs:PutLogEvents"
                ],
                "condition": [],
                "effect": "Allow",
                "not_actions": [],
                "not_principals": [],
                "not_resources": [],
                "principals": [],
                "resources": [
                  "arn:aws:logs:*:*:*"
                ],
                "sid": ""
              }
            ],
            "version": "2012-10-17"
          },
          "sensitive_attributes": []
        }
      ]
    },
    {
      "mode": "data",
      "type": "aws_region",
      "name": "current",
      "provider": "provider[\"registry.terraform.io/hashicorp/aws\"]",
      "instances": [
        {
          "schema_version": 0,
          "attributes": {
            "description": "US East (N. Virginia)",
            "endpoint": "ec2.us-east-1.amazonaws.com",
            "id": "us-east-1",
            "name": "us-east-1"
          },
          "sensitive_attributes": []
        }
      ]
    },
    {
      "mode": "data",
      "type": "aws_subnet",
      "name": "selected",
      "provider": "provider[\"registry.terraform.io/hashicorp/aws\"]",
      "instances": [
        {
          "schema_version": 0,
          "attributes": {
            "arn": "arn:aws:ec2:us-east-1:845524701534:subnet/subnet-0eaba87d1758b13c7",
            "assign_ipv6_address_on_creation": false,
            "availability_zone": "us-east-1b",
            "availability_zone_id": "use1-az6",
            "available_ip_address_count": 250,
            "cidr_block": "10.0.1.0/24",
            "customer_owned_ipv4_pool": "",
            "default_for_az": false,
            "enable_dns64": false,
            "enable_lni_at_device_index": 0,
            "enable_resource_name_dns_a_record_on_launch": false,
            "enable_resource_name_dns_aaaa_record_on_launch": false,
            "filter": null,
            "id": "subnet-0eaba87d1758b13c7",
            "ipv6_cidr_block": "",
            "ipv6_cidr_block_association_id": "",
            "ipv6_native": false,
            "map_customer_owned_ip_on_launch": false,
            "map_public_ip_on_launch": false,
            "outpost_arn": "",
            "owner_id": "845524701534",
            "private_dns_hostname_type_on_launch": "ip-name",
            "state": "available",
            "tags": {
              "Name": "private_subnet_1b"
            },
            "timeouts": null,
            "vpc_id": "vpc-08c27a6f28c385fd6"
          },
          "sensitive_attributes": []
        }
      ]
    },
    {
      "mode": "managed",
      "type": "aws_cloudwatch_log_group",
      "name": "glue_python_job",
      "provider": "provider[\"registry.terraform.io/hashicorp/aws\"]",
      "instances": [
        {
          "schema_version": 0,
          "attributes": {
            "arn": "arn:aws:logs:us-east-1:845524701534:log-group:glue_python_job",
            "id": "glue_python_job",
            "kms_key_id": "",
            "log_group_class": "STANDARD",
            "name": "glue_python_job",
            "name_prefix": "",
            "retention_in_days": 14,
            "skip_destroy": false,
            "tags": {},
            "tags_all": {}
          },
          "sensitive_attributes": [],
          "private": "bnVsbA=="
        }
      ]
    },
    {
      "mode": "managed",
      "type": "aws_cloudwatch_log_group",
      "name": "online_processor",
      "provider": "provider[\"registry.terraform.io/hashicorp/aws\"]",
      "instances": [
        {
          "schema_version": 0,
          "attributes": {
            "arn": "arn:aws:logs:us-east-1:845524701534:log-group:/aws/lambda/translate_tool",
            "id": "/aws/lambda/translate_tool",
            "kms_key_id": "",
            "log_group_class": "STANDARD",
            "name": "/aws/lambda/translate_tool",
            "name_prefix": "",
            "retention_in_days": 30,
            "skip_destroy": false,
            "tags": {},
            "tags_all": {}
          },
          "sensitive_attributes": [],
          "private": "bnVsbA=="
        }
      ]
    },
    {
      "mode": "managed",
      "type": "aws_glue_connection",
      "name": "glue_job_conn",
      "provider": "provider[\"registry.terraform.io/hashicorp/aws\"]",
      "instances": [
        {
          "schema_version": 0,
          "attributes": {
            "arn": "arn:aws:glue:us-east-1:845524701534:connection/glue-job-connection",
            "catalog_id": "845524701534",
            "connection_properties": {},
            "connection_type": "NETWORK",
            "description": "",
            "id": "845524701534:glue-job-connection",
            "match_criteria": [],
            "name": "glue-job-connection",
            "physical_connection_requirements": [
              {
                "availability_zone": "us-east-1b",
                "security_group_id_list": [
                  "sg-09a747fc4d84ca6ff"
                ],
                "subnet_id": "subnet-0eaba87d1758b13c7"
              }
            ],
            "tags": {},
            "tags_all": {}
          },
          "sensitive_attributes": [
            [
              {
                "type": "get_attr",
                "value": "connection_properties"
              }
            ]
          ],
          "private": "bnVsbA==",
          "dependencies": [
            "data.aws_subnet.selected"
          ]
        }
      ]
    },
    {
      "mode": "managed",
      "type": "aws_glue_job",
      "name": "ingest_ddb_job",
      "provider": "provider[\"registry.terraform.io/hashicorp/aws\"]",
      "instances": [
        {
          "schema_version": 0,
          "attributes": {
            "arn": "arn:aws:glue:us-east-1:845524701534:job/ingest_knowledge2ddb",
            "command": [
              {
                "name": "pythonshell",
                "python_version": "3.9",
                "runtime": "",
                "script_location": "s3://docupload-845524701534-musical-sheep/ddb_write_job.py"
              }
            ],
            "connections": [
              "glue-job-connection"
            ],
            "default_arguments": {
              "--REGION": "us-east-1",
              "--additional-python-modules": "boto3\u003e=1.28.52,botocore\u003e=1.31.52",
              "--bucket": "docupload-845524701534-musical-sheep",
              "--continuous-log-logGroup": "glue_python_job",
              "--dynamodb_table_name": "rag-translate-table",
              "--enable-continuous-cloudwatch-log": "true",
              "--enable-continuous-log-filter": "true",
              "--object_key": "kb/multilingual_terminology.json"
            },
            "description": "",
            "execution_class": "",
            "execution_property": [
              {
                "max_concurrent_runs": 1
              }
            ],
            "glue_version": "1.0",
            "id": "ingest_knowledge2ddb",
            "maintenance_window": "",
            "max_capacity": 1,
            "max_retries": 0,
            "name": "ingest_knowledge2ddb",
            "non_overridable_arguments": {},
            "notification_property": [],
            "number_of_workers": 0,
            "role_arn": "arn:aws:iam::845524701534:role/glue_job_role",
            "security_configuration": "",
            "tags": {},
            "tags_all": {},
            "timeout": 2880,
            "worker_type": ""
          },
          "sensitive_attributes": [],
          "private": "bnVsbA==",
          "dependencies": [
            "aws_cloudwatch_log_group.glue_python_job",
            "aws_glue_connection.glue_job_conn",
            "aws_iam_role.glue_job_role",
            "aws_s3_bucket.doc_upload_bucket",
            "aws_s3_bucket_object.ddb_write_script",
            "data.aws_caller_identity.this",
            "data.aws_subnet.selected",
            "random_pet.this"
          ]
        }
      ]
    },
    {
      "mode": "managed",
      "type": "aws_iam_policy",
      "name": "glue_job_policy",
      "provider": "provider[\"registry.terraform.io/hashicorp/aws\"]",
      "instances": [
        {
          "schema_version": 0,
          "attributes": {
            "arn": "arn:aws:iam::845524701534:policy/glue_job_policy",
            "attachment_count": 1,
            "description": "Policy for Glue jobs",
            "id": "arn:aws:iam::845524701534:policy/glue_job_policy",
            "name": "glue_job_policy",
            "name_prefix": "",
            "path": "/",
            "policy": "{\"Statement\":[{\"Action\":[\"s3:List*\",\"s3:Get*\",\"s3:Put*\",\"dynamodb:*\",\"glue:*\",\"ec2:*\"],\"Effect\":\"Allow\",\"Resource\":\"*\"}],\"Version\":\"2012-10-17\"}",
            "policy_id": "ANPA4JXJTCFPA53Z6J3VY",
            "tags": {},
            "tags_all": {}
          },
          "sensitive_attributes": [],
          "private": "bnVsbA=="
        }
      ]
    },
    {
      "mode": "managed",
      "type": "aws_iam_role",
      "name": "glue_job_role",
      "provider": "provider[\"registry.terraform.io/hashicorp/aws\"]",
      "instances": [
        {
          "schema_version": 0,
          "attributes": {
            "arn": "arn:aws:iam::845524701534:role/glue_job_role",
            "assume_role_policy": "{\"Statement\":[{\"Action\":\"sts:AssumeRole\",\"Effect\":\"Allow\",\"Principal\":{\"Service\":\"glue.amazonaws.com\"},\"Sid\":\"\"}],\"Version\":\"2012-10-17\"}",
            "create_date": "2024-06-27T12:54:27Z",
            "description": "",
            "force_detach_policies": false,
            "id": "glue_job_role",
            "inline_policy": [],
            "managed_policy_arns": [
              "arn:aws:iam::845524701534:policy/glue_job_policy"
            ],
            "max_session_duration": 3600,
            "name": "glue_job_role",
            "name_prefix": "",
            "path": "/",
            "permissions_boundary": "",
            "tags": {},
            "tags_all": {},
            "unique_id": "AROA4JXJTCFPPSTP6GO62"
          },
          "sensitive_attributes": [],
          "private": "bnVsbA=="
        }
      ]
    },
    {
      "mode": "managed",
      "type": "aws_iam_role",
      "name": "iam_for_lambda",
      "provider": "provider[\"registry.terraform.io/hashicorp/aws\"]",
      "instances": [
        {
          "schema_version": 0,
          "attributes": {
            "arn": "arn:aws:iam::845524701534:role/iam_for_lambda",
            "assume_role_policy": "{\"Statement\":[{\"Action\":\"sts:AssumeRole\",\"Effect\":\"Allow\",\"Principal\":{\"Service\":\"lambda.amazonaws.com\"}}],\"Version\":\"2012-10-17\"}",
            "create_date": "2024-06-27T12:54:27Z",
            "description": "",
            "force_detach_policies": false,
            "id": "iam_for_lambda",
            "inline_policy": [
              {
                "name": "online_processor_policy",
                "policy": "{\"Version\":\"2012-10-17\",\"Statement\":[{\"Action\":[\"s3:Put*\",\"s3:List*\",\"s3:Get*\",\"ec2:DescribeNetworkInterfaces\",\"ec2:DeleteNetworkInterface\",\"ec2:CreateNetworkInterface\",\"dynamodb:*\",\"bedrock:*\"],\"Effect\":\"Allow\",\"Resource\":\"*\"},{\"Action\":[\"s3:PutObject\",\"s3:GetObject\",\"s3:DeleteObject\"],\"Effect\":\"Allow\",\"Resource\":\"arn:aws:s3:::docupload-845524701534-musical-sheep/*\"},{\"Action\":[\"logs:PutLogEvents\",\"logs:CreateLogStream\",\"logs:CreateLogGroup\"],\"Effect\":\"Allow\",\"Resource\":\"arn:aws:logs:*:*:*\"}]}"
              }
            ],
            "managed_policy_arns": [],
            "max_session_duration": 3600,
            "name": "iam_for_lambda",
            "name_prefix": "",
            "path": "/",
            "permissions_boundary": "",
            "tags": {},
            "tags_all": {},
            "unique_id": "AROA4JXJTCFPANJN4GEW6"
          },
          "sensitive_attributes": [],
          "private": "bnVsbA==",
          "dependencies": [
            "data.aws_iam_policy_document.assume_role"
          ]
        }
      ]
    },
    {
      "mode": "managed",
      "type": "aws_iam_role_policy",
      "name": "online_processor_policy",
      "provider": "provider[\"registry.terraform.io/hashicorp/aws\"]",
      "instances": [
        {
          "schema_version": 0,
          "attributes": {
            "id": "iam_for_lambda:online_processor_policy",
            "name": "online_processor_policy",
            "name_prefix": "",
            "policy": "{\"Version\":\"2012-10-17\",\"Statement\":[{\"Action\":[\"s3:Put*\",\"s3:List*\",\"s3:Get*\",\"ec2:DescribeNetworkInterfaces\",\"ec2:DeleteNetworkInterface\",\"ec2:CreateNetworkInterface\",\"dynamodb:*\",\"bedrock:*\"],\"Effect\":\"Allow\",\"Resource\":\"*\"},{\"Action\":[\"s3:PutObject\",\"s3:GetObject\",\"s3:DeleteObject\"],\"Effect\":\"Allow\",\"Resource\":\"arn:aws:s3:::docupload-845524701534-musical-sheep/*\"},{\"Action\":[\"logs:PutLogEvents\",\"logs:CreateLogStream\",\"logs:CreateLogGroup\"],\"Effect\":\"Allow\",\"Resource\":\"arn:aws:logs:*:*:*\"}]}",
            "role": "iam_for_lambda"
          },
          "sensitive_attributes": [],
          "private": "bnVsbA==",
          "dependencies": [
            "aws_s3_bucket.doc_upload_bucket",
            "data.aws_caller_identity.this",
            "data.aws_iam_policy_document.online_processor_policy_doc",
            "random_pet.this"
          ]
        }
      ]
    },
    {
      "mode": "managed",
      "type": "aws_iam_role_policy_attachment",
      "name": "glue_job_policy_attach",
      "provider": "provider[\"registry.terraform.io/hashicorp/aws\"]",
      "instances": [
        {
          "schema_version": 0,
          "attributes": {
            "id": "glue_job_role-20240627125428947300000001",
            "policy_arn": "arn:aws:iam::845524701534:policy/glue_job_policy",
            "role": "glue_job_role"
          },
          "sensitive_attributes": [],
          "private": "bnVsbA==",
          "dependencies": [
            "aws_iam_policy.glue_job_policy",
            "aws_iam_role.glue_job_role"
          ]
        }
      ]
    },
    {
      "mode": "managed",
      "type": "aws_lambda_function",
      "name": "online_processor",
      "provider": "provider[\"registry.terraform.io/hashicorp/aws\"]",
      "instances": [
        {
          "schema_version": 0,
          "attributes": {
            "architectures": [
              "x86_64"
            ],
            "arn": "arn:aws:lambda:us-east-1:845524701534:function:translate_tool",
            "code_sha256": "853163344b7e0cb1fb2b907343612b78e8fa581d08d2efc1f9f7472ddccc6dc5",
            "code_signing_config_arn": "",
            "dead_letter_config": [],
            "description": "",
            "environment": [
              {
                "variables": {
                  "user_dict_bucket": "docupload-845524701534-musical-sheep",
                  "user_dict_path": "user_dict/user_dict.txt",
                  "user_dict_prefix": "user_dict"
                }
              }
            ],
            "ephemeral_storage": [
              {
                "size": 512
              }
            ],
            "file_system_config": [],
            "filename": null,
            "function_name": "translate_tool",
            "handler": "",
            "id": "translate_tool",
            "image_config": [],
            "image_uri": "845524701534.dkr.ecr.us-east-1.amazonaws.com/musical-sheep@sha256:853163344b7e0cb1fb2b907343612b78e8fa581d08d2efc1f9f7472ddccc6dc5",
            "invoke_arn": "arn:aws:apigateway:us-east-1:lambda:path/2015-03-31/functions/arn:aws:lambda:us-east-1:845524701534:function:translate_tool/invocations",
            "kms_key_arn": "",
            "last_modified": "2024-07-08T06:25:19.000+0000",
            "layers": [],
            "logging_config": [
              {
                "application_log_level": "",
                "log_format": "Text",
                "log_group": "/aws/lambda/translate_tool",
                "system_log_level": ""
              }
            ],
            "memory_size": 1024,
            "package_type": "Image",
            "publish": false,
            "qualified_arn": "arn:aws:lambda:us-east-1:845524701534:function:translate_tool:$LATEST",
            "qualified_invoke_arn": "arn:aws:apigateway:us-east-1:lambda:path/2015-03-31/functions/arn:aws:lambda:us-east-1:845524701534:function:translate_tool:$LATEST/invocations",
            "replace_security_groups_on_destroy": null,
            "replacement_security_group_ids": null,
            "reserved_concurrent_executions": -1,
            "role": "arn:aws:iam::845524701534:role/iam_for_lambda",
            "runtime": "",
            "s3_bucket": null,
            "s3_key": null,
            "s3_object_version": null,
            "signing_job_arn": "",
            "signing_profile_version_arn": "",
            "skip_destroy": false,
            "snap_start": [],
            "source_code_hash": "",
            "source_code_size": 0,
            "tags": {},
            "tags_all": {},
            "timeout": 900,
            "timeouts": null,
            "tracing_config": [
              {
                "mode": "PassThrough"
              }
            ],
            "version": "$LATEST",
            "vpc_config": [
              {
                "ipv6_allowed_for_dual_stack": false,
                "security_group_ids": [
                  "sg-09a747fc4d84ca6ff"
                ],
                "subnet_ids": [
                  "subnet-041a3e85013396830",
                  "subnet-0eaba87d1758b13c7"
                ],
                "vpc_id": "vpc-08c27a6f28c385fd6"
              }
            ]
          },
          "sensitive_attributes": [],
          "private": "eyJlMmJmYjczMC1lY2FhLTExZTYtOGY4OC0zNDM2M2JjN2M0YzAiOnsiY3JlYXRlIjo2MDAwMDAwMDAwMDAsImRlbGV0ZSI6NjAwMDAwMDAwMDAwLCJ1cGRhdGUiOjYwMDAwMDAwMDAwMH19",
          "dependencies": [
            "aws_cloudwatch_log_group.online_processor",
            "aws_iam_role.iam_for_lambda",
            "aws_s3_bucket.doc_upload_bucket",
            "data.aws_caller_identity.this",
            "data.aws_ecr_authorization_token.token",
            "data.aws_iam_policy_document.assume_role",
            "data.aws_region.current",
            "module.docker_build.aws_ecr_repository.this",
            "module.docker_build.data.aws_caller_identity.this",
            "module.docker_build.data.aws_region.current",
            "module.docker_build.docker_image.this",
            "module.docker_build.docker_registry_image.this",
            "random_pet.this"
          ]
        }
      ]
    },
    {
      "mode": "managed",
      "type": "aws_s3_bucket",
      "name": "doc_upload_bucket",
      "provider": "provider[\"registry.terraform.io/hashicorp/aws\"]",
      "instances": [
        {
          "schema_version": 0,
          "attributes": {
            "acceleration_status": "",
            "acl": null,
            "arn": "arn:aws:s3:::docupload-845524701534-musical-sheep",
            "bucket": "docupload-845524701534-musical-sheep",
            "bucket_domain_name": "docupload-845524701534-musical-sheep.s3.amazonaws.com",
            "bucket_prefix": "",
            "bucket_regional_domain_name": "docupload-845524701534-musical-sheep.s3.us-east-1.amazonaws.com",
            "cors_rule": [
              {
                "allowed_headers": [
                  "*"
                ],
                "allowed_methods": [
                  "GET",
                  "POST",
                  "PUT"
                ],
                "allowed_origins": [
                  "*"
                ],
                "expose_headers": [],
                "max_age_seconds": 0
              }
            ],
            "force_destroy": true,
            "grant": [
              {
                "id": "1c82da473f0186857f04674689d65d66ca8c2b922feb79af08bc0ae1d598b39a",
                "permissions": [
                  "FULL_CONTROL"
                ],
                "type": "CanonicalUser",
                "uri": ""
              }
            ],
            "hosted_zone_id": "Z3AQBSTGFYJSTF",
            "id": "docupload-845524701534-musical-sheep",
            "lifecycle_rule": [],
            "logging": [],
            "object_lock_configuration": [],
            "object_lock_enabled": false,
            "policy": "",
            "region": "us-east-1",
            "replication_configuration": [],
            "request_payer": "BucketOwner",
            "server_side_encryption_configuration": [
              {
                "rule": [
                  {
                    "apply_server_side_encryption_by_default": [
                      {
                        "kms_master_key_id": "",
                        "sse_algorithm": "AES256"
                      }
                    ],
                    "bucket_key_enabled": false
                  }
                ]
              }
            ],
            "tags": {},
            "tags_all": {},
            "timeouts": null,
            "versioning": [
              {
                "enabled": false,
                "mfa_delete": false
              }
            ],
            "website": [],
            "website_domain": null,
            "website_endpoint": null
          },
          "sensitive_attributes": [],
          "private": "eyJlMmJmYjczMC1lY2FhLTExZTYtOGY4OC0zNDM2M2JjN2M0YzAiOnsiY3JlYXRlIjoxMjAwMDAwMDAwMDAwLCJkZWxldGUiOjM2MDAwMDAwMDAwMDAsInJlYWQiOjEyMDAwMDAwMDAwMDAsInVwZGF0ZSI6MTIwMDAwMDAwMDAwMH19",
          "dependencies": [
            "data.aws_caller_identity.this",
            "random_pet.this"
          ]
        }
      ]
    },
    {
      "mode": "managed",
      "type": "aws_s3_bucket_object",
      "name": "ddb_write_script",
      "provider": "provider[\"registry.terraform.io/hashicorp/aws\"]",
      "instances": [
        {
          "schema_version": 0,
          "attributes": {
            "acl": "private",
            "arn": "arn:aws:s3:::docupload-845524701534-musical-sheep/ddb_write_job.py",
            "bucket": "docupload-845524701534-musical-sheep",
            "bucket_key_enabled": false,
            "cache_control": "",
            "content": null,
            "content_base64": null,
            "content_disposition": "",
            "content_encoding": "",
            "content_language": "",
            "content_type": "application/octet-stream; charset=UTF-8",
            "etag": "ba21a26d57bcb1308b4d9408699f872d",
            "force_destroy": false,
            "id": "ddb_write_job.py",
            "key": "ddb_write_job.py",
            "kms_key_id": null,
            "metadata": {},
            "object_lock_legal_hold_status": "",
            "object_lock_mode": "",
            "object_lock_retain_until_date": "",
            "server_side_encryption": "AES256",
            "source": "./code/offline_process/ddb_write_job.py",
            "source_hash": null,
            "storage_class": "STANDARD",
            "tags": {},
            "tags_all": {},
            "version_id": "",
            "website_redirect": ""
          },
          "sensitive_attributes": [],
          "private": "bnVsbA==",
          "dependencies": [
            "aws_s3_bucket.doc_upload_bucket",
            "data.aws_caller_identity.this",
            "random_pet.this"
          ]
        }
      ]
    },
    {
      "mode": "managed",
      "type": "random_pet",
      "name": "this",
      "provider": "provider[\"registry.terraform.io/hashicorp/random\"]",
      "instances": [
        {
          "schema_version": 0,
          "attributes": {
            "id": "musical-sheep",
            "keepers": null,
            "length": 2,
            "prefix": null,
            "separator": "-"
          },
          "sensitive_attributes": []
        }
      ]
    },
    {
      "module": "module.docker_build",
      "mode": "data",
      "type": "aws_caller_identity",
      "name": "this",
      "provider": "provider[\"registry.terraform.io/hashicorp/aws\"]",
      "instances": [
        {
          "schema_version": 0,
          "attributes": {
            "account_id": "845524701534",
            "arn": "arn:aws:sts::845524701534:assumed-role/admin/oyanli-Isengard",
            "id": "845524701534",
            "user_id": "AROA4JXJTCFPOY4JRI553:oyanli-Isengard"
          },
          "sensitive_attributes": []
        }
      ]
    },
    {
      "module": "module.docker_build",
      "mode": "data",
      "type": "aws_region",
      "name": "current",
      "provider": "provider[\"registry.terraform.io/hashicorp/aws\"]",
      "instances": [
        {
          "schema_version": 0,
          "attributes": {
            "description": "US East (N. Virginia)",
            "endpoint": "ec2.us-east-1.amazonaws.com",
            "id": "us-east-1",
            "name": "us-east-1"
          },
          "sensitive_attributes": []
        }
      ]
    },
    {
      "module": "module.docker_build",
      "mode": "managed",
      "type": "aws_ecr_lifecycle_policy",
      "name": "this",
      "provider": "provider[\"registry.terraform.io/hashicorp/aws\"]",
      "instances": [
        {
          "index_key": 0,
          "schema_version": 0,
          "attributes": {
            "id": "musical-sheep",
            "policy": "{\"rules\":[{\"action\":{\"type\":\"expire\"},\"description\":\"Keep only the last 2 images\",\"rulePriority\":1,\"selection\":{\"countNumber\":2,\"countType\":\"imageCountMoreThan\",\"tagStatus\":\"any\"}}]}",
            "registry_id": "845524701534",
            "repository": "musical-sheep"
          },
          "sensitive_attributes": [],
          "private": "bnVsbA==",
          "dependencies": [
            "module.docker_build.aws_ecr_repository.this",
            "random_pet.this"
          ]
        }
      ]
    },
    {
      "module": "module.docker_build",
      "mode": "managed",
      "type": "aws_ecr_repository",
      "name": "this",
      "provider": "provider[\"registry.terraform.io/hashicorp/aws\"]",
      "instances": [
        {
          "index_key": 0,
          "schema_version": 0,
          "attributes": {
            "arn": "arn:aws:ecr:us-east-1:845524701534:repository/musical-sheep",
            "encryption_configuration": [
              {
                "encryption_type": "AES256",
                "kms_key": ""
              }
            ],
            "force_delete": true,
            "id": "musical-sheep",
            "image_scanning_configuration": [
              {
                "scan_on_push": false
              }
            ],
            "image_tag_mutability": "MUTABLE",
            "name": "musical-sheep",
            "registry_id": "845524701534",
            "repository_url": "845524701534.dkr.ecr.us-east-1.amazonaws.com/musical-sheep",
            "tags": {},
            "tags_all": {},
            "timeouts": null
          },
          "sensitive_attributes": [],
          "private": "eyJlMmJmYjczMC1lY2FhLTExZTYtOGY4OC0zNDM2M2JjN2M0YzAiOnsiZGVsZXRlIjoxMjAwMDAwMDAwMDAwfX0=",
          "dependencies": [
            "random_pet.this"
          ]
        }
      ]
    },
    {
      "module": "module.docker_build",
      "mode": "managed",
      "type": "docker_image",
      "name": "this",
      "provider": "provider[\"registry.terraform.io/kreuzwerker/docker\"]",
      "instances": [
        {
          "schema_version": 0,
          "attributes": {
            "build": [
              {
                "auth_config": [],
                "build_arg": {},
                "build_args": {
                  "FOO": "bar"
                },
                "build_id": "",
                "cache_from": [],
                "cgroup_parent": "",
                "context": "code/online_process",
                "cpu_period": 0,
                "cpu_quota": 0,
                "cpu_set_cpus": "",
                "cpu_set_mems": "",
                "cpu_shares": 0,
                "dockerfile": "Dockerfile",
                "extra_hosts": [],
                "force_remove": false,
                "isolation": "",
                "label": {},
                "labels": {},
                "memory": 0,
                "memory_swap": 0,
                "network_mode": "",
                "no_cache": false,
                "platform": "linux/amd64",
                "pull_parent": false,
                "remote_context": "",
                "remove": true,
                "security_opt": [],
                "session_id": "",
                "shm_size": 0,
                "squash": false,
                "suppress_output": false,
                "tag": [],
                "target": "",
                "ulimit": [],
                "version": ""
              }
            ],
            "force_remove": false,
            "id": "sha256:03a3cb49e177da9652396f4becc543d646dde1ccf2042c344e2f2dbf586108d9845524701534.dkr.ecr.us-east-1.amazonaws.com/musical-sheep",
            "image_id": "sha256:03a3cb49e177da9652396f4becc543d646dde1ccf2042c344e2f2dbf586108d9",
            "keep_locally": false,
            "name": "845524701534.dkr.ecr.us-east-1.amazonaws.com/musical-sheep",
            "platform": null,
            "pull_triggers": null,
            "repo_digest": "845524701534.dkr.ecr.us-east-1.amazonaws.com/musical-sheep@sha256:853163344b7e0cb1fb2b907343612b78e8fa581d08d2efc1f9f7472ddccc6dc5",
            "triggers": {
              "dir_sha": "216f58941f700782d9f6421784f540dc1babc7fb"
            }
          },
          "sensitive_attributes": [],
          "private": "bnVsbA==",
          "dependencies": [
            "data.aws_caller_identity.this",
            "data.aws_ecr_authorization_token.token",
            "data.aws_region.current",
            "module.docker_build.aws_ecr_repository.this",
            "module.docker_build.data.aws_caller_identity.this",
            "module.docker_build.data.aws_region.current",
            "random_pet.this"
          ]
        }
      ]
    },
    {
      "module": "module.docker_build",
      "mode": "managed",
      "type": "docker_registry_image",
      "name": "this",
      "provider": "provider[\"registry.terraform.io/kreuzwerker/docker\"]",
      "instances": [
        {
          "schema_version": 0,
          "attributes": {
            "id": "sha256:853163344b7e0cb1fb2b907343612b78e8fa581d08d2efc1f9f7472ddccc6dc5",
            "insecure_skip_verify": false,
            "keep_remotely": false,
            "name": "845524701534.dkr.ecr.us-east-1.amazonaws.com/musical-sheep",
            "sha256_digest": "sha256:853163344b7e0cb1fb2b907343612b78e8fa581d08d2efc1f9f7472ddccc6dc5",
            "triggers": {
              "dir_sha": "216f58941f700782d9f6421784f540dc1babc7fb"
            }
          },
          "sensitive_attributes": [],
          "private": "bnVsbA==",
          "dependencies": [
            "data.aws_caller_identity.this",
            "data.aws_ecr_authorization_token.token",
            "data.aws_region.current",
            "module.docker_build.aws_ecr_repository.this",
            "module.docker_build.data.aws_caller_identity.this",
            "module.docker_build.data.aws_region.current",
            "module.docker_build.docker_image.this",
            "random_pet.this"
          ]
        }
      ]
    }
  ],
  "check_results": null
}
