{
  "version": 4,
  "terraform_version": "1.8.5",
  "serial": 188,
  "lineage": "65570001-15e3-dfbf-2fd1-635eb3e0bafe",
  "outputs": {},
  "resources": [
    {
      "mode": "data",
      "type": "aws_caller_identity",
      "name": "this",
      "provider": "provider[\"registry.terraform.io/hashicorp/aws\"]",
      "instances": [
        {
          "schema_version": 0,
          "attributes": {
            "account_id": "845524701534",
            "arn": "arn:aws:sts::845524701534:assumed-role/admin/oyanli-Isengard",
            "id": "845524701534",
            "user_id": "AROA4JXJTCFPOY4JRI553:oyanli-Isengard"
          },
          "sensitive_attributes": []
        }
      ]
    },
    {
      "mode": "data",
      "type": "aws_ecr_authorization_token",
      "name": "token",
      "provider": "provider[\"registry.terraform.io/hashicorp/aws\"]",
      "instances": [
        {
          "schema_version": 0,
          "attributes": {
            "authorization_token": "QVdTOmV5SndZWGxzYjJGa0lqb2lNbHBKTVRnd2VFRllaREI2YW1nMFMyOXhVMjQzTmxJeVVqRTJUa2RNZVZBMVEwOURjVVpIYzJwRU9XZHZja013ZWpnNGJrcHNUWE54UkZJd2FEaHRVRUpvVVVWbWVrSXhiMGhzZDJsT05FSXJZemw2WTNGV1lqVlpUMFE1VTFsVlFqZEtVak1yV1dvdlZqZDZZMjlETXpaME5FaFZkVlJTVGs0MlVHMTBOMDh3Wm5oWlJERktXVTFNVG5reE5HWlVhbkEyYWtGeU9IaEpkVU1yYTJwd1pGSkVRemcwY0U1SVdIZHhlRkpFWkhCRFJqUXpLM1I1WmpkbU1tY3laSFZzVmtaNVJrdGtTRzVIV1RsV2EyazFkbklyYzJobWRsTkhjMHcwWlZsdFdYWklUMkZ4VDFscGJWQkxlR1Z5WTFSdVNEYzBkSGxrZDBaWVRVRXpiVEJUU0ZkNE5rMUdUalIyUlhvelJscFVRVzUyYXpWT1JHdFJWRWxRTDJZclZWUXJSWHBXTUVJdk5WbEdVRGx5V0VGV0sxQnlPSFZNTkZaSVVXdHBZMjQzVUdSSlZGQkxiMG94VTNWTVVsTXpkbkJJVlhOM1l5dHlZbGRITkV4clJsQmxhR3Q1VXpKNVV6RjRORTVPY0N0QlpTdFZNSEpZZGtoQ1VtOUtWVWxLV0UweGFEaFBaRkJYYzJSdE5GSlpaRGx3YVZKTVpXSlJlbUpRYmpOQk1qSkdhRFZPY0dabk1qaDBOa1EzVnpZNGNteHNWMUJUYVc5SGRFY3ZWbEI2ZEdKRE1rUmhSMEpOTjA1WGRVUkxialZYVjJvdlIwTlJXVGRVZDJ4RWEwWk5URVoxTkZaVWNrSmpPSGd4Wm1FNWVqTTFZVzl0S3pWNWVHTXpNMnd2TlV3eGFGQkpWMmx2UkZCV1kyaHhZMkZHU21OR015OW9VMlZ5TlVGdFMzaHpTVXR2Y0VoeWJVbDJWekJtVlhnNGJqQlBNbEZ5VFZSUFJVaGpXVVEzTWl0NFZuZDZVVTF1YzJSdGRGUkJTRlU0ZFVwQlRFNUNXVU5uV0ZGNWRWWTRNV0pRZVhOSGQzcGhTV0VyV2pOa2JYZG9SRE5sVWpKbFoxVlZRemh0TDNSR1RqWlJUMlVyTkZOMWFEbExRbVpPYVdVMlNXTklLMXBhVUVVMmFUUjZlSGh0YzNoQmVuWXdWMGxvY0ZCdFR6Tm5aWFJvZFhoME1TdFlVR3BhVlZBcllsQTJjV3RJYzBoNGJqSnNjSGh2ZGtSVWJ5dGlXbE54U0U1bGVtYzNabUl3V2tveFdVcElWVzlCYkVSelRrZDJWME5GYm1GVU1rbFhLM1pHYzB4VVRUZFhZMW9yYkVwR05VZGFkbTF6WTBVeWVuUnFiWFJaYTBNck9IaFNla2haV0VKU2VuVmhkVEJSWW1ScGFUZFhPRWw1UjJkWGFGY3JUMHB5TUZOQlRHSnRiMDl3TWxFMFMxWXdXblVyYnk5MFMyZGlja2g1YjJodVMwSXpkR0ZWUzBGcFVHdzRNek1yWmtkWlJubERjVXBTWkhkQkszZE5TbVExUjBreWVrMDJjMU50U25oNlRUWnBTRFZuWkhSd1ltOVlhUzlRVnpaeWNEUlFka1pKVG5KR1MzSmlZbEJqVmxjd1pFVjVTak54YzJneVZETkNjVmhKZG1OeE4wMXVjRWhRT0dwR00zVlpWVTVMTUdGalkzbGlMMVYxZERWM1ptOWpZMmRJVTNaclNscFZPVUoxYmtaRGJVdHdPVVY0VFZSYWFraEpTbUVyUm05WU9XZFlRWGxSYnpaMWFpOXVZbE5UUjFSUlRrc3lNVU0zWjJWVmFqTXpMMHhESzJocE1pOVNSRmR6WkRoSmIyUkJWVFZwY1ZaV09TdEZOWEIwUWt0RWQwaEhWWEZaZVhFdlNYRnlUVFF4VWxsa1ZDOW9OMmM1WldnMFVqZFZXbk5CV0VJeE1reHlhV05DUWk4MGEwNURSVXhHZUU1VFlVVmtSRU00WVdoTFpWcDBTVVpuV0VSVmFDc3lXR3NyYUdkblRXVllNbVUzVFRaVmJIQjFNaXRZWjIxeFpHOXRhMk4xVEdWTVpUSXZlRE5NTlZRdlRXNXJjRWxqUldOVWJtNUpjM1ZwVkdZeVdFcG1aR1ZKZDNkcVUwVlhXRVIwWlUxeU9Hb3JaRU5NYW0weldYZGxSVEIyTTNRM1dIRkZOMEpFZEdObVJqUmlUVUp6TTBFM2MxSk9aeXRHZURCaGFEZDRXWEZ5Ym0xVFdUUnlaVWM1TVU1SVVIRjFWMmM5UFNJc0ltUmhkR0ZyWlhraU9pSkJVVVZDUVVob2QyMHdXV0ZKVTBwbFVuUktiVFZ1TVVjMmRYRmxaV3RZZFc5WVdGQmxOVlZHWTJVNVVuRTRMekUwZDBGQlFVZzBkMlpCV1VwTGIxcEphSFpqVGtGUlkwZHZSemgzWWxGSlFrRkVRbTlDWjJ0eGFHdHBSemwzTUVKQ2QwVjNTR2RaU2xsSldrbEJWMVZFUWtGRmRVMUNSVVZFVGpaVVJEWmhUbk42ZFVVek1WQmxibmRKUWtWSlFUZEtkMFVyYlVsM1RuRlpkV2hJTWtNeE9VNDRSVGhyUjFVeWJIZEZTWEZxZG5SbVZVcHViRXR5ZEhNeWNWSXlURXgzWldwR2MyRlhlREF3Ukc1eVVucG1ZbkZwUzAxUlZXTXpUVWxXZUd4blBTSXNJblpsY25OcGIyNGlPaUl5SWl3aWRIbHdaU0k2SWtSQlZFRmZTMFZaSWl3aVpYaHdhWEpoZEdsdmJpSTZNVGN5TURVNE1EVXdOWDA9",
            "expires_at": "2024-07-10T03:01:45Z",
            "id": "us-east-1",
            "password": "eyJwYXlsb2FkIjoiMlpJMTgweEFYZDB6amg0S29xU243NlIyUjE2TkdMeVA1Q09DcUZHc2pEOWdvckMwejg4bkpsTXNxRFIwaDhtUEJoUUVmekIxb0hsd2lONEIrYzl6Y3FWYjVZT0Q5U1lVQjdKUjMrWWovVjd6Y29DMzZ0NEhVdVRSTk42UG10N08wZnhZRDFKWU1MTnkxNGZUanA2akFyOHhJdUMra2pwZFJEQzg0cE5IWHdxeFJEZHBDRjQzK3R5ZjdmMmcyZHVsVkZ5RktkSG5HWTlWa2k1dnIrc2hmdlNHc0w0ZVltWXZIT2FxT1lpbVBLeGVyY1RuSDc0dHlkd0ZYTUEzbTBTSFd4Nk1GTjR2RXozRlpUQW52azVORGtRVElQL2YrVVQrRXpWMEIvNVlGUDlyWEFWK1ByOHVMNFZIUWtpY243UGRJVFBLb0oxU3VMUlMzdnBIVXN3YytyYldHNExrRlBlaGt5UzJ5UzF4NE5OcCtBZStVMHJYdkhCUm9KVUlKWE0xaDhPZFBXc2RtNFJZZDlwaVJMZWJRemJQbjNBMjJGaDVOcGZnMjh0NkQ3VzY4cmxsV1BTaW9HdEcvVlB6dGJDMkRhR0JNN05XdURLbjVXV2ovR0NRWTdUd2xEa0ZNTEZ1NFZUckJjOHgxZmE5ejM1YW9tKzV5eGMzM2wvNUwxaFBJV2lvRFBWY2hxY2FGSmNGMy9oU2VyNUFtS3hzSUtvcEhybUl2VzBmVXg4bjBPMlFyTVRPRUhjWUQ3Mit4Vnd6UU1uc2RtdFRBSFU4dUpBTE5CWUNnWFF5dVY4MWJQeXNHd3phSWErWjNkbXdoRDNlUjJlZ1VVQzhtL3RGTjZRT2UrNFN1aDlLQmZOaWU2SWNIK1paUEU2aTR6eHhtc3hBenYwV0locFBtTzNnZXRodXh0MStYUGpaVVArYlA2cWtIc0h4bjJscHhvdkRUbytiWlNxSE5lemc3ZmIwWkoxWUpIVW9BbERzTkd2V0NFbmFUMklXK3ZGc0xUTTdXY1orbEpGNUdadm1zY0UyenRqbXRZa0MrOHhSekhZWEJSenVhdTBRYmRpaTdXOEl5R2dXaFcrT0pyMFNBTGJtb09wMlE0S1YwWnUrby90S2dickh5b2huS0IzdGFVS0FpUGw4MzMrZkdZRnlDcUpSZHdBK3dNSmQ1R0kyek02c1NtSnh6TTZpSDVnZHRwYm9YaS9QVzZycDRQdkZJTnJGS3JiYlBjVlcwZEV5SjNxc2gyVDNCcVhJdmNxN01ucEhQOGpGM3VZVU5LMGFjY3liL1V1dDV3Zm9jY2dIU3ZrSlpVOUJ1bkZDbUtwOUV4TVRaakhJSmErRm9YOWdYQXlRbzZ1ai9uYlNTR1RRTksyMUM3Z2VVajMzL0xDK2hpMi9SRFdzZDhJb2RBVTVpcVZWOStFNXB0QktEd0hHVXFZeXEvSXFyTTQxUllkVC9oN2c5ZWg0UjdVWnNBWEIxMkxyaWNCQi80a05DRUxGeE5TYUVkREM4YWhLZVp0SUZnWERVaCsyWGsraGdnTWVYMmU3TTZVbHB1MitYZ21xZG9ta2N1TGVMZTIveDNMNVQvTW5rcEljRWNUbm5Jc3VpVGYyWEpmZGVJd3dqU0VXWER0ZU1yOGorZENMam0zWXdlRTB2M3Q3WHFFN0JEdGNmRjRiTUJzM0E3c1JOZytGeDBhaDd4WXFybm1TWTRyZUc5MU5IUHF1V2c9PSIsImRhdGFrZXkiOiJBUUVCQUhod20wWWFJU0plUnRKbTVuMUc2dXFlZWtYdW9YWFBlNVVGY2U5UnE4LzE0d0FBQUg0d2ZBWUpLb1pJaHZjTkFRY0dvRzh3YlFJQkFEQm9CZ2txaGtpRzl3MEJCd0V3SGdZSllJWklBV1VEQkFFdU1CRUVETjZURDZhTnN6dUUzMVBlbndJQkVJQTdKd0UrbUl3TnFZdWhIMkMxOU44RThrR1UybHdFSXFqdnRmVUpubEtydHMycVIyTEx3ZWpGc2FXeDAwRG5yUnpmYnFpS01RVWMzTUlWeGxnPSIsInZlcnNpb24iOiIyIiwidHlwZSI6IkRBVEFfS0VZIiwiZXhwaXJhdGlvbiI6MTcyMDU4MDUwNX0=",
            "proxy_endpoint": "https://845524701534.dkr.ecr.us-east-1.amazonaws.com",
            "registry_id": null,
            "user_name": "AWS"
          },
          "sensitive_attributes": [
            [
              {
                "type": "get_attr",
                "value": "authorization_token"
              }
            ],
            [
              {
                "type": "get_attr",
                "value": "password"
              }
            ]
          ]
        }
      ]
    },
    {
      "mode": "data",
      "type": "aws_iam_policy_document",
      "name": "assume_role",
      "provider": "provider[\"registry.terraform.io/hashicorp/aws\"]",
      "instances": [
        {
          "schema_version": 0,
          "attributes": {
            "id": "2690255455",
            "json": "{\n  \"Version\": \"2012-10-17\",\n  \"Statement\": [\n    {\n      \"Effect\": \"Allow\",\n      \"Action\": \"sts:AssumeRole\",\n      \"Principal\": {\n        \"Service\": \"lambda.amazonaws.com\"\n      }\n    }\n  ]\n}",
            "minified_json": "{\"Version\":\"2012-10-17\",\"Statement\":[{\"Effect\":\"Allow\",\"Action\":\"sts:AssumeRole\",\"Principal\":{\"Service\":\"lambda.amazonaws.com\"}}]}",
            "override_json": null,
            "override_policy_documents": null,
            "policy_id": null,
            "source_json": null,
            "source_policy_documents": null,
            "statement": [
              {
                "actions": [
                  "sts:AssumeRole"
                ],
                "condition": [],
                "effect": "Allow",
                "not_actions": [],
                "not_principals": [],
                "not_resources": [],
                "principals": [
                  {
                    "identifiers": [
                      "lambda.amazonaws.com"
                    ],
                    "type": "Service"
                  }
                ],
                "resources": [],
                "sid": ""
              }
            ],
            "version": "2012-10-17"
          },
          "sensitive_attributes": []
        }
      ]
    },
    {
      "mode": "data",
      "type": "aws_iam_policy_document",
      "name": "online_processor_policy_doc",
      "provider": "provider[\"registry.terraform.io/hashicorp/aws\"]",
      "instances": [
        {
          "schema_version": 0,
          "attributes": {
            "id": "2414620301",
            "json": "{\n  \"Version\": \"2012-10-17\",\n  \"Statement\": [\n    {\n      \"Effect\": \"Allow\",\n      \"Action\": [\n        \"ec2:DescribeNetworkInterfaces\",\n        \"ec2:DeleteNetworkInterface\",\n        \"ec2:CreateNetworkInterface\"\n      ],\n      \"Resource\": \"*\"\n    },\n    {\n      \"Effect\": \"Allow\",\n      \"Action\": [\n        \"bedrock:InvokeModelWithResponseStream\",\n        \"bedrock:InvokeModel\"\n      ],\n      \"Resource\": \"arn:aws:bedrock:*::foundation-model/*\"\n    },\n    {\n      \"Effect\": \"Allow\",\n      \"Action\": \"dynamodb:GetItem\",\n      \"Resource\": \"arn:aws:dynamodb:*:*:table/*\"\n    },\n    {\n      \"Effect\": \"Allow\",\n      \"Action\": [\n        \"s3:PutObject\",\n        \"s3:GetObject\",\n        \"s3:DeleteObject\"\n      ],\n      \"Resource\": \"arn:aws:s3:::docupload-845524701534-upright-dinosaur/*\"\n    },\n    {\n      \"Effect\": \"Allow\",\n      \"Action\": [\n        \"logs:PutLogEvents\",\n        \"logs:CreateLogStream\",\n        \"logs:CreateLogGroup\"\n      ],\n      \"Resource\": \"arn:aws:logs:*:*:*\"\n    }\n  ]\n}",
            "minified_json": "{\"Version\":\"2012-10-17\",\"Statement\":[{\"Effect\":\"Allow\",\"Action\":[\"ec2:DescribeNetworkInterfaces\",\"ec2:DeleteNetworkInterface\",\"ec2:CreateNetworkInterface\"],\"Resource\":\"*\"},{\"Effect\":\"Allow\",\"Action\":[\"bedrock:InvokeModelWithResponseStream\",\"bedrock:InvokeModel\"],\"Resource\":\"arn:aws:bedrock:*::foundation-model/*\"},{\"Effect\":\"Allow\",\"Action\":\"dynamodb:GetItem\",\"Resource\":\"arn:aws:dynamodb:*:*:table/*\"},{\"Effect\":\"Allow\",\"Action\":[\"s3:PutObject\",\"s3:GetObject\",\"s3:DeleteObject\"],\"Resource\":\"arn:aws:s3:::docupload-845524701534-upright-dinosaur/*\"},{\"Effect\":\"Allow\",\"Action\":[\"logs:PutLogEvents\",\"logs:CreateLogStream\",\"logs:CreateLogGroup\"],\"Resource\":\"arn:aws:logs:*:*:*\"}]}",
            "override_json": null,
            "override_policy_documents": null,
            "policy_id": null,
            "source_json": null,
            "source_policy_documents": null,
            "statement": [
              {
                "actions": [
                  "ec2:CreateNetworkInterface",
                  "ec2:DeleteNetworkInterface",
                  "ec2:DescribeNetworkInterfaces"
                ],
                "condition": [],
                "effect": "Allow",
                "not_actions": [],
                "not_principals": [],
                "not_resources": [],
                "principals": [],
                "resources": [
                  "*"
                ],
                "sid": ""
              },
              {
                "actions": [
                  "bedrock:InvokeModel",
                  "bedrock:InvokeModelWithResponseStream"
                ],
                "condition": [],
                "effect": "Allow",
                "not_actions": [],
                "not_principals": [],
                "not_resources": [],
                "principals": [],
                "resources": [
                  "arn:aws:bedrock:*::foundation-model/*"
                ],
                "sid": ""
              },
              {
                "actions": [
                  "dynamodb:GetItem"
                ],
                "condition": [],
                "effect": "Allow",
                "not_actions": [],
                "not_principals": [],
                "not_resources": [],
                "principals": [],
                "resources": [
                  "arn:aws:dynamodb:*:*:table/*"
                ],
                "sid": ""
              },
              {
                "actions": [
                  "s3:DeleteObject",
                  "s3:GetObject",
                  "s3:PutObject"
                ],
                "condition": [],
                "effect": "Allow",
                "not_actions": [],
                "not_principals": [],
                "not_resources": [],
                "principals": [],
                "resources": [
                  "arn:aws:s3:::docupload-845524701534-upright-dinosaur/*"
                ],
                "sid": ""
              },
              {
                "actions": [
                  "logs:CreateLogGroup",
                  "logs:CreateLogStream",
                  "logs:PutLogEvents"
                ],
                "condition": [],
                "effect": "Allow",
                "not_actions": [],
                "not_principals": [],
                "not_resources": [],
                "principals": [],
                "resources": [
                  "arn:aws:logs:*:*:*"
                ],
                "sid": ""
              }
            ],
            "version": "2012-10-17"
          },
          "sensitive_attributes": []
        }
      ]
    },
    {
      "mode": "data",
      "type": "aws_region",
      "name": "current",
      "provider": "provider[\"registry.terraform.io/hashicorp/aws\"]",
      "instances": [
        {
          "schema_version": 0,
          "attributes": {
            "description": "US East (N. Virginia)",
            "endpoint": "ec2.us-east-1.amazonaws.com",
            "id": "us-east-1",
            "name": "us-east-1"
          },
          "sensitive_attributes": []
        }
      ]
    },
    {
      "mode": "data",
      "type": "aws_subnet",
      "name": "selected",
      "provider": "provider[\"registry.terraform.io/hashicorp/aws\"]",
      "instances": [
        {
          "schema_version": 0,
          "attributes": {
            "arn": "arn:aws:ec2:us-east-1:845524701534:subnet/subnet-0eaba87d1758b13c7",
            "assign_ipv6_address_on_creation": false,
            "availability_zone": "us-east-1b",
            "availability_zone_id": "use1-az6",
            "available_ip_address_count": 249,
            "cidr_block": "10.0.1.0/24",
            "customer_owned_ipv4_pool": "",
            "default_for_az": false,
            "enable_dns64": false,
            "enable_lni_at_device_index": 0,
            "enable_resource_name_dns_a_record_on_launch": false,
            "enable_resource_name_dns_aaaa_record_on_launch": false,
            "filter": null,
            "id": "subnet-0eaba87d1758b13c7",
            "ipv6_cidr_block": "",
            "ipv6_cidr_block_association_id": "",
            "ipv6_native": false,
            "map_customer_owned_ip_on_launch": false,
            "map_public_ip_on_launch": false,
            "outpost_arn": "",
            "owner_id": "845524701534",
            "private_dns_hostname_type_on_launch": "ip-name",
            "state": "available",
            "tags": {
              "Name": "private_subnet_1b"
            },
            "timeouts": null,
            "vpc_id": "vpc-08c27a6f28c385fd6"
          },
          "sensitive_attributes": []
        }
      ]
    },
    {
      "mode": "managed",
      "type": "aws_cloudwatch_log_group",
      "name": "glue_python_job",
      "provider": "provider[\"registry.terraform.io/hashicorp/aws\"]",
      "instances": [
        {
          "schema_version": 0,
          "attributes": {
            "arn": "arn:aws:logs:us-east-1:845524701534:log-group:glue_python_job",
            "id": "glue_python_job",
            "kms_key_id": "",
            "log_group_class": "STANDARD",
            "name": "glue_python_job",
            "name_prefix": "",
            "retention_in_days": 14,
            "skip_destroy": false,
            "tags": {},
            "tags_all": {}
          },
          "sensitive_attributes": [],
          "private": "bnVsbA=="
        }
      ]
    },
    {
      "mode": "managed",
      "type": "aws_cloudwatch_log_group",
      "name": "online_processor",
      "provider": "provider[\"registry.terraform.io/hashicorp/aws\"]",
      "instances": [
        {
          "schema_version": 0,
          "attributes": {
            "arn": "arn:aws:logs:us-east-1:845524701534:log-group:/aws/lambda/translate_tool",
            "id": "/aws/lambda/translate_tool",
            "kms_key_id": "",
            "log_group_class": "STANDARD",
            "name": "/aws/lambda/translate_tool",
            "name_prefix": "",
            "retention_in_days": 30,
            "skip_destroy": false,
            "tags": {},
            "tags_all": {}
          },
          "sensitive_attributes": [],
          "private": "bnVsbA=="
        }
      ]
    },
    {
      "mode": "managed",
      "type": "aws_glue_connection",
      "name": "glue_job_conn",
      "provider": "provider[\"registry.terraform.io/hashicorp/aws\"]",
      "instances": [
        {
          "schema_version": 0,
          "attributes": {
            "arn": "arn:aws:glue:us-east-1:845524701534:connection/glue-job-connection",
            "catalog_id": "845524701534",
            "connection_properties": {},
            "connection_type": "NETWORK",
            "description": "",
            "id": "845524701534:glue-job-connection",
            "match_criteria": [],
            "name": "glue-job-connection",
            "physical_connection_requirements": [
              {
                "availability_zone": "us-east-1b",
                "security_group_id_list": [
                  "sg-09a747fc4d84ca6ff"
                ],
                "subnet_id": "subnet-0eaba87d1758b13c7"
              }
            ],
            "tags": {},
            "tags_all": {}
          },
          "sensitive_attributes": [
            [
              {
                "type": "get_attr",
                "value": "connection_properties"
              }
            ]
          ],
          "private": "bnVsbA==",
          "dependencies": [
            "data.aws_subnet.selected"
          ]
        }
      ]
    },
    {
      "mode": "managed",
      "type": "aws_glue_job",
      "name": "ingest_ddb_job",
      "provider": "provider[\"registry.terraform.io/hashicorp/aws\"]",
      "instances": [
        {
          "schema_version": 0,
          "attributes": {
            "arn": "arn:aws:glue:us-east-1:845524701534:job/ingest_knowledge2ddb",
            "command": [
              {
                "name": "pythonshell",
                "python_version": "3.9",
                "runtime": "",
                "script_location": "s3://docupload-845524701534-upright-dinosaur/ddb_write_job.py"
              }
            ],
            "connections": [
              "glue-job-connection"
            ],
            "default_arguments": {
              "--REGION": "us-east-1",
              "--additional-python-modules": "boto3\u003e=1.28.52,botocore\u003e=1.31.52",
              "--bucket": "docupload-845524701534-upright-dinosaur",
              "--continuous-log-logGroup": "glue_python_job",
              "--dictionary_name": "dictionary_1",
              "--dynamodb_table_name": "rag-translate-table",
              "--enable-continuous-cloudwatch-log": "true",
              "--enable-continuous-log-filter": "true",
              "--object_key": "translate/dictionary_1/dictionary_1_part_a.json"
            },
            "description": "",
            "execution_class": "",
            "execution_property": [
              {
                "max_concurrent_runs": 1
              }
            ],
            "glue_version": "1.0",
            "id": "ingest_knowledge2ddb",
            "maintenance_window": "",
            "max_capacity": 1,
            "max_retries": 0,
            "name": "ingest_knowledge2ddb",
            "non_overridable_arguments": {},
            "notification_property": [],
            "number_of_workers": 0,
            "role_arn": "arn:aws:iam::845524701534:role/glue_job_role",
            "security_configuration": "",
            "tags": {},
            "tags_all": {},
            "timeout": 2880,
            "worker_type": ""
          },
          "sensitive_attributes": [],
          "private": "bnVsbA==",
          "dependencies": [
            "aws_cloudwatch_log_group.glue_python_job",
            "aws_glue_connection.glue_job_conn",
            "aws_iam_role.glue_job_role",
            "aws_s3_bucket.doc_upload_bucket",
            "aws_s3_bucket_object.ddb_write_script",
            "data.aws_caller_identity.this",
            "data.aws_subnet.selected",
            "random_pet.this"
          ]
        }
      ]
    },
    {
      "mode": "managed",
      "type": "aws_iam_policy",
      "name": "glue_job_policy",
      "provider": "provider[\"registry.terraform.io/hashicorp/aws\"]",
      "instances": [
        {
          "schema_version": 0,
          "attributes": {
            "arn": "arn:aws:iam::845524701534:policy/glue_job_policy",
            "attachment_count": 1,
            "description": "Policy for Glue jobs",
            "id": "arn:aws:iam::845524701534:policy/glue_job_policy",
            "name": "glue_job_policy",
            "name_prefix": "",
            "path": "/",
            "policy": "{\"Statement\":[{\"Action\":[\"dynamodb:CreateTable\",\"dynamodb:DescribeTable\",\"dynamodb:BatchWriteItem\"],\"Effect\":\"Allow\",\"Resource\":\"arn:aws:dynamodb:*:*:table/*\"},{\"Action\":[\"s3:GetObject\"],\"Effect\":\"Allow\",\"Resource\":\"arn:aws:s3:::*/*\"},{\"Action\":[\"ec2:CreateNetworkInterface\",\"ec2:DeleteNetworkInterface\",\"ec2:DescribeNetworkInterfaces\",\"ec2:DescribeRouteTables\",\"ec2:DescribeSecurityGroups\",\"ec2:DescribeSubnets\",\"ec2:DescribeVpcEndpoints\",\"ec2:CreateTags\"],\"Effect\":\"Allow\",\"Resource\":\"*\"},{\"Action\":[\"logs:CreateLogStream\"],\"Effect\":\"Allow\",\"Resource\":\"arn:aws:logs:*:*:log-group:/*\"},{\"Action\":[\"glue:GetConnection\"],\"Effect\":\"Allow\",\"Resource\":\"arn:aws:glue:*:*:*\"}],\"Version\":\"2012-10-17\"}",
            "policy_id": "ANPA4JXJTCFPPSQGZNQDN",
            "tags": {},
            "tags_all": {}
          },
          "sensitive_attributes": [],
          "private": "bnVsbA=="
        }
      ]
    },
    {
      "mode": "managed",
      "type": "aws_iam_role",
      "name": "glue_job_role",
      "provider": "provider[\"registry.terraform.io/hashicorp/aws\"]",
      "instances": [
        {
          "schema_version": 0,
          "attributes": {
            "arn": "arn:aws:iam::845524701534:role/glue_job_role",
            "assume_role_policy": "{\"Statement\":[{\"Action\":\"sts:AssumeRole\",\"Effect\":\"Allow\",\"Principal\":{\"Service\":\"glue.amazonaws.com\"},\"Sid\":\"\"}],\"Version\":\"2012-10-17\"}",
            "create_date": "2024-07-09T02:50:51Z",
            "description": "",
            "force_detach_policies": false,
            "id": "glue_job_role",
            "inline_policy": [],
            "managed_policy_arns": [
              "arn:aws:iam::845524701534:policy/glue_job_policy"
            ],
            "max_session_duration": 3600,
            "name": "glue_job_role",
            "name_prefix": "",
            "path": "/",
            "permissions_boundary": "",
            "tags": {},
            "tags_all": {},
            "unique_id": "AROA4JXJTCFPJ7SWCJEKR"
          },
          "sensitive_attributes": [],
          "private": "bnVsbA=="
        }
      ]
    },
    {
      "mode": "managed",
      "type": "aws_iam_role",
      "name": "iam_for_lambda",
      "provider": "provider[\"registry.terraform.io/hashicorp/aws\"]",
      "instances": [
        {
          "schema_version": 0,
          "attributes": {
            "arn": "arn:aws:iam::845524701534:role/iam_for_lambda",
            "assume_role_policy": "{\"Statement\":[{\"Action\":\"sts:AssumeRole\",\"Effect\":\"Allow\",\"Principal\":{\"Service\":\"lambda.amazonaws.com\"}}],\"Version\":\"2012-10-17\"}",
            "create_date": "2024-07-09T02:50:51Z",
            "description": "",
            "force_detach_policies": false,
            "id": "iam_for_lambda",
            "inline_policy": [
              {
                "name": "online_processor_policy",
                "policy": "{\"Version\":\"2012-10-17\",\"Statement\":[{\"Action\":[\"ec2:DescribeNetworkInterfaces\",\"ec2:DeleteNetworkInterface\",\"ec2:CreateNetworkInterface\"],\"Effect\":\"Allow\",\"Resource\":\"*\"},{\"Action\":[\"bedrock:InvokeModelWithResponseStream\",\"bedrock:InvokeModel\"],\"Effect\":\"Allow\",\"Resource\":\"arn:aws:bedrock:*::foundation-model/*\"},{\"Action\":\"dynamodb:GetItem\",\"Effect\":\"Allow\",\"Resource\":\"arn:aws:dynamodb:*:*:table/*\"},{\"Action\":[\"s3:PutObject\",\"s3:GetObject\",\"s3:DeleteObject\"],\"Effect\":\"Allow\",\"Resource\":\"arn:aws:s3:::docupload-845524701534-upright-dinosaur/*\"},{\"Action\":[\"logs:PutLogEvents\",\"logs:CreateLogStream\",\"logs:CreateLogGroup\"],\"Effect\":\"Allow\",\"Resource\":\"arn:aws:logs:*:*:*\"}]}"
              }
            ],
            "managed_policy_arns": [],
            "max_session_duration": 3600,
            "name": "iam_for_lambda",
            "name_prefix": "",
            "path": "/",
            "permissions_boundary": "",
            "tags": {},
            "tags_all": {},
            "unique_id": "AROA4JXJTCFPPYYURV74L"
          },
          "sensitive_attributes": [],
          "private": "bnVsbA==",
          "dependencies": [
            "data.aws_iam_policy_document.assume_role"
          ]
        }
      ]
    },
    {
      "mode": "managed",
      "type": "aws_iam_role_policy",
      "name": "online_processor_policy",
      "provider": "provider[\"registry.terraform.io/hashicorp/aws\"]",
      "instances": [
        {
          "schema_version": 0,
          "attributes": {
            "id": "iam_for_lambda:online_processor_policy",
            "name": "online_processor_policy",
            "name_prefix": "",
            "policy": "{\"Version\":\"2012-10-17\",\"Statement\":[{\"Action\":[\"ec2:DescribeNetworkInterfaces\",\"ec2:DeleteNetworkInterface\",\"ec2:CreateNetworkInterface\"],\"Effect\":\"Allow\",\"Resource\":\"*\"},{\"Action\":[\"bedrock:InvokeModelWithResponseStream\",\"bedrock:InvokeModel\"],\"Effect\":\"Allow\",\"Resource\":\"arn:aws:bedrock:*::foundation-model/*\"},{\"Action\":\"dynamodb:GetItem\",\"Effect\":\"Allow\",\"Resource\":\"arn:aws:dynamodb:*:*:table/*\"},{\"Action\":[\"s3:PutObject\",\"s3:GetObject\",\"s3:DeleteObject\"],\"Effect\":\"Allow\",\"Resource\":\"arn:aws:s3:::docupload-845524701534-upright-dinosaur/*\"},{\"Action\":[\"logs:PutLogEvents\",\"logs:CreateLogStream\",\"logs:CreateLogGroup\"],\"Effect\":\"Allow\",\"Resource\":\"arn:aws:logs:*:*:*\"}]}",
            "role": "iam_for_lambda"
          },
          "sensitive_attributes": [],
          "private": "bnVsbA==",
          "dependencies": [
            "aws_s3_bucket.doc_upload_bucket",
            "data.aws_caller_identity.this",
            "data.aws_iam_policy_document.online_processor_policy_doc",
            "random_pet.this"
          ]
        }
      ]
    },
    {
      "mode": "managed",
      "type": "aws_iam_role_policy_attachment",
      "name": "glue_job_policy_attach",
      "provider": "provider[\"registry.terraform.io/hashicorp/aws\"]",
      "instances": [
        {
          "schema_version": 0,
          "attributes": {
            "id": "glue_job_role-20240709025053569400000001",
            "policy_arn": "arn:aws:iam::845524701534:policy/glue_job_policy",
            "role": "glue_job_role"
          },
          "sensitive_attributes": [],
          "private": "bnVsbA==",
          "dependencies": [
            "aws_iam_policy.glue_job_policy",
            "aws_iam_role.glue_job_role"
          ]
        }
      ]
    },
    {
      "mode": "managed",
      "type": "aws_lambda_function",
      "name": "online_processor",
      "provider": "provider[\"registry.terraform.io/hashicorp/aws\"]",
      "instances": [
        {
          "schema_version": 0,
          "attributes": {
            "architectures": [
              "x86_64"
            ],
            "arn": "arn:aws:lambda:us-east-1:845524701534:function:translate_tool",
            "code_sha256": "53b949b1fc5aefde26a0968fe94ed66bbcfa8a668dbfc1dcea0f8211c9b4c647",
            "code_signing_config_arn": "",
            "dead_letter_config": [],
            "description": "",
            "environment": [
              {
                "variables": {
                  "user_dict_bucket": "docupload-845524701534-upright-dinosaur",
                  "user_dict_prefix": "translate"
                }
              }
            ],
            "ephemeral_storage": [
              {
                "size": 512
              }
            ],
            "file_system_config": [],
            "filename": null,
            "function_name": "translate_tool",
            "handler": "",
            "id": "translate_tool",
            "image_config": [],
            "image_uri": "845524701534.dkr.ecr.us-east-1.amazonaws.com/upright-dinosaur@sha256:53b949b1fc5aefde26a0968fe94ed66bbcfa8a668dbfc1dcea0f8211c9b4c647",
            "invoke_arn": "arn:aws:apigateway:us-east-1:lambda:path/2015-03-31/functions/arn:aws:lambda:us-east-1:845524701534:function:translate_tool/invocations",
            "kms_key_arn": "",
            "last_modified": "2024-07-09T04:04:13.000+0000",
            "layers": [],
            "logging_config": [
              {
                "application_log_level": "",
                "log_format": "Text",
                "log_group": "/aws/lambda/translate_tool",
                "system_log_level": ""
              }
            ],
            "memory_size": 1024,
            "package_type": "Image",
            "publish": false,
            "qualified_arn": "arn:aws:lambda:us-east-1:845524701534:function:translate_tool:$LATEST",
            "qualified_invoke_arn": "arn:aws:apigateway:us-east-1:lambda:path/2015-03-31/functions/arn:aws:lambda:us-east-1:845524701534:function:translate_tool:$LATEST/invocations",
            "replace_security_groups_on_destroy": null,
            "replacement_security_group_ids": null,
            "reserved_concurrent_executions": -1,
            "role": "arn:aws:iam::845524701534:role/iam_for_lambda",
            "runtime": "",
            "s3_bucket": null,
            "s3_key": null,
            "s3_object_version": null,
            "signing_job_arn": "",
            "signing_profile_version_arn": "",
            "skip_destroy": false,
            "snap_start": [],
            "source_code_hash": "",
            "source_code_size": 0,
            "tags": {},
            "tags_all": {},
            "timeout": 900,
            "timeouts": null,
            "tracing_config": [
              {
                "mode": "PassThrough"
              }
            ],
            "version": "$LATEST",
            "vpc_config": [
              {
                "ipv6_allowed_for_dual_stack": false,
                "security_group_ids": [
                  "sg-09a747fc4d84ca6ff"
                ],
                "subnet_ids": [
                  "subnet-041a3e85013396830",
                  "subnet-0eaba87d1758b13c7"
                ],
                "vpc_id": "vpc-08c27a6f28c385fd6"
              }
            ]
          },
          "sensitive_attributes": [],
          "private": "eyJlMmJmYjczMC1lY2FhLTExZTYtOGY4OC0zNDM2M2JjN2M0YzAiOnsiY3JlYXRlIjo2MDAwMDAwMDAwMDAsImRlbGV0ZSI6NjAwMDAwMDAwMDAwLCJ1cGRhdGUiOjYwMDAwMDAwMDAwMH19",
          "dependencies": [
            "aws_cloudwatch_log_group.online_processor",
            "aws_iam_role.iam_for_lambda",
            "aws_s3_bucket.doc_upload_bucket",
            "data.aws_caller_identity.this",
            "data.aws_ecr_authorization_token.token",
            "data.aws_iam_policy_document.assume_role",
            "data.aws_region.current",
            "module.docker_build.aws_ecr_repository.this",
            "module.docker_build.data.aws_caller_identity.this",
            "module.docker_build.data.aws_region.current",
            "module.docker_build.docker_image.this",
            "module.docker_build.docker_registry_image.this",
            "random_pet.this"
          ]
        }
      ]
    },
    {
      "mode": "managed",
      "type": "aws_s3_bucket",
      "name": "doc_upload_bucket",
      "provider": "provider[\"registry.terraform.io/hashicorp/aws\"]",
      "instances": [
        {
          "schema_version": 0,
          "attributes": {
            "acceleration_status": "",
            "acl": null,
            "arn": "arn:aws:s3:::docupload-845524701534-upright-dinosaur",
            "bucket": "docupload-845524701534-upright-dinosaur",
            "bucket_domain_name": "docupload-845524701534-upright-dinosaur.s3.amazonaws.com",
            "bucket_prefix": "",
            "bucket_regional_domain_name": "docupload-845524701534-upright-dinosaur.s3.us-east-1.amazonaws.com",
            "cors_rule": [
              {
                "allowed_headers": [
                  "*"
                ],
                "allowed_methods": [
                  "GET",
                  "POST",
                  "PUT"
                ],
                "allowed_origins": [
                  "*"
                ],
                "expose_headers": [],
                "max_age_seconds": 0
              }
            ],
            "force_destroy": true,
            "grant": [
              {
                "id": "1c82da473f0186857f04674689d65d66ca8c2b922feb79af08bc0ae1d598b39a",
                "permissions": [
                  "FULL_CONTROL"
                ],
                "type": "CanonicalUser",
                "uri": ""
              }
            ],
            "hosted_zone_id": "Z3AQBSTGFYJSTF",
            "id": "docupload-845524701534-upright-dinosaur",
            "lifecycle_rule": [],
            "logging": [],
            "object_lock_configuration": [],
            "object_lock_enabled": false,
            "policy": "",
            "region": "us-east-1",
            "replication_configuration": [],
            "request_payer": "BucketOwner",
            "server_side_encryption_configuration": [
              {
                "rule": [
                  {
                    "apply_server_side_encryption_by_default": [
                      {
                        "kms_master_key_id": "",
                        "sse_algorithm": "AES256"
                      }
                    ],
                    "bucket_key_enabled": false
                  }
                ]
              }
            ],
            "tags": {},
            "tags_all": {},
            "timeouts": null,
            "versioning": [
              {
                "enabled": false,
                "mfa_delete": false
              }
            ],
            "website": [],
            "website_domain": null,
            "website_endpoint": null
          },
          "sensitive_attributes": [],
          "private": "eyJlMmJmYjczMC1lY2FhLTExZTYtOGY4OC0zNDM2M2JjN2M0YzAiOnsiY3JlYXRlIjoxMjAwMDAwMDAwMDAwLCJkZWxldGUiOjM2MDAwMDAwMDAwMDAsInJlYWQiOjEyMDAwMDAwMDAwMDAsInVwZGF0ZSI6MTIwMDAwMDAwMDAwMH19",
          "dependencies": [
            "data.aws_caller_identity.this",
            "random_pet.this"
          ]
        }
      ]
    },
    {
      "mode": "managed",
      "type": "aws_s3_bucket_object",
      "name": "ddb_write_script",
      "provider": "provider[\"registry.terraform.io/hashicorp/aws\"]",
      "instances": [
        {
          "schema_version": 0,
          "attributes": {
            "acl": "private",
            "arn": "arn:aws:s3:::docupload-845524701534-upright-dinosaur/ddb_write_job.py",
            "bucket": "docupload-845524701534-upright-dinosaur",
            "bucket_key_enabled": false,
            "cache_control": "",
            "content": null,
            "content_base64": null,
            "content_disposition": "",
            "content_encoding": "",
            "content_language": "",
            "content_type": "application/octet-stream",
            "etag": "657bc2856be4612375f058c082e1c583",
            "force_destroy": false,
            "id": "ddb_write_job.py",
            "key": "ddb_write_job.py",
            "kms_key_id": null,
            "metadata": {},
            "object_lock_legal_hold_status": "",
            "object_lock_mode": "",
            "object_lock_retain_until_date": "",
            "server_side_encryption": "AES256",
            "source": "./code/offline_process/ddb_write_job.py",
            "source_hash": null,
            "storage_class": "STANDARD",
            "tags": {},
            "tags_all": {},
            "version_id": "",
            "website_redirect": ""
          },
          "sensitive_attributes": [],
          "private": "bnVsbA==",
          "dependencies": [
            "aws_s3_bucket.doc_upload_bucket",
            "data.aws_caller_identity.this",
            "random_pet.this"
          ]
        }
      ]
    },
    {
      "mode": "managed",
      "type": "random_pet",
      "name": "this",
      "provider": "provider[\"registry.terraform.io/hashicorp/random\"]",
      "instances": [
        {
          "schema_version": 0,
          "attributes": {
            "id": "upright-dinosaur",
            "keepers": null,
            "length": 2,
            "prefix": null,
            "separator": "-"
          },
          "sensitive_attributes": []
        }
      ]
    },
    {
      "module": "module.docker_build",
      "mode": "data",
      "type": "aws_caller_identity",
      "name": "this",
      "provider": "provider[\"registry.terraform.io/hashicorp/aws\"]",
      "instances": [
        {
          "schema_version": 0,
          "attributes": {
            "account_id": "845524701534",
            "arn": "arn:aws:sts::845524701534:assumed-role/admin/oyanli-Isengard",
            "id": "845524701534",
            "user_id": "AROA4JXJTCFPOY4JRI553:oyanli-Isengard"
          },
          "sensitive_attributes": []
        }
      ]
    },
    {
      "module": "module.docker_build",
      "mode": "data",
      "type": "aws_region",
      "name": "current",
      "provider": "provider[\"registry.terraform.io/hashicorp/aws\"]",
      "instances": [
        {
          "schema_version": 0,
          "attributes": {
            "description": "US East (N. Virginia)",
            "endpoint": "ec2.us-east-1.amazonaws.com",
            "id": "us-east-1",
            "name": "us-east-1"
          },
          "sensitive_attributes": []
        }
      ]
    },
    {
      "module": "module.docker_build",
      "mode": "managed",
      "type": "aws_ecr_lifecycle_policy",
      "name": "this",
      "provider": "provider[\"registry.terraform.io/hashicorp/aws\"]",
      "instances": [
        {
          "index_key": 0,
          "schema_version": 0,
          "attributes": {
            "id": "upright-dinosaur",
            "policy": "{\"rules\":[{\"action\":{\"type\":\"expire\"},\"description\":\"Keep only the last 2 images\",\"rulePriority\":1,\"selection\":{\"countNumber\":2,\"countType\":\"imageCountMoreThan\",\"tagStatus\":\"any\"}}]}",
            "registry_id": "845524701534",
            "repository": "upright-dinosaur"
          },
          "sensitive_attributes": [],
          "private": "bnVsbA==",
          "dependencies": [
            "module.docker_build.aws_ecr_repository.this",
            "random_pet.this"
          ]
        }
      ]
    },
    {
      "module": "module.docker_build",
      "mode": "managed",
      "type": "aws_ecr_repository",
      "name": "this",
      "provider": "provider[\"registry.terraform.io/hashicorp/aws\"]",
      "instances": [
        {
          "index_key": 0,
          "schema_version": 0,
          "attributes": {
            "arn": "arn:aws:ecr:us-east-1:845524701534:repository/upright-dinosaur",
            "encryption_configuration": [
              {
                "encryption_type": "AES256",
                "kms_key": ""
              }
            ],
            "force_delete": true,
            "id": "upright-dinosaur",
            "image_scanning_configuration": [
              {
                "scan_on_push": false
              }
            ],
            "image_tag_mutability": "MUTABLE",
            "name": "upright-dinosaur",
            "registry_id": "845524701534",
            "repository_url": "845524701534.dkr.ecr.us-east-1.amazonaws.com/upright-dinosaur",
            "tags": {},
            "tags_all": {},
            "timeouts": null
          },
          "sensitive_attributes": [],
          "private": "eyJlMmJmYjczMC1lY2FhLTExZTYtOGY4OC0zNDM2M2JjN2M0YzAiOnsiZGVsZXRlIjoxMjAwMDAwMDAwMDAwfX0=",
          "dependencies": [
            "random_pet.this"
          ]
        }
      ]
    },
    {
      "module": "module.docker_build",
      "mode": "managed",
      "type": "docker_image",
      "name": "this",
      "provider": "provider[\"registry.terraform.io/kreuzwerker/docker\"]",
      "instances": [
        {
          "schema_version": 0,
          "attributes": {
            "build": [
              {
                "auth_config": [],
                "build_arg": {},
                "build_args": {
                  "FOO": "bar"
                },
                "build_id": "",
                "cache_from": [],
                "cgroup_parent": "",
                "context": "code/online_process",
                "cpu_period": 0,
                "cpu_quota": 0,
                "cpu_set_cpus": "",
                "cpu_set_mems": "",
                "cpu_shares": 0,
                "dockerfile": "Dockerfile",
                "extra_hosts": [],
                "force_remove": false,
                "isolation": "",
                "label": {},
                "labels": {},
                "memory": 0,
                "memory_swap": 0,
                "network_mode": "",
                "no_cache": false,
                "platform": "linux/amd64",
                "pull_parent": false,
                "remote_context": "",
                "remove": true,
                "security_opt": [],
                "session_id": "",
                "shm_size": 0,
                "squash": false,
                "suppress_output": false,
                "tag": [],
                "target": "",
                "ulimit": [],
                "version": ""
              }
            ],
            "force_remove": false,
            "id": "sha256:3a13c36bbc8cdc3a970ee53f2f20a14ab383866940e09132ef947de2e36dbc57845524701534.dkr.ecr.us-east-1.amazonaws.com/upright-dinosaur",
            "image_id": "sha256:3a13c36bbc8cdc3a970ee53f2f20a14ab383866940e09132ef947de2e36dbc57",
            "keep_locally": false,
            "name": "845524701534.dkr.ecr.us-east-1.amazonaws.com/upright-dinosaur",
            "platform": null,
            "pull_triggers": null,
            "repo_digest": "845524701534.dkr.ecr.us-east-1.amazonaws.com/upright-dinosaur@sha256:53b949b1fc5aefde26a0968fe94ed66bbcfa8a668dbfc1dcea0f8211c9b4c647",
            "triggers": {
              "dir_sha": "b5000338f26dbc8022b8489e7869c96af10861be"
            }
          },
          "sensitive_attributes": [],
          "private": "bnVsbA==",
          "dependencies": [
            "data.aws_caller_identity.this",
            "data.aws_ecr_authorization_token.token",
            "data.aws_region.current",
            "module.docker_build.aws_ecr_repository.this",
            "module.docker_build.data.aws_caller_identity.this",
            "module.docker_build.data.aws_region.current",
            "random_pet.this"
          ]
        }
      ]
    },
    {
      "module": "module.docker_build",
      "mode": "managed",
      "type": "docker_registry_image",
      "name": "this",
      "provider": "provider[\"registry.terraform.io/kreuzwerker/docker\"]",
      "instances": [
        {
          "schema_version": 0,
          "attributes": {
            "id": "sha256:53b949b1fc5aefde26a0968fe94ed66bbcfa8a668dbfc1dcea0f8211c9b4c647",
            "insecure_skip_verify": false,
            "keep_remotely": false,
            "name": "845524701534.dkr.ecr.us-east-1.amazonaws.com/upright-dinosaur",
            "sha256_digest": "sha256:53b949b1fc5aefde26a0968fe94ed66bbcfa8a668dbfc1dcea0f8211c9b4c647",
            "triggers": {
              "dir_sha": "b5000338f26dbc8022b8489e7869c96af10861be"
            }
          },
          "sensitive_attributes": [],
          "private": "bnVsbA==",
          "dependencies": [
            "data.aws_caller_identity.this",
            "data.aws_ecr_authorization_token.token",
            "data.aws_region.current",
            "module.docker_build.aws_ecr_repository.this",
            "module.docker_build.data.aws_caller_identity.this",
            "module.docker_build.data.aws_region.current",
            "module.docker_build.docker_image.this",
            "random_pet.this"
          ]
        }
      ]
    }
  ],
  "check_results": null
}
