{
  "version": 4,
  "terraform_version": "1.8.5",
  "serial": 77,
  "lineage": "65570001-15e3-dfbf-2fd1-635eb3e0bafe",
  "outputs": {},
  "resources": [
    {
      "mode": "data",
      "type": "aws_caller_identity",
      "name": "this",
      "provider": "provider[\"registry.terraform.io/hashicorp/aws\"]",
      "instances": [
        {
          "schema_version": 0,
          "attributes": {
            "account_id": "845524701534",
            "arn": "arn:aws:sts::845524701534:assumed-role/admin/oyanli-Isengard",
            "id": "845524701534",
            "user_id": "AROA4JXJTCFPOY4JRI553:oyanli-Isengard"
          },
          "sensitive_attributes": []
        }
      ]
    },
    {
      "mode": "data",
      "type": "aws_ecr_authorization_token",
      "name": "token",
      "provider": "provider[\"registry.terraform.io/hashicorp/aws\"]",
      "instances": [
        {
          "schema_version": 0,
          "attributes": {
            "authorization_token": "QVdTOmV5SndZWGxzYjJGa0lqb2laa1k0UzBGRFpVOUNSemR0VkZKT1REVm1NMlZ2TUdocU1uaFBWVUpyVUVoMlNGWm5SWGhrVUVrNVFrdHNaa1pvYzNZNVUweDRPU3ROUnk5cU9Yb3plRzlyTHk5dFF6YzBLMFZLTkhoSk5IRnVlRlF3Y1hweGIxQTNaVVl6ZUZaME16aGFkbGxMZGpKa1NXNXRNelp3WkdaRFRtUXhVazkyUjFKcFVVOW5SVUpDV0Rkc2VWWnhTWGRhU25Gd1luSlpjbWxoVmpGT2NEQkdXbGxEWlVveU5Vc3ZVRk0wUkVaNFQyTkphbFJOUlVwalVFUlpkeTl3UVdOWlNUbGtUa1pHT1daelJXNHhNemRUUkdka1FuRnRaMHByZG5SVmFVSnBiMWRuV21aTGQwMUdPVTlJUldaS0syUkthMEp4T1U5TVZUbFFhVVJyYkdSU1VtSk5lVzUxUkZGM056Tm1XVTFPYzBsaVYwdGlVa1J6T1RGc2FqbE1LMHRLY1d0SUwwWnNlRGhtUlRCMk9XZFRZekJWYW1reVpERTNSak5TTDJoTUwyNVpTM1JuTUZaMllXTkNNMVlyWjBGR01WWXpVMmt2WmtOU1RUWkpSVFUxYjFaR01qazRSVXhoWkhkYWNFazRTVWhFVkRGWWRVaEhSMmx0UzIxb1ZGUTRZMDh6T0ZadlduUllPRTh3UWtwc0swVmhhM2xJTURka1RVUjNUblJaYkhWMFQydzBkR0YzVEhablpTOW5aeXMzTjFkNGNFMUJhakZvV0M5Nk0yUnNZVW8zWW5oRmVFMWxUWGRWZVdnM09UUjFNM2d4V2pKUU5qQk5NVTVpY0V3eldrNWhZbFYxTm0xR2JFOXpPWGRLZVc5Nk1GTkVhVzlzT0RCQ1lWWnNNbnB0VUZRM1luVk9WVEpOYlVWNE5rcFBURlU1VlZjcmJqY3JTVmR0V1hWVFIwTlZRbm96YlV4eVZUUTBWMjUwZFZWU1QyTXdOMHhWUlRSV1pVOUZTSFUxVUdsaFpXeGpTMVk0UlcxWFpWVjRjamR5UmpaNWRIZHRWQ3RNYTFZNFZDdEhRVTlCSzBkcVJVWnZlVlJzY0RJcldtcENRV2x5TXpZdlMyNU5URWszTW5obWVURlJkR0l6T0ZwUVlqWktTbmhOU0hFdk1FeFBkR2xxZFhoSVl6TTFWWG95ZG5GbU5qSnRWa1ZGY21vMlZVZzJZblpLYUdsb1FrTjRMMkZSYW5WS1ZtVTViRlZKZDNoREwyVTNUbU5PU0hGd2RGWnVaemw2YlRWNFQzTm1RbmR6VWpKb2RWSnRXak5GUTJodE1scGFUeTlKYkdRemRTc3ZjMDg1ZGxwak9HSkRWR1l4VjBkV1lrazNWVGQ1Ulc1dWRqZHFhak1yUmt4NGFqUTJiR1ZyT0ZseVVXUlpOM0Y1UzFCcmVrUlNSVFk0VkhScE4yeFZRbmd4UW5oV1ZUVlZTVFl3U0dvNGFYVTFhUzl0VTJRME9IZzRUVU5SZUU5T1duVlJURWhwVWt4dk9FOHdOSFpxS3psRVVEbFlja1IyYXpSTmVHcHJZME14YkZNNVlsUkNNa1JTU1d3dlVHeERWbGhsVldvM1owTXpjMWd5VmpCNE5ITXpUazQzWlRKQmRuSnJUVGMyZVcxaFRHMHJRelJvUkZONmRGaFVUMlpJVm01UmNqZERaVTg1TDJKeGMzZElZVFpOSzFwRU0ybzFZMEUxZHprMFdGSXljVEpQYkRacWJWVkNXVVpNZW1oek5WcHJkbTlxZGtkdFZtTkNTVW80VEhRemFIWm1Nek5rWm5RdmNHNUdaM1phTkRrNGNUY3dTV3RrTkRCeWNHMVFTRGx0VFRaVVZIQnZTVzgyYVZJNFduUXJkbk5VTDBsWU5IQXhkMEZVUmxKMFluSnVWM0J2ZUVaR2RubzVjbWhpUW5KWlpHcEliVmRKWWs5dmRrNURaSE5wV1Uwck5qSlRRVTQzYkdFd05XdzVlVk5OTHl0VVYwTXdWemhyVTA5WFZEQlRkM1YyUm5kSlpsTnBVVzlQU3paamFsbGFWMlZvU2tsRVJXcHZjMHRwYmtGRVRWcHZhbnBQVkdKMVNYcEdORlZ5VG5kNVNXWTJTbEZ1TUZSeGJXbFFWbEZvZGtFeVJWb3pLMVpyWTB0UWJGTnhha3N2YW05bVRuZE5WWG92Ykd3dmNIazJWVzE1VVVaaU0wSkRXWGxzWkd4YWNuZFZiMHRETmxCdlR6TlBWRTlTUkc5dmVsbzRhMEoyTVM5eFIzUTFWVmRsV2pOa1RsQTBUMEU5UFNJc0ltUmhkR0ZyWlhraU9pSkJVVVZDUVVob2QyMHdXV0ZKVTBwbFVuUktiVFZ1TVVjMmRYRmxaV3RZZFc5WVdGQmxOVlZHWTJVNVVuRTRMekUwZDBGQlFVZzBkMlpCV1VwTGIxcEphSFpqVGtGUlkwZHZSemgzWWxGSlFrRkVRbTlDWjJ0eGFHdHBSemwzTUVKQ2QwVjNTR2RaU2xsSldrbEJWMVZFUWtGRmRVMUNSVVZFUTA5M2N6bGhiMmRpVURGM0sweDNVRUZKUWtWSlFUY3hTVFZpVlZOYWFYSXlibTl5VDFCcFQzVkZibkZ6VWxka1NVOTBhMmRSTDJKYVYxZDNRM3BtUXpWaVRXZG9lRUowZFdoMGRUVmxOelJyT1ZGMlZqRnlTRVJZY21FeU5tWk5iMHM1TDI1clBTSXNJblpsY25OcGIyNGlPaUl5SWl3aWRIbHdaU0k2SWtSQlZFRmZTMFZaSWl3aVpYaHdhWEpoZEdsdmJpSTZNVGN5TURNeU5qZzJNbjA9",
            "expires_at": "2024-07-07T04:34:22Z",
            "id": "us-east-1",
            "password": "eyJwYXlsb2FkIjoiZkY4S0FDZU9CRzdtVFJOTDVmM2VvMGhqMnhPVUJrUEh2SFZnRXhkUEk5QktsZkZoc3Y5U0x4OStNRy9qOXozeG9rLy9tQzc0K0VKNHhJNHFueFQwcXpxb1A3ZUYzeFZ0MzhadllLdjJkSW5tMzZwZGZDTmQxUk92R1JpUU9nRUJCWDdseVZxSXdaSnFwYnJZcmlhVjFOcDBGWllDZUoyNUsvUFM0REZ4T2NJalRNRUpjUERZdy9wQWNZSTlkTkZGOWZzRW4xMzdTRGdkQnFtZ0prdnRVaUJpb1dnWmZLd01GOU9IRWZKK2RKa0JxOU9MVTlQaURrbGRSUmJNeW51RFF3NzNmWU1Oc0liV0tiUkRzOTFsajlMK0tKcWtIL0ZseDhmRTB2OWdTYzBVamkyZDE3RjNSL2hML25ZS3RnMFZ2YWNCM1YrZ0FGMVYzU2kvZkNSTTZJRTU1b1ZGMjk4RUxhZHdacEk4SUhEVDFYdUhHR2ltS21oVFQ4Y08zOFZvWnRYOE8wQkpsK0Vha3lIMDdkTUR3TnRZbHV0T2w0dGF3THZnZS9nZys3N1d4cE1BajFoWC96M2RsYUo3YnhFeE1lTXdVeWg3OTR1M3gxWjJQNjBNMU5icEwzWk5hYlV1Nm1GbE9zOXdKeW96MFNEaW9sODBCYVZsMnptUFQ3YnVOVTJNbUV4NkpPTFU5VVcrbjcrSVdtWXVTR0NVQnozbUxyVTQ0V250dVVST2MwN0xVRTRWZU9FSHU1UGlhZWxjS1Y4RW1XZVV4cjdyRjZ5dHdtVCtMa1Y4VCtHQU9BK0dqRUZveVRscDIrWmpCQWlyMzYvS25NTEk3MnhmeTFRdGIzOFpQYjZKSnhNSHEvMExPdGlqdXhIYzM1VXoydnFmNjJtVkVFcmo2VUg2YnZKaGloQkN4L2FRanVKVmU5bFVJd3hDL2U3TmNOSHFwdFZuZzl6bTV4T3NmQndzUjJodVJtWjNFQ2htMlpaTy9JbGQzdSsvc085dlpjOGJDVGYxV0dWYkk3VTd5RW5udjdqajMrRkx4ajQ2bGVrOFlyUWRZN3F5S1BrekRSRTY4VHRpN2xVQngxQnhWVTVVSTYwSGo4aXU1aS9tU2Q0OHg4TUNReE9OWnVRTEhpUkxvOE8wNHZqKzlEUDlYckR2azRNeGprY0MxbFM5YlRCMkRSSWwvUGxDVlhlVWo3Z0Mzc1gyVjB4NHMzTk43ZTJBdnJrTTc2eW1hTG0rQzRoRFN6dFhUT2ZIVm5RcjdDZU85L2Jxc3dIYTZNK1pEM2o1Y0E1dzk0WFIycTJPbDZqbVVCWUZMemhzNVprdm9qdkdtVmNCSUo4THQzaHZmMzNkZnQvcG5GZ3ZaNDk4cTcwSWtkNDBycG1QSDltTTZUVHBvSW82aVI4WnQrdnNUL0lYNHAxd0FURlJ0YnJuV3BveEZGdno5cmhiQnJZZGpIbVdJYk9vdk5DZHNpWU0rNjJTQU43bGEwNWw5eVNNLytUV0MwVzhrU09XVDBTd3V2RndJZlNpUW9PSzZjallaV2VoSklERWpvc0tpbkFETVpvanpPVGJ1SXpGNFVyTnd5SWY2SlFuMFRxbWlQVlFodkEyRVozK1ZrY0tQbFNxaksvam9mTndNVXovbGwvcHk2VW15UUZiM0JDWXlsZGxacndVb0tDNlBvTzNPVE9SRG9velo4a0J2MS9xR3Q1VVdlWjNkTlA0T0E9PSIsImRhdGFrZXkiOiJBUUVCQUhod20wWWFJU0plUnRKbTVuMUc2dXFlZWtYdW9YWFBlNVVGY2U5UnE4LzE0d0FBQUg0d2ZBWUpLb1pJaHZjTkFRY0dvRzh3YlFJQkFEQm9CZ2txaGtpRzl3MEJCd0V3SGdZSllJWklBV1VEQkFFdU1CRUVEQ093czlhb2diUDF3K0x3UEFJQkVJQTcxSTViVVNaaXIybm9yT1BpT3VFbnFzUldkSU90a2dRL2JaV1d3Q3pmQzViTWdoeEJ0dWh0dTVlNzRrOVF2VjFySERYcmEyNmZNb0s5L25rPSIsInZlcnNpb24iOiIyIiwidHlwZSI6IkRBVEFfS0VZIiwiZXhwaXJhdGlvbiI6MTcyMDMyNjg2Mn0=",
            "proxy_endpoint": "https://845524701534.dkr.ecr.us-east-1.amazonaws.com",
            "registry_id": null,
            "user_name": "AWS"
          },
          "sensitive_attributes": [
            [
              {
                "type": "get_attr",
                "value": "password"
              }
            ],
            [
              {
                "type": "get_attr",
                "value": "authorization_token"
              }
            ]
          ]
        }
      ]
    },
    {
      "mode": "data",
      "type": "aws_iam_policy_document",
      "name": "assume_role",
      "provider": "provider[\"registry.terraform.io/hashicorp/aws\"]",
      "instances": [
        {
          "schema_version": 0,
          "attributes": {
            "id": "2690255455",
            "json": "{\n  \"Version\": \"2012-10-17\",\n  \"Statement\": [\n    {\n      \"Effect\": \"Allow\",\n      \"Action\": \"sts:AssumeRole\",\n      \"Principal\": {\n        \"Service\": \"lambda.amazonaws.com\"\n      }\n    }\n  ]\n}",
            "minified_json": "{\"Version\":\"2012-10-17\",\"Statement\":[{\"Effect\":\"Allow\",\"Action\":\"sts:AssumeRole\",\"Principal\":{\"Service\":\"lambda.amazonaws.com\"}}]}",
            "override_json": null,
            "override_policy_documents": null,
            "policy_id": null,
            "source_json": null,
            "source_policy_documents": null,
            "statement": [
              {
                "actions": [
                  "sts:AssumeRole"
                ],
                "condition": [],
                "effect": "Allow",
                "not_actions": [],
                "not_principals": [],
                "not_resources": [],
                "principals": [
                  {
                    "identifiers": [
                      "lambda.amazonaws.com"
                    ],
                    "type": "Service"
                  }
                ],
                "resources": [],
                "sid": ""
              }
            ],
            "version": "2012-10-17"
          },
          "sensitive_attributes": []
        }
      ]
    },
    {
      "mode": "data",
      "type": "aws_iam_policy_document",
      "name": "online_processor_policy_doc",
      "provider": "provider[\"registry.terraform.io/hashicorp/aws\"]",
      "instances": [
        {
          "schema_version": 0,
          "attributes": {
            "id": "3906318023",
            "json": "{\n  \"Version\": \"2012-10-17\",\n  \"Statement\": [\n    {\n      \"Effect\": \"Allow\",\n      \"Action\": [\n        \"s3:Put*\",\n        \"s3:List*\",\n        \"s3:Get*\",\n        \"ec2:DescribeNetworkInterfaces\",\n        \"ec2:DeleteNetworkInterface\",\n        \"ec2:CreateNetworkInterface\",\n        \"bedrock:*\"\n      ],\n      \"Resource\": \"*\"\n    },\n    {\n      \"Effect\": \"Allow\",\n      \"Action\": [\n        \"s3:PutObject\",\n        \"s3:GetObject\",\n        \"s3:DeleteObject\"\n      ],\n      \"Resource\": \"arn:aws:s3:::docupload-845524701534-musical-sheep/*\"\n    },\n    {\n      \"Effect\": \"Allow\",\n      \"Action\": [\n        \"logs:PutLogEvents\",\n        \"logs:CreateLogStream\",\n        \"logs:CreateLogGroup\"\n      ],\n      \"Resource\": \"arn:aws:logs:*:*:*\"\n    }\n  ]\n}",
            "minified_json": "{\"Version\":\"2012-10-17\",\"Statement\":[{\"Effect\":\"Allow\",\"Action\":[\"s3:Put*\",\"s3:List*\",\"s3:Get*\",\"ec2:DescribeNetworkInterfaces\",\"ec2:DeleteNetworkInterface\",\"ec2:CreateNetworkInterface\",\"bedrock:*\"],\"Resource\":\"*\"},{\"Effect\":\"Allow\",\"Action\":[\"s3:PutObject\",\"s3:GetObject\",\"s3:DeleteObject\"],\"Resource\":\"arn:aws:s3:::docupload-845524701534-musical-sheep/*\"},{\"Effect\":\"Allow\",\"Action\":[\"logs:PutLogEvents\",\"logs:CreateLogStream\",\"logs:CreateLogGroup\"],\"Resource\":\"arn:aws:logs:*:*:*\"}]}",
            "override_json": null,
            "override_policy_documents": null,
            "policy_id": null,
            "source_json": null,
            "source_policy_documents": null,
            "statement": [
              {
                "actions": [
                  "bedrock:*",
                  "ec2:CreateNetworkInterface",
                  "ec2:DeleteNetworkInterface",
                  "ec2:DescribeNetworkInterfaces",
                  "s3:Get*",
                  "s3:List*",
                  "s3:Put*"
                ],
                "condition": [],
                "effect": "Allow",
                "not_actions": [],
                "not_principals": [],
                "not_resources": [],
                "principals": [],
                "resources": [
                  "*"
                ],
                "sid": ""
              },
              {
                "actions": [
                  "s3:DeleteObject",
                  "s3:GetObject",
                  "s3:PutObject"
                ],
                "condition": [],
                "effect": "Allow",
                "not_actions": [],
                "not_principals": [],
                "not_resources": [],
                "principals": [],
                "resources": [
                  "arn:aws:s3:::docupload-845524701534-musical-sheep/*"
                ],
                "sid": ""
              },
              {
                "actions": [
                  "logs:CreateLogGroup",
                  "logs:CreateLogStream",
                  "logs:PutLogEvents"
                ],
                "condition": [],
                "effect": "Allow",
                "not_actions": [],
                "not_principals": [],
                "not_resources": [],
                "principals": [],
                "resources": [
                  "arn:aws:logs:*:*:*"
                ],
                "sid": ""
              }
            ],
            "version": "2012-10-17"
          },
          "sensitive_attributes": []
        }
      ]
    },
    {
      "mode": "data",
      "type": "aws_region",
      "name": "current",
      "provider": "provider[\"registry.terraform.io/hashicorp/aws\"]",
      "instances": [
        {
          "schema_version": 0,
          "attributes": {
            "description": "US East (N. Virginia)",
            "endpoint": "ec2.us-east-1.amazonaws.com",
            "id": "us-east-1",
            "name": "us-east-1"
          },
          "sensitive_attributes": []
        }
      ]
    },
    {
      "mode": "managed",
      "type": "aws_cloudwatch_log_group",
      "name": "glue_python_job",
      "provider": "provider[\"registry.terraform.io/hashicorp/aws\"]",
      "instances": [
        {
          "schema_version": 0,
          "attributes": {
            "arn": "arn:aws:logs:us-east-1:845524701534:log-group:glue_python_job",
            "id": "glue_python_job",
            "kms_key_id": "",
            "log_group_class": "STANDARD",
            "name": "glue_python_job",
            "name_prefix": "",
            "retention_in_days": 14,
            "skip_destroy": false,
            "tags": {},
            "tags_all": {}
          },
          "sensitive_attributes": [],
          "private": "bnVsbA=="
        }
      ]
    },
    {
      "mode": "managed",
      "type": "aws_cloudwatch_log_group",
      "name": "online_processor",
      "provider": "provider[\"registry.terraform.io/hashicorp/aws\"]",
      "instances": [
        {
          "schema_version": 0,
          "attributes": {
            "arn": "arn:aws:logs:us-east-1:845524701534:log-group:/aws/lambda/translate_tool",
            "id": "/aws/lambda/translate_tool",
            "kms_key_id": "",
            "log_group_class": "STANDARD",
            "name": "/aws/lambda/translate_tool",
            "name_prefix": "",
            "retention_in_days": 14,
            "skip_destroy": false,
            "tags": {},
            "tags_all": {}
          },
          "sensitive_attributes": [],
          "private": "bnVsbA=="
        }
      ]
    },
    {
      "mode": "managed",
      "type": "aws_dynamodb_table",
      "name": "rag_meta_chs_table",
      "provider": "provider[\"registry.terraform.io/hashicorp/aws\"]",
      "instances": [
        {
          "schema_version": 1,
          "attributes": {
            "arn": "arn:aws:dynamodb:us-east-1:845524701534:table/rag_translate_chs_table",
            "attribute": [
              {
                "name": "term",
                "type": "S"
              }
            ],
            "billing_mode": "PAY_PER_REQUEST",
            "deletion_protection_enabled": false,
            "global_secondary_index": [],
            "hash_key": "term",
            "id": "rag_translate_chs_table",
            "import_table": [],
            "local_secondary_index": [],
            "name": "rag_translate_chs_table",
            "point_in_time_recovery": [
              {
                "enabled": false
              }
            ],
            "range_key": null,
            "read_capacity": 0,
            "replica": [],
            "restore_date_time": null,
            "restore_source_name": null,
            "restore_to_latest_time": null,
            "server_side_encryption": [],
            "stream_arn": "",
            "stream_enabled": false,
            "stream_label": "",
            "stream_view_type": "",
            "table_class": "STANDARD",
            "tags": {},
            "tags_all": {},
            "timeouts": null,
            "ttl": [
              {
                "attribute_name": "",
                "enabled": false
              }
            ],
            "write_capacity": 0
          },
          "sensitive_attributes": [],
          "private": "eyJlMmJmYjczMC1lY2FhLTExZTYtOGY4OC0zNDM2M2JjN2M0YzAiOnsiY3JlYXRlIjoxODAwMDAwMDAwMDAwLCJkZWxldGUiOjYwMDAwMDAwMDAwMCwidXBkYXRlIjozNjAwMDAwMDAwMDAwfSwic2NoZW1hX3ZlcnNpb24iOiIxIn0="
        }
      ]
    },
    {
      "mode": "managed",
      "type": "aws_dynamodb_table",
      "name": "rag_meta_en_table",
      "provider": "provider[\"registry.terraform.io/hashicorp/aws\"]",
      "instances": [
        {
          "schema_version": 1,
          "attributes": {
            "arn": "arn:aws:dynamodb:us-east-1:845524701534:table/rag_translate_en_table",
            "attribute": [
              {
                "name": "term",
                "type": "S"
              }
            ],
            "billing_mode": "PAY_PER_REQUEST",
            "deletion_protection_enabled": false,
            "global_secondary_index": [],
            "hash_key": "term",
            "id": "rag_translate_en_table",
            "import_table": [],
            "local_secondary_index": [],
            "name": "rag_translate_en_table",
            "point_in_time_recovery": [
              {
                "enabled": false
              }
            ],
            "range_key": null,
            "read_capacity": 0,
            "replica": [],
            "restore_date_time": null,
            "restore_source_name": null,
            "restore_to_latest_time": null,
            "server_side_encryption": [],
            "stream_arn": "",
            "stream_enabled": false,
            "stream_label": "",
            "stream_view_type": "",
            "table_class": "STANDARD",
            "tags": {},
            "tags_all": {},
            "timeouts": null,
            "ttl": [
              {
                "attribute_name": "",
                "enabled": false
              }
            ],
            "write_capacity": 0
          },
          "sensitive_attributes": [],
          "private": "eyJlMmJmYjczMC1lY2FhLTExZTYtOGY4OC0zNDM2M2JjN2M0YzAiOnsiY3JlYXRlIjoxODAwMDAwMDAwMDAwLCJkZWxldGUiOjYwMDAwMDAwMDAwMCwidXBkYXRlIjozNjAwMDAwMDAwMDAwfSwic2NoZW1hX3ZlcnNpb24iOiIxIn0="
        }
      ]
    },
    {
      "mode": "managed",
      "type": "aws_glue_connection",
      "name": "glue_job_conn",
      "provider": "provider[\"registry.terraform.io/hashicorp/aws\"]",
      "instances": [
        {
          "schema_version": 0,
          "attributes": {
            "arn": "arn:aws:glue:us-east-1:845524701534:connection/glue-job-connection",
            "catalog_id": "845524701534",
            "connection_properties": {},
            "connection_type": "NETWORK",
            "description": "",
            "id": "845524701534:glue-job-connection",
            "match_criteria": [],
            "name": "glue-job-connection",
            "physical_connection_requirements": [
              {
                "availability_zone": "us-east-1",
                "security_group_id_list": [
                  "sg-09a747fc4d84ca6ff"
                ],
                "subnet_id": "subnet-041a3e85013396830"
              }
            ],
            "tags": {},
            "tags_all": {}
          },
          "sensitive_attributes": [
            [
              {
                "type": "get_attr",
                "value": "connection_properties"
              }
            ]
          ],
          "private": "bnVsbA=="
        }
      ]
    },
    {
      "mode": "managed",
      "type": "aws_glue_job",
      "name": "ingest_ddb_job",
      "provider": "provider[\"registry.terraform.io/hashicorp/aws\"]",
      "instances": [
        {
          "schema_version": 0,
          "attributes": {
            "arn": "arn:aws:glue:us-east-1:845524701534:job/ingest_knowledge2ddb",
            "command": [
              {
                "name": "pythonshell",
                "python_version": "3.9",
                "runtime": "",
                "script_location": "s3://docupload-845524701534-musical-sheep/ddb_write_job.py"
              }
            ],
            "connections": [
              "glue-job-connection"
            ],
            "default_arguments": {
              "--REGION": "us-east-1",
              "--additional-python-modules": "boto3\u003e=1.28.52,botocore\u003e=1.31.52",
              "--bucket": "docupload-845524701534-musical-sheep",
              "--continuous-log-logGroup": "glue_python_job",
              "--dynamodb_table_name": "rag-translate-table",
              "--enable-continuous-cloudwatch-log": "true",
              "--enable-continuous-log-filter": "true",
              "--object_key": "kb/multilingual_terminology.json"
            },
            "description": "",
            "execution_class": "",
            "execution_property": [
              {
                "max_concurrent_runs": 1
              }
            ],
            "glue_version": "1.0",
            "id": "ingest_knowledge2ddb",
            "maintenance_window": "",
            "max_capacity": 1,
            "max_retries": 0,
            "name": "ingest_knowledge2ddb",
            "non_overridable_arguments": {},
            "notification_property": [],
            "number_of_workers": 0,
            "role_arn": "arn:aws:iam::845524701534:role/glue_job_role",
            "security_configuration": "",
            "tags": {},
            "tags_all": {},
            "timeout": 2880,
            "worker_type": ""
          },
          "sensitive_attributes": [],
          "private": "bnVsbA==",
          "dependencies": [
            "aws_cloudwatch_log_group.glue_python_job",
            "aws_glue_connection.glue_job_conn",
            "aws_iam_role.glue_job_role",
            "aws_s3_bucket.doc_upload_bucket",
            "aws_s3_bucket_object.ddb_write_script",
            "data.aws_caller_identity.this",
            "random_pet.this"
          ]
        }
      ]
    },
    {
      "mode": "managed",
      "type": "aws_iam_policy",
      "name": "glue_job_policy",
      "provider": "provider[\"registry.terraform.io/hashicorp/aws\"]",
      "instances": [
        {
          "schema_version": 0,
          "attributes": {
            "arn": "arn:aws:iam::845524701534:policy/glue_job_policy",
            "attachment_count": 1,
            "description": "Policy for Glue jobs",
            "id": "arn:aws:iam::845524701534:policy/glue_job_policy",
            "name": "glue_job_policy",
            "name_prefix": "",
            "path": "/",
            "policy": "{\"Statement\":[{\"Action\":[\"s3:List*\",\"s3:Get*\",\"s3:Put*\",\"dynamodb:*\",\"glue:*\",\"ec2:*\"],\"Effect\":\"Allow\",\"Resource\":\"*\"}],\"Version\":\"2012-10-17\"}",
            "policy_id": "ANPA4JXJTCFPA53Z6J3VY",
            "tags": {},
            "tags_all": {}
          },
          "sensitive_attributes": [],
          "private": "bnVsbA=="
        }
      ]
    },
    {
      "mode": "managed",
      "type": "aws_iam_role",
      "name": "glue_job_role",
      "provider": "provider[\"registry.terraform.io/hashicorp/aws\"]",
      "instances": [
        {
          "schema_version": 0,
          "attributes": {
            "arn": "arn:aws:iam::845524701534:role/glue_job_role",
            "assume_role_policy": "{\"Statement\":[{\"Action\":\"sts:AssumeRole\",\"Effect\":\"Allow\",\"Principal\":{\"Service\":\"glue.amazonaws.com\"},\"Sid\":\"\"}],\"Version\":\"2012-10-17\"}",
            "create_date": "2024-06-27T12:54:27Z",
            "description": "",
            "force_detach_policies": false,
            "id": "glue_job_role",
            "inline_policy": [],
            "managed_policy_arns": [
              "arn:aws:iam::845524701534:policy/glue_job_policy"
            ],
            "max_session_duration": 3600,
            "name": "glue_job_role",
            "name_prefix": "",
            "path": "/",
            "permissions_boundary": "",
            "tags": {},
            "tags_all": {},
            "unique_id": "AROA4JXJTCFPPSTP6GO62"
          },
          "sensitive_attributes": [],
          "private": "bnVsbA=="
        }
      ]
    },
    {
      "mode": "managed",
      "type": "aws_iam_role",
      "name": "iam_for_lambda",
      "provider": "provider[\"registry.terraform.io/hashicorp/aws\"]",
      "instances": [
        {
          "schema_version": 0,
          "attributes": {
            "arn": "arn:aws:iam::845524701534:role/iam_for_lambda",
            "assume_role_policy": "{\"Statement\":[{\"Action\":\"sts:AssumeRole\",\"Effect\":\"Allow\",\"Principal\":{\"Service\":\"lambda.amazonaws.com\"}}],\"Version\":\"2012-10-17\"}",
            "create_date": "2024-06-27T12:54:27Z",
            "description": "",
            "force_detach_policies": false,
            "id": "iam_for_lambda",
            "inline_policy": [
              {
                "name": "online_processor_policy",
                "policy": "{\"Version\":\"2012-10-17\",\"Statement\":[{\"Action\":[\"s3:Put*\",\"s3:List*\",\"s3:Get*\",\"ec2:DescribeNetworkInterfaces\",\"ec2:DeleteNetworkInterface\",\"ec2:CreateNetworkInterface\",\"bedrock:*\"],\"Effect\":\"Allow\",\"Resource\":\"*\"},{\"Action\":[\"s3:PutObject\",\"s3:GetObject\",\"s3:DeleteObject\"],\"Effect\":\"Allow\",\"Resource\":\"arn:aws:s3:::docupload-845524701534-musical-sheep/*\"},{\"Action\":[\"logs:PutLogEvents\",\"logs:CreateLogStream\",\"logs:CreateLogGroup\"],\"Effect\":\"Allow\",\"Resource\":\"arn:aws:logs:*:*:*\"}]}"
              }
            ],
            "managed_policy_arns": [],
            "max_session_duration": 3600,
            "name": "iam_for_lambda",
            "name_prefix": "",
            "path": "/",
            "permissions_boundary": "",
            "tags": {},
            "tags_all": {},
            "unique_id": "AROA4JXJTCFPANJN4GEW6"
          },
          "sensitive_attributes": [],
          "private": "bnVsbA==",
          "dependencies": [
            "data.aws_iam_policy_document.assume_role"
          ]
        }
      ]
    },
    {
      "mode": "managed",
      "type": "aws_iam_role_policy",
      "name": "online_processor_policy",
      "provider": "provider[\"registry.terraform.io/hashicorp/aws\"]",
      "instances": [
        {
          "schema_version": 0,
          "attributes": {
            "id": "iam_for_lambda:online_processor_policy",
            "name": "online_processor_policy",
            "name_prefix": "",
            "policy": "{\"Version\":\"2012-10-17\",\"Statement\":[{\"Action\":[\"s3:Put*\",\"s3:List*\",\"s3:Get*\",\"ec2:DescribeNetworkInterfaces\",\"ec2:DeleteNetworkInterface\",\"ec2:CreateNetworkInterface\",\"bedrock:*\"],\"Effect\":\"Allow\",\"Resource\":\"*\"},{\"Action\":[\"s3:PutObject\",\"s3:GetObject\",\"s3:DeleteObject\"],\"Effect\":\"Allow\",\"Resource\":\"arn:aws:s3:::docupload-845524701534-musical-sheep/*\"},{\"Action\":[\"logs:PutLogEvents\",\"logs:CreateLogStream\",\"logs:CreateLogGroup\"],\"Effect\":\"Allow\",\"Resource\":\"arn:aws:logs:*:*:*\"}]}",
            "role": "iam_for_lambda"
          },
          "sensitive_attributes": [],
          "private": "bnVsbA==",
          "dependencies": [
            "aws_s3_bucket.doc_upload_bucket",
            "data.aws_caller_identity.this",
            "data.aws_iam_policy_document.online_processor_policy_doc",
            "random_pet.this"
          ]
        }
      ]
    },
    {
      "mode": "managed",
      "type": "aws_iam_role_policy_attachment",
      "name": "glue_job_policy_attach",
      "provider": "provider[\"registry.terraform.io/hashicorp/aws\"]",
      "instances": [
        {
          "schema_version": 0,
          "attributes": {
            "id": "glue_job_role-20240627125428947300000001",
            "policy_arn": "arn:aws:iam::845524701534:policy/glue_job_policy",
            "role": "glue_job_role"
          },
          "sensitive_attributes": [],
          "private": "bnVsbA==",
          "dependencies": [
            "aws_iam_policy.glue_job_policy",
            "aws_iam_role.glue_job_role"
          ]
        }
      ]
    },
    {
      "mode": "managed",
      "type": "aws_lambda_function",
      "name": "online_processor",
      "provider": "provider[\"registry.terraform.io/hashicorp/aws\"]",
      "instances": [
        {
          "schema_version": 0,
          "attributes": {
            "architectures": [
              "x86_64"
            ],
            "arn": "arn:aws:lambda:us-east-1:845524701534:function:translate_tool",
            "code_sha256": "9d6e119b6829385ecb2f017e174ce25a1201a7076b22cd7cb1de6d9fd94ca49a",
            "code_signing_config_arn": "",
            "dead_letter_config": [],
            "description": "",
            "environment": [
              {
                "variables": {
                  "user_dict_bucket": "docupload-845524701534-musical-sheep",
                  "user_dict_path": "user_dict/user_dict.txt"
                }
              }
            ],
            "ephemeral_storage": [
              {
                "size": 512
              }
            ],
            "file_system_config": [],
            "filename": null,
            "function_name": "translate_tool",
            "handler": "",
            "id": "translate_tool",
            "image_config": [],
            "image_uri": "845524701534.dkr.ecr.us-east-1.amazonaws.com/musical-sheep@sha256:9d6e119b6829385ecb2f017e174ce25a1201a7076b22cd7cb1de6d9fd94ca49a",
            "invoke_arn": "arn:aws:apigateway:us-east-1:lambda:path/2015-03-31/functions/arn:aws:lambda:us-east-1:845524701534:function:translate_tool/invocations",
            "kms_key_arn": "",
            "last_modified": "2024-07-06T16:34:35.000+0000",
            "layers": [],
            "logging_config": [
              {
                "application_log_level": "",
                "log_format": "Text",
                "log_group": "/aws/lambda/translate_tool",
                "system_log_level": ""
              }
            ],
            "memory_size": 1024,
            "package_type": "Image",
            "publish": false,
            "qualified_arn": "arn:aws:lambda:us-east-1:845524701534:function:translate_tool:$LATEST",
            "qualified_invoke_arn": "arn:aws:apigateway:us-east-1:lambda:path/2015-03-31/functions/arn:aws:lambda:us-east-1:845524701534:function:translate_tool:$LATEST/invocations",
            "replace_security_groups_on_destroy": null,
            "replacement_security_group_ids": null,
            "reserved_concurrent_executions": -1,
            "role": "arn:aws:iam::845524701534:role/iam_for_lambda",
            "runtime": "",
            "s3_bucket": null,
            "s3_key": null,
            "s3_object_version": null,
            "signing_job_arn": "",
            "signing_profile_version_arn": "",
            "skip_destroy": false,
            "snap_start": [],
            "source_code_hash": "",
            "source_code_size": 0,
            "tags": {},
            "tags_all": {},
            "timeout": 900,
            "timeouts": null,
            "tracing_config": [
              {
                "mode": "PassThrough"
              }
            ],
            "version": "$LATEST",
            "vpc_config": [
              {
                "ipv6_allowed_for_dual_stack": false,
                "security_group_ids": [
                  "sg-09a747fc4d84ca6ff"
                ],
                "subnet_ids": [
                  "subnet-041a3e85013396830",
                  "subnet-0eaba87d1758b13c7"
                ],
                "vpc_id": "vpc-08c27a6f28c385fd6"
              }
            ]
          },
          "sensitive_attributes": [],
          "private": "eyJlMmJmYjczMC1lY2FhLTExZTYtOGY4OC0zNDM2M2JjN2M0YzAiOnsiY3JlYXRlIjo2MDAwMDAwMDAwMDAsImRlbGV0ZSI6NjAwMDAwMDAwMDAwLCJ1cGRhdGUiOjYwMDAwMDAwMDAwMH19",
          "dependencies": [
            "aws_cloudwatch_log_group.online_processor",
            "aws_iam_role.iam_for_lambda",
            "aws_s3_bucket.doc_upload_bucket",
            "data.aws_caller_identity.this",
            "data.aws_ecr_authorization_token.token",
            "data.aws_iam_policy_document.assume_role",
            "data.aws_region.current",
            "module.docker_build.aws_ecr_repository.this",
            "module.docker_build.data.aws_caller_identity.this",
            "module.docker_build.data.aws_region.current",
            "module.docker_build.docker_image.this",
            "module.docker_build.docker_registry_image.this",
            "random_pet.this"
          ]
        }
      ]
    },
    {
      "mode": "managed",
      "type": "aws_s3_bucket",
      "name": "doc_upload_bucket",
      "provider": "provider[\"registry.terraform.io/hashicorp/aws\"]",
      "instances": [
        {
          "schema_version": 0,
          "attributes": {
            "acceleration_status": "",
            "acl": null,
            "arn": "arn:aws:s3:::docupload-845524701534-musical-sheep",
            "bucket": "docupload-845524701534-musical-sheep",
            "bucket_domain_name": "docupload-845524701534-musical-sheep.s3.amazonaws.com",
            "bucket_prefix": "",
            "bucket_regional_domain_name": "docupload-845524701534-musical-sheep.s3.us-east-1.amazonaws.com",
            "cors_rule": [
              {
                "allowed_headers": [
                  "*"
                ],
                "allowed_methods": [
                  "GET",
                  "POST",
                  "PUT"
                ],
                "allowed_origins": [
                  "*"
                ],
                "expose_headers": [],
                "max_age_seconds": 0
              }
            ],
            "force_destroy": true,
            "grant": [
              {
                "id": "1c82da473f0186857f04674689d65d66ca8c2b922feb79af08bc0ae1d598b39a",
                "permissions": [
                  "FULL_CONTROL"
                ],
                "type": "CanonicalUser",
                "uri": ""
              }
            ],
            "hosted_zone_id": "Z3AQBSTGFYJSTF",
            "id": "docupload-845524701534-musical-sheep",
            "lifecycle_rule": [],
            "logging": [],
            "object_lock_configuration": [],
            "object_lock_enabled": false,
            "policy": "",
            "region": "us-east-1",
            "replication_configuration": [],
            "request_payer": "BucketOwner",
            "server_side_encryption_configuration": [
              {
                "rule": [
                  {
                    "apply_server_side_encryption_by_default": [
                      {
                        "kms_master_key_id": "",
                        "sse_algorithm": "AES256"
                      }
                    ],
                    "bucket_key_enabled": false
                  }
                ]
              }
            ],
            "tags": {},
            "tags_all": {},
            "timeouts": null,
            "versioning": [
              {
                "enabled": false,
                "mfa_delete": false
              }
            ],
            "website": [],
            "website_domain": null,
            "website_endpoint": null
          },
          "sensitive_attributes": [],
          "private": "eyJlMmJmYjczMC1lY2FhLTExZTYtOGY4OC0zNDM2M2JjN2M0YzAiOnsiY3JlYXRlIjoxMjAwMDAwMDAwMDAwLCJkZWxldGUiOjM2MDAwMDAwMDAwMDAsInJlYWQiOjEyMDAwMDAwMDAwMDAsInVwZGF0ZSI6MTIwMDAwMDAwMDAwMH19",
          "dependencies": [
            "data.aws_caller_identity.this",
            "random_pet.this"
          ]
        }
      ]
    },
    {
      "mode": "managed",
      "type": "aws_s3_bucket_object",
      "name": "ddb_write_script",
      "provider": "provider[\"registry.terraform.io/hashicorp/aws\"]",
      "instances": [
        {
          "schema_version": 0,
          "attributes": {
            "acl": "private",
            "arn": "arn:aws:s3:::docupload-845524701534-musical-sheep/ddb_write_job.py",
            "bucket": "docupload-845524701534-musical-sheep",
            "bucket_key_enabled": false,
            "cache_control": "",
            "content": null,
            "content_base64": null,
            "content_disposition": "",
            "content_encoding": "",
            "content_language": "",
            "content_type": "application/octet-stream; charset=UTF-8",
            "etag": "ba21a26d57bcb1308b4d9408699f872d",
            "force_destroy": false,
            "id": "ddb_write_job.py",
            "key": "ddb_write_job.py",
            "kms_key_id": null,
            "metadata": {},
            "object_lock_legal_hold_status": "",
            "object_lock_mode": "",
            "object_lock_retain_until_date": "",
            "server_side_encryption": "AES256",
            "source": "./code/offline_process/ddb_write_job.py",
            "source_hash": null,
            "storage_class": "STANDARD",
            "tags": {},
            "tags_all": {},
            "version_id": "",
            "website_redirect": ""
          },
          "sensitive_attributes": [],
          "private": "bnVsbA==",
          "dependencies": [
            "aws_s3_bucket.doc_upload_bucket",
            "data.aws_caller_identity.this",
            "random_pet.this"
          ]
        }
      ]
    },
    {
      "mode": "managed",
      "type": "random_pet",
      "name": "this",
      "provider": "provider[\"registry.terraform.io/hashicorp/random\"]",
      "instances": [
        {
          "schema_version": 0,
          "attributes": {
            "id": "musical-sheep",
            "keepers": null,
            "length": 2,
            "prefix": null,
            "separator": "-"
          },
          "sensitive_attributes": []
        }
      ]
    },
    {
      "module": "module.docker_build",
      "mode": "data",
      "type": "aws_caller_identity",
      "name": "this",
      "provider": "provider[\"registry.terraform.io/hashicorp/aws\"]",
      "instances": [
        {
          "schema_version": 0,
          "attributes": {
            "account_id": "845524701534",
            "arn": "arn:aws:sts::845524701534:assumed-role/admin/oyanli-Isengard",
            "id": "845524701534",
            "user_id": "AROA4JXJTCFPOY4JRI553:oyanli-Isengard"
          },
          "sensitive_attributes": []
        }
      ]
    },
    {
      "module": "module.docker_build",
      "mode": "data",
      "type": "aws_region",
      "name": "current",
      "provider": "provider[\"registry.terraform.io/hashicorp/aws\"]",
      "instances": [
        {
          "schema_version": 0,
          "attributes": {
            "description": "US East (N. Virginia)",
            "endpoint": "ec2.us-east-1.amazonaws.com",
            "id": "us-east-1",
            "name": "us-east-1"
          },
          "sensitive_attributes": []
        }
      ]
    },
    {
      "module": "module.docker_build",
      "mode": "managed",
      "type": "aws_ecr_lifecycle_policy",
      "name": "this",
      "provider": "provider[\"registry.terraform.io/hashicorp/aws\"]",
      "instances": [
        {
          "index_key": 0,
          "schema_version": 0,
          "attributes": {
            "id": "musical-sheep",
            "policy": "{\"rules\":[{\"action\":{\"type\":\"expire\"},\"description\":\"Keep only the last 2 images\",\"rulePriority\":1,\"selection\":{\"countNumber\":2,\"countType\":\"imageCountMoreThan\",\"tagStatus\":\"any\"}}]}",
            "registry_id": "845524701534",
            "repository": "musical-sheep"
          },
          "sensitive_attributes": [],
          "private": "bnVsbA==",
          "dependencies": [
            "module.docker_build.aws_ecr_repository.this",
            "random_pet.this"
          ]
        }
      ]
    },
    {
      "module": "module.docker_build",
      "mode": "managed",
      "type": "aws_ecr_repository",
      "name": "this",
      "provider": "provider[\"registry.terraform.io/hashicorp/aws\"]",
      "instances": [
        {
          "index_key": 0,
          "schema_version": 0,
          "attributes": {
            "arn": "arn:aws:ecr:us-east-1:845524701534:repository/musical-sheep",
            "encryption_configuration": [
              {
                "encryption_type": "AES256",
                "kms_key": ""
              }
            ],
            "force_delete": true,
            "id": "musical-sheep",
            "image_scanning_configuration": [
              {
                "scan_on_push": false
              }
            ],
            "image_tag_mutability": "MUTABLE",
            "name": "musical-sheep",
            "registry_id": "845524701534",
            "repository_url": "845524701534.dkr.ecr.us-east-1.amazonaws.com/musical-sheep",
            "tags": {},
            "tags_all": {},
            "timeouts": null
          },
          "sensitive_attributes": [],
          "private": "eyJlMmJmYjczMC1lY2FhLTExZTYtOGY4OC0zNDM2M2JjN2M0YzAiOnsiZGVsZXRlIjoxMjAwMDAwMDAwMDAwfX0=",
          "dependencies": [
            "random_pet.this"
          ]
        }
      ]
    },
    {
      "module": "module.docker_build",
      "mode": "managed",
      "type": "docker_image",
      "name": "this",
      "provider": "provider[\"registry.terraform.io/kreuzwerker/docker\"]",
      "instances": [
        {
          "schema_version": 0,
          "attributes": {
            "build": [
              {
                "auth_config": [],
                "build_arg": {},
                "build_args": {
                  "FOO": "bar"
                },
                "build_id": "",
                "cache_from": [],
                "cgroup_parent": "",
                "context": "code/online_process",
                "cpu_period": 0,
                "cpu_quota": 0,
                "cpu_set_cpus": "",
                "cpu_set_mems": "",
                "cpu_shares": 0,
                "dockerfile": "Dockerfile",
                "extra_hosts": [],
                "force_remove": false,
                "isolation": "",
                "label": {},
                "labels": {},
                "memory": 0,
                "memory_swap": 0,
                "network_mode": "",
                "no_cache": false,
                "platform": "linux/amd64",
                "pull_parent": false,
                "remote_context": "",
                "remove": true,
                "security_opt": [],
                "session_id": "",
                "shm_size": 0,
                "squash": false,
                "suppress_output": false,
                "tag": [],
                "target": "",
                "ulimit": [],
                "version": ""
              }
            ],
            "force_remove": false,
            "id": "sha256:d607af350a441889074633840f6f4d7dc5af0144705ef47b75d114261d932ccc845524701534.dkr.ecr.us-east-1.amazonaws.com/musical-sheep",
            "image_id": "sha256:d607af350a441889074633840f6f4d7dc5af0144705ef47b75d114261d932ccc",
            "keep_locally": false,
            "name": "845524701534.dkr.ecr.us-east-1.amazonaws.com/musical-sheep",
            "platform": null,
            "pull_triggers": null,
            "repo_digest": "845524701534.dkr.ecr.us-east-1.amazonaws.com/musical-sheep@sha256:9d6e119b6829385ecb2f017e174ce25a1201a7076b22cd7cb1de6d9fd94ca49a",
            "triggers": {
              "dir_sha": "9ca27496a797472b3eaab3d5331bd36e7bb58e46"
            }
          },
          "sensitive_attributes": [],
          "private": "bnVsbA==",
          "dependencies": [
            "data.aws_caller_identity.this",
            "data.aws_ecr_authorization_token.token",
            "data.aws_region.current",
            "module.docker_build.aws_ecr_repository.this",
            "module.docker_build.data.aws_caller_identity.this",
            "module.docker_build.data.aws_region.current",
            "random_pet.this"
          ]
        }
      ]
    },
    {
      "module": "module.docker_build",
      "mode": "managed",
      "type": "docker_registry_image",
      "name": "this",
      "provider": "provider[\"registry.terraform.io/kreuzwerker/docker\"]",
      "instances": [
        {
          "schema_version": 0,
          "attributes": {
            "id": "sha256:9d6e119b6829385ecb2f017e174ce25a1201a7076b22cd7cb1de6d9fd94ca49a",
            "insecure_skip_verify": false,
            "keep_remotely": false,
            "name": "845524701534.dkr.ecr.us-east-1.amazonaws.com/musical-sheep",
            "sha256_digest": "sha256:9d6e119b6829385ecb2f017e174ce25a1201a7076b22cd7cb1de6d9fd94ca49a",
            "triggers": {
              "dir_sha": "9ca27496a797472b3eaab3d5331bd36e7bb58e46"
            }
          },
          "sensitive_attributes": [],
          "private": "bnVsbA==",
          "dependencies": [
            "data.aws_caller_identity.this",
            "data.aws_ecr_authorization_token.token",
            "data.aws_region.current",
            "module.docker_build.aws_ecr_repository.this",
            "module.docker_build.data.aws_caller_identity.this",
            "module.docker_build.data.aws_region.current",
            "module.docker_build.docker_image.this",
            "random_pet.this"
          ]
        }
      ]
    }
  ],
  "check_results": null
}
